// !$*UTF8*$!
{
	archiveVersion = 1;
	classes = {
	};
	objectVersion = 55;
	objects = {

/* Begin PBXBuildFile section */
		170A04D7299E93AA00BA2BF1 /* FeedCacheTestHelpers.swift in Sources */ = {isa = PBXBuildFile; fileRef = 170A04D6299E93AA00BA2BF1 /* FeedCacheTestHelpers.swift */; };
		170A04D9299E945700BA2BF1 /* SharedTestHelpers.swift in Sources */ = {isa = PBXBuildFile; fileRef = 170A04D8299E945700BA2BF1 /* SharedTestHelpers.swift */; };
		170A04DB299E955D00BA2BF1 /* ValidateFeedCacheUseCaseTests.swift in Sources */ = {isa = PBXBuildFile; fileRef = 170A04DA299E955D00BA2BF1 /* ValidateFeedCacheUseCaseTests.swift */; };
		170A04DD299E9A9300BA2BF1 /* FeedCachePolicy.swift in Sources */ = {isa = PBXBuildFile; fileRef = 170A04DC299E9A9300BA2BF1 /* FeedCachePolicy.swift */; };
		1740802629880B4300495430 /* LoadFeedFromCacheUseCaseTests.swift in Sources */ = {isa = PBXBuildFile; fileRef = 1740802529880B4300495430 /* LoadFeedFromCacheUseCaseTests.swift */; };
		1740802929880CE600495430 /* FeedStoreSpy.swift in Sources */ = {isa = PBXBuildFile; fileRef = 1740802829880CE600495430 /* FeedStoreSpy.swift */; };
		1741459429A973F200C53533 /* FeedStoreSpec.swift in Sources */ = {isa = PBXBuildFile; fileRef = 1741459329A973F200C53533 /* FeedStoreSpec.swift */; };
		1741459629A9749800C53533 /* XCTestCase+FeedStoreSpecs.swift in Sources */ = {isa = PBXBuildFile; fileRef = 1741459529A9749800C53533 /* XCTestCase+FeedStoreSpecs.swift */; };
		1741459829B503B700C53533 /* XCTestCase+FailableRetrieveFeedStoreSpecs.swift in Sources */ = {isa = PBXBuildFile; fileRef = 1741459729B503B700C53533 /* XCTestCase+FailableRetrieveFeedStoreSpecs.swift */; };
		1741459C29B5045000C53533 /* XCTestCase+FailableInsertFeedStoreSpecs.swift in Sources */ = {isa = PBXBuildFile; fileRef = 1741459B29B5045000C53533 /* XCTestCase+FailableInsertFeedStoreSpecs.swift */; };
		1741459E29B504CF00C53533 /* XCTestCase+FailableDeleteFeedStoreSpecs.swift in Sources */ = {isa = PBXBuildFile; fileRef = 1741459D29B504CF00C53533 /* XCTestCase+FailableDeleteFeedStoreSpecs.swift */; };
		174145AA29B50CDB00C53533 /* CoreDataFeedStoreTests.swift in Sources */ = {isa = PBXBuildFile; fileRef = 174145A929B50CDB00C53533 /* CoreDataFeedStoreTests.swift */; };
		174145AC29B50D2D00C53533 /* CoreDataFeedStore.swift in Sources */ = {isa = PBXBuildFile; fileRef = 174145AB29B50D2D00C53533 /* CoreDataFeedStore.swift */; };
		174145AD29B5132600C53533 /* FeedStore.xcdatamodeld in Sources */ = {isa = PBXBuildFile; fileRef = 174145A729B508CC00C53533 /* FeedStore.xcdatamodeld */; };
		174D459F289977A3001AAC96 /* RemoteFeedLoader.swift in Sources */ = {isa = PBXBuildFile; fileRef = 174D459E289977A3001AAC96 /* RemoteFeedLoader.swift */; };
		174D45EC289D6A9C001AAC96 /* HTTPClient.swift in Sources */ = {isa = PBXBuildFile; fileRef = 174D45EB289D6A9C001AAC96 /* HTTPClient.swift */; };
		174D45EE289D6AD7001AAC96 /* FeedItemMapper.swift in Sources */ = {isa = PBXBuildFile; fileRef = 174D45ED289D6AD7001AAC96 /* FeedItemMapper.swift */; };
		174D45F1289D888C001AAC96 /* URLSessionHTTPClientTests.swift in Sources */ = {isa = PBXBuildFile; fileRef = 174D45F0289D888C001AAC96 /* URLSessionHTTPClientTests.swift */; };
		1755E61428A40D4900164552 /* XCTestCase+MemoryLeakTracking.swift in Sources */ = {isa = PBXBuildFile; fileRef = 1755E61328A40D4900164552 /* XCTestCase+MemoryLeakTracking.swift */; };
		175DFE9A2891B459006E4CB5 /* AppDelegate.swift in Sources */ = {isa = PBXBuildFile; fileRef = 175DFE992891B459006E4CB5 /* AppDelegate.swift */; };
		175DFE9C2891B459006E4CB5 /* ViewController.swift in Sources */ = {isa = PBXBuildFile; fileRef = 175DFE9B2891B459006E4CB5 /* ViewController.swift */; };
		175DFE9E2891B459006E4CB5 /* Assets.xcassets in Resources */ = {isa = PBXBuildFile; fileRef = 175DFE9D2891B459006E4CB5 /* Assets.xcassets */; };
		175DFEA12891B459006E4CB5 /* Main.storyboard in Resources */ = {isa = PBXBuildFile; fileRef = 175DFE9F2891B459006E4CB5 /* Main.storyboard */; };
		175DFEC52891B47E006E4CB5 /* FeedImage.swift in Sources */ = {isa = PBXBuildFile; fileRef = 175DFEC42891B47E006E4CB5 /* FeedImage.swift */; };
		175DFEC72891B517006E4CB5 /* FeedLoader.swift in Sources */ = {isa = PBXBuildFile; fileRef = 175DFEC62891B517006E4CB5 /* FeedLoader.swift */; };
		175DFED928995F15006E4CB5 /* FeedAPIUseCaseTests.swift in Sources */ = {isa = PBXBuildFile; fileRef = 175DFED828995F15006E4CB5 /* FeedAPIUseCaseTests.swift */; };
		177CDEC92970AFFA00D74391 /* URLSessionHTTPClient.swift in Sources */ = {isa = PBXBuildFile; fileRef = 177CDEC82970AFFA00D74391 /* URLSessionHTTPClient.swift */; };
		177CDED12970B2CA00D74391 /* FeedAppAPIEndToEndTests.swift in Sources */ = {isa = PBXBuildFile; fileRef = 177CDED02970B2CA00D74391 /* FeedAppAPIEndToEndTests.swift */; };
		177CDEDA2971B60A00D74391 /* XCTestCase+MemoryLeakTracking.swift in Sources */ = {isa = PBXBuildFile; fileRef = 1755E61328A40D4900164552 /* XCTestCase+MemoryLeakTracking.swift */; };
		1780E70929B6A74700861CD4 /* CoreDataHelpers.swift in Sources */ = {isa = PBXBuildFile; fileRef = 1780E70829B6A74700861CD4 /* CoreDataHelpers.swift */; };
		1780E70E29B6A81700861CD4 /* ManagedCache.swift in Sources */ = {isa = PBXBuildFile; fileRef = 1780E70D29B6A81700861CD4 /* ManagedCache.swift */; };
		1780E71029B6A84700861CD4 /* ManagedFeedImage.swift in Sources */ = {isa = PBXBuildFile; fileRef = 1780E70F29B6A84700861CD4 /* ManagedFeedImage.swift */; };
		1780E71829B6AAD200861CD4 /* FeedAppCacheIntegrationTests.swift in Sources */ = {isa = PBXBuildFile; fileRef = 1780E71729B6AAD200861CD4 /* FeedAppCacheIntegrationTests.swift */; };
		1780E71E29B6B19100861CD4 /* XCTestCase+MemoryLeakTracking.swift in Sources */ = {isa = PBXBuildFile; fileRef = 1755E61328A40D4900164552 /* XCTestCase+MemoryLeakTracking.swift */; };
		1780E71F29B6B2BC00861CD4 /* SharedTestHelpers.swift in Sources */ = {isa = PBXBuildFile; fileRef = 170A04D8299E945700BA2BF1 /* SharedTestHelpers.swift */; };
		1780E72029B6B2C600861CD4 /* FeedCacheTestHelpers.swift in Sources */ = {isa = PBXBuildFile; fileRef = 170A04D6299E93AA00BA2BF1 /* FeedCacheTestHelpers.swift */; };
		1780E74F29B8F2DF00861CD4 /* FeedAppiOS.framework in Frameworks */ = {isa = PBXBuildFile; fileRef = 1780E74729B8F2DF00861CD4 /* FeedAppiOS.framework */; };
		1780E75F29B8F4B400861CD4 /* FeedViewControllerTests.swift in Sources */ = {isa = PBXBuildFile; fileRef = 1780E75E29B8F4B400861CD4 /* FeedViewControllerTests.swift */; };
		17DC36042981D5B1007720EB /* CacheFeedUseCaseTests.swift in Sources */ = {isa = PBXBuildFile; fileRef = 17DC36032981D5B1007720EB /* CacheFeedUseCaseTests.swift */; };
		17DC363B29842128007720EB /* FeedStore.swift in Sources */ = {isa = PBXBuildFile; fileRef = 17DC363A29842128007720EB /* FeedStore.swift */; };
		17DC363D29842170007720EB /* LocalFeedLoader.swift in Sources */ = {isa = PBXBuildFile; fileRef = 17DC363C29842170007720EB /* LocalFeedLoader.swift */; };
		17DC363F29842A1D007720EB /* RemoteFeedItem.swift in Sources */ = {isa = PBXBuildFile; fileRef = 17DC363E29842A1D007720EB /* RemoteFeedItem.swift */; };
		17DC364129842A5B007720EB /* LocalFeedImage.swift in Sources */ = {isa = PBXBuildFile; fileRef = 17DC364029842A5B007720EB /* LocalFeedImage.swift */; };
/* End PBXBuildFile section */

/* Begin PBXContainerItemProxy section */
		175DFEA82891B459006E4CB5 /* PBXContainerItemProxy */ = {
			isa = PBXContainerItemProxy;
			containerPortal = 175DFE8E2891B459006E4CB5 /* Project object */;
			proxyType = 1;
			remoteGlobalIDString = 175DFE952891B459006E4CB5;
			remoteInfo = FeedApp;
		};
		177CDED22970B2CA00D74391 /* PBXContainerItemProxy */ = {
			isa = PBXContainerItemProxy;
			containerPortal = 175DFE8E2891B459006E4CB5 /* Project object */;
			proxyType = 1;
			remoteGlobalIDString = 175DFE952891B459006E4CB5;
			remoteInfo = FeedApp;
		};
		1780E71929B6AAD200861CD4 /* PBXContainerItemProxy */ = {
			isa = PBXContainerItemProxy;
			containerPortal = 175DFE8E2891B459006E4CB5 /* Project object */;
			proxyType = 1;
			remoteGlobalIDString = 175DFE952891B459006E4CB5;
			remoteInfo = FeedApp;
		};
		1780E75029B8F2DF00861CD4 /* PBXContainerItemProxy */ = {
			isa = PBXContainerItemProxy;
			containerPortal = 175DFE8E2891B459006E4CB5 /* Project object */;
			proxyType = 1;
			remoteGlobalIDString = 1780E74629B8F2DF00861CD4;
			remoteInfo = FeedAppiOS;
		};
/* End PBXContainerItemProxy section */

/* Begin PBXFileReference section */
		170A04D6299E93AA00BA2BF1 /* FeedCacheTestHelpers.swift */ = {isa = PBXFileReference; lastKnownFileType = sourcecode.swift; path = FeedCacheTestHelpers.swift; sourceTree = "<group>"; };
		170A04D8299E945700BA2BF1 /* SharedTestHelpers.swift */ = {isa = PBXFileReference; lastKnownFileType = sourcecode.swift; path = SharedTestHelpers.swift; sourceTree = "<group>"; };
		170A04DA299E955D00BA2BF1 /* ValidateFeedCacheUseCaseTests.swift */ = {isa = PBXFileReference; lastKnownFileType = sourcecode.swift; path = ValidateFeedCacheUseCaseTests.swift; sourceTree = "<group>"; };
		170A04DC299E9A9300BA2BF1 /* FeedCachePolicy.swift */ = {isa = PBXFileReference; lastKnownFileType = sourcecode.swift; path = FeedCachePolicy.swift; sourceTree = "<group>"; };
		1740802529880B4300495430 /* LoadFeedFromCacheUseCaseTests.swift */ = {isa = PBXFileReference; lastKnownFileType = sourcecode.swift; path = LoadFeedFromCacheUseCaseTests.swift; sourceTree = "<group>"; };
		1740802829880CE600495430 /* FeedStoreSpy.swift */ = {isa = PBXFileReference; lastKnownFileType = sourcecode.swift; path = FeedStoreSpy.swift; sourceTree = "<group>"; };
		1741459329A973F200C53533 /* FeedStoreSpec.swift */ = {isa = PBXFileReference; lastKnownFileType = sourcecode.swift; path = FeedStoreSpec.swift; sourceTree = "<group>"; };
		1741459529A9749800C53533 /* XCTestCase+FeedStoreSpecs.swift */ = {isa = PBXFileReference; lastKnownFileType = sourcecode.swift; path = "XCTestCase+FeedStoreSpecs.swift"; sourceTree = "<group>"; };
		1741459729B503B700C53533 /* XCTestCase+FailableRetrieveFeedStoreSpecs.swift */ = {isa = PBXFileReference; lastKnownFileType = sourcecode.swift; path = "XCTestCase+FailableRetrieveFeedStoreSpecs.swift"; sourceTree = "<group>"; };
		1741459B29B5045000C53533 /* XCTestCase+FailableInsertFeedStoreSpecs.swift */ = {isa = PBXFileReference; lastKnownFileType = sourcecode.swift; path = "XCTestCase+FailableInsertFeedStoreSpecs.swift"; sourceTree = "<group>"; };
		1741459D29B504CF00C53533 /* XCTestCase+FailableDeleteFeedStoreSpecs.swift */ = {isa = PBXFileReference; lastKnownFileType = sourcecode.swift; path = "XCTestCase+FailableDeleteFeedStoreSpecs.swift"; sourceTree = "<group>"; };
		174145A829B508CC00C53533 /* FeedStore.xcdatamodel */ = {isa = PBXFileReference; lastKnownFileType = wrapper.xcdatamodel; path = FeedStore.xcdatamodel; sourceTree = "<group>"; };
		174145A929B50CDB00C53533 /* CoreDataFeedStoreTests.swift */ = {isa = PBXFileReference; lastKnownFileType = sourcecode.swift; path = CoreDataFeedStoreTests.swift; sourceTree = "<group>"; };
		174145AB29B50D2D00C53533 /* CoreDataFeedStore.swift */ = {isa = PBXFileReference; lastKnownFileType = sourcecode.swift; path = CoreDataFeedStore.swift; sourceTree = "<group>"; };
		174D459E289977A3001AAC96 /* RemoteFeedLoader.swift */ = {isa = PBXFileReference; lastKnownFileType = sourcecode.swift; path = RemoteFeedLoader.swift; sourceTree = "<group>"; };
		174D45EB289D6A9C001AAC96 /* HTTPClient.swift */ = {isa = PBXFileReference; lastKnownFileType = sourcecode.swift; path = HTTPClient.swift; sourceTree = "<group>"; };
		174D45ED289D6AD7001AAC96 /* FeedItemMapper.swift */ = {isa = PBXFileReference; lastKnownFileType = sourcecode.swift; path = FeedItemMapper.swift; sourceTree = "<group>"; };
		174D45F0289D888C001AAC96 /* URLSessionHTTPClientTests.swift */ = {isa = PBXFileReference; lastKnownFileType = sourcecode.swift; path = URLSessionHTTPClientTests.swift; sourceTree = "<group>"; };
		1755E61328A40D4900164552 /* XCTestCase+MemoryLeakTracking.swift */ = {isa = PBXFileReference; lastKnownFileType = sourcecode.swift; path = "XCTestCase+MemoryLeakTracking.swift"; sourceTree = "<group>"; };
		175DFE962891B459006E4CB5 /* FeedApp.app */ = {isa = PBXFileReference; explicitFileType = wrapper.application; includeInIndex = 0; path = FeedApp.app; sourceTree = BUILT_PRODUCTS_DIR; };
		175DFE992891B459006E4CB5 /* AppDelegate.swift */ = {isa = PBXFileReference; lastKnownFileType = sourcecode.swift; path = AppDelegate.swift; sourceTree = "<group>"; };
		175DFE9B2891B459006E4CB5 /* ViewController.swift */ = {isa = PBXFileReference; lastKnownFileType = sourcecode.swift; path = ViewController.swift; sourceTree = "<group>"; };
		175DFE9D2891B459006E4CB5 /* Assets.xcassets */ = {isa = PBXFileReference; lastKnownFileType = folder.assetcatalog; path = Assets.xcassets; sourceTree = "<group>"; };
		175DFEA02891B459006E4CB5 /* Base */ = {isa = PBXFileReference; lastKnownFileType = file.storyboard; name = Base; path = Base.lproj/Main.storyboard; sourceTree = "<group>"; };
		175DFEA22891B459006E4CB5 /* FeedApp.entitlements */ = {isa = PBXFileReference; lastKnownFileType = text.plist.entitlements; path = FeedApp.entitlements; sourceTree = "<group>"; };
		175DFEA72891B459006E4CB5 /* FeedAppTests.xctest */ = {isa = PBXFileReference; explicitFileType = wrapper.cfbundle; includeInIndex = 0; path = FeedAppTests.xctest; sourceTree = BUILT_PRODUCTS_DIR; };
		175DFEC42891B47E006E4CB5 /* FeedImage.swift */ = {isa = PBXFileReference; lastKnownFileType = sourcecode.swift; path = FeedImage.swift; sourceTree = "<group>"; };
		175DFEC62891B517006E4CB5 /* FeedLoader.swift */ = {isa = PBXFileReference; lastKnownFileType = sourcecode.swift; path = FeedLoader.swift; sourceTree = "<group>"; };
		175DFED828995F15006E4CB5 /* FeedAPIUseCaseTests.swift */ = {isa = PBXFileReference; lastKnownFileType = sourcecode.swift; path = FeedAPIUseCaseTests.swift; sourceTree = "<group>"; };
		177CDEC82970AFFA00D74391 /* URLSessionHTTPClient.swift */ = {isa = PBXFileReference; lastKnownFileType = sourcecode.swift; path = URLSessionHTTPClient.swift; sourceTree = "<group>"; };
		177CDECE2970B2CA00D74391 /* FeedAppAPIEndToEndTests.xctest */ = {isa = PBXFileReference; explicitFileType = wrapper.cfbundle; includeInIndex = 0; path = FeedAppAPIEndToEndTests.xctest; sourceTree = BUILT_PRODUCTS_DIR; };
		177CDED02970B2CA00D74391 /* FeedAppAPIEndToEndTests.swift */ = {isa = PBXFileReference; lastKnownFileType = sourcecode.swift; path = FeedAppAPIEndToEndTests.swift; sourceTree = "<group>"; };
		177CDED72971A7E100D74391 /* Info.plist */ = {isa = PBXFileReference; lastKnownFileType = text.plist; path = Info.plist; sourceTree = "<group>"; };
		177CDED82971A87900D74391 /* Info.plist */ = {isa = PBXFileReference; lastKnownFileType = text.plist; path = Info.plist; sourceTree = "<group>"; };
		1780E70829B6A74700861CD4 /* CoreDataHelpers.swift */ = {isa = PBXFileReference; lastKnownFileType = sourcecode.swift; path = CoreDataHelpers.swift; sourceTree = "<group>"; };
		1780E70D29B6A81700861CD4 /* ManagedCache.swift */ = {isa = PBXFileReference; lastKnownFileType = sourcecode.swift; path = ManagedCache.swift; sourceTree = "<group>"; };
		1780E70F29B6A84700861CD4 /* ManagedFeedImage.swift */ = {isa = PBXFileReference; lastKnownFileType = sourcecode.swift; path = ManagedFeedImage.swift; sourceTree = "<group>"; };
		1780E71529B6AAD200861CD4 /* FeedAppCacheIntegrationTests.xctest */ = {isa = PBXFileReference; explicitFileType = wrapper.cfbundle; includeInIndex = 0; path = FeedAppCacheIntegrationTests.xctest; sourceTree = BUILT_PRODUCTS_DIR; };
		1780E71729B6AAD200861CD4 /* FeedAppCacheIntegrationTests.swift */ = {isa = PBXFileReference; lastKnownFileType = sourcecode.swift; path = FeedAppCacheIntegrationTests.swift; sourceTree = "<group>"; };
		1780E74729B8F2DF00861CD4 /* FeedAppiOS.framework */ = {isa = PBXFileReference; explicitFileType = wrapper.framework; includeInIndex = 0; path = FeedAppiOS.framework; sourceTree = BUILT_PRODUCTS_DIR; };
		1780E74E29B8F2DF00861CD4 /* FeedAppiOSTests.xctest */ = {isa = PBXFileReference; explicitFileType = wrapper.cfbundle; includeInIndex = 0; path = FeedAppiOSTests.xctest; sourceTree = BUILT_PRODUCTS_DIR; };
		1780E75E29B8F4B400861CD4 /* FeedViewControllerTests.swift */ = {isa = PBXFileReference; lastKnownFileType = sourcecode.swift; path = FeedViewControllerTests.swift; sourceTree = "<group>"; };
		1780E76129B907FE00861CD4 /* FeedApp.xcodeproj */ = {isa = PBXFileReference; lastKnownFileType = "wrapper.pb-project"; path = FeedApp.xcodeproj; sourceTree = "<group>"; };
		1780E78029B9082000861CD4 /* FeedApp copy-Info.plist */ = {isa = PBXFileReference; lastKnownFileType = text.plist.xml; name = "FeedApp copy-Info.plist"; path = "/Users/daveedbalcher/Projects/FeedApp/FeedApp copy-Info.plist"; sourceTree = "<absolute>"; };
		17DC36032981D5B1007720EB /* CacheFeedUseCaseTests.swift */ = {isa = PBXFileReference; lastKnownFileType = sourcecode.swift; path = CacheFeedUseCaseTests.swift; sourceTree = "<group>"; };
		17DC363A29842128007720EB /* FeedStore.swift */ = {isa = PBXFileReference; lastKnownFileType = sourcecode.swift; path = FeedStore.swift; sourceTree = "<group>"; };
		17DC363C29842170007720EB /* LocalFeedLoader.swift */ = {isa = PBXFileReference; lastKnownFileType = sourcecode.swift; path = LocalFeedLoader.swift; sourceTree = "<group>"; };
		17DC363E29842A1D007720EB /* RemoteFeedItem.swift */ = {isa = PBXFileReference; lastKnownFileType = sourcecode.swift; path = RemoteFeedItem.swift; sourceTree = "<group>"; };
		17DC364029842A5B007720EB /* LocalFeedImage.swift */ = {isa = PBXFileReference; lastKnownFileType = sourcecode.swift; path = LocalFeedImage.swift; sourceTree = "<group>"; };
/* End PBXFileReference section */

/* Begin PBXFrameworksBuildPhase section */
		175DFE932891B459006E4CB5 /* Frameworks */ = {
			isa = PBXFrameworksBuildPhase;
			buildActionMask = 2147483647;
			files = (
			);
			runOnlyForDeploymentPostprocessing = 0;
		};
		175DFEA42891B459006E4CB5 /* Frameworks */ = {
			isa = PBXFrameworksBuildPhase;
			buildActionMask = 2147483647;
			files = (
			);
			runOnlyForDeploymentPostprocessing = 0;
		};
		177CDECB2970B2CA00D74391 /* Frameworks */ = {
			isa = PBXFrameworksBuildPhase;
			buildActionMask = 2147483647;
			files = (
			);
			runOnlyForDeploymentPostprocessing = 0;
		};
		1780E71229B6AAD200861CD4 /* Frameworks */ = {
			isa = PBXFrameworksBuildPhase;
			buildActionMask = 2147483647;
			files = (
			);
			runOnlyForDeploymentPostprocessing = 0;
		};
		1780E74429B8F2DF00861CD4 /* Frameworks */ = {
			isa = PBXFrameworksBuildPhase;
			buildActionMask = 2147483647;
			files = (
			);
			runOnlyForDeploymentPostprocessing = 0;
		};
		1780E74B29B8F2DF00861CD4 /* Frameworks */ = {
			isa = PBXFrameworksBuildPhase;
			buildActionMask = 2147483647;
			files = (
				1780E74F29B8F2DF00861CD4 /* FeedAppiOS.framework in Frameworks */,
			);
			runOnlyForDeploymentPostprocessing = 0;
		};
/* End PBXFrameworksBuildPhase section */

/* Begin PBXGroup section */
		1740802729880CD100495430 /* Helpers */ = {
			isa = PBXGroup;
			children = (
				1740802829880CE600495430 /* FeedStoreSpy.swift */,
				170A04D6299E93AA00BA2BF1 /* FeedCacheTestHelpers.swift */,
			);
			path = Helpers;
			sourceTree = "<group>";
		};
		1741459F29B5055700C53533 /* FeedStoreSpecs */ = {
			isa = PBXGroup;
			children = (
				1741459329A973F200C53533 /* FeedStoreSpec.swift */,
				1741459529A9749800C53533 /* XCTestCase+FeedStoreSpecs.swift */,
				1741459729B503B700C53533 /* XCTestCase+FailableRetrieveFeedStoreSpecs.swift */,
				1741459B29B5045000C53533 /* XCTestCase+FailableInsertFeedStoreSpecs.swift */,
				1741459D29B504CF00C53533 /* XCTestCase+FailableDeleteFeedStoreSpecs.swift */,
			);
			path = FeedStoreSpecs;
			sourceTree = "<group>";
		};
		174145A429B508B400C53533 /* CoreData */ = {
			isa = PBXGroup;
			children = (
				174145AB29B50D2D00C53533 /* CoreDataFeedStore.swift */,
				1780E70829B6A74700861CD4 /* CoreDataHelpers.swift */,
				1780E70D29B6A81700861CD4 /* ManagedCache.swift */,
				1780E70F29B6A84700861CD4 /* ManagedFeedImage.swift */,
				174145A729B508CC00C53533 /* FeedStore.xcdatamodeld */,
			);
			path = CoreData;
			sourceTree = "<group>";
		};
		174D459D28997782001AAC96 /* FeedAPI */ = {
			isa = PBXGroup;
			children = (
				17DC363E29842A1D007720EB /* RemoteFeedItem.swift */,
				174D459E289977A3001AAC96 /* RemoteFeedLoader.swift */,
				174D45ED289D6AD7001AAC96 /* FeedItemMapper.swift */,
				174D45EB289D6A9C001AAC96 /* HTTPClient.swift */,
				177CDEC82970AFFA00D74391 /* URLSessionHTTPClient.swift */,
			);
			path = FeedAPI;
			sourceTree = "<group>";
		};
		174D45EF289D74A9001AAC96 /* Feed API */ = {
			isa = PBXGroup;
			children = (
				175DFED828995F15006E4CB5 /* FeedAPIUseCaseTests.swift */,
				174D45F0289D888C001AAC96 /* URLSessionHTTPClientTests.swift */,
			);
			path = "Feed API";
			sourceTree = "<group>";
		};
		1755E61228A40D0800164552 /* Helpers */ = {
			isa = PBXGroup;
			children = (
				1755E61328A40D4900164552 /* XCTestCase+MemoryLeakTracking.swift */,
				170A04D8299E945700BA2BF1 /* SharedTestHelpers.swift */,
			);
			path = Helpers;
			sourceTree = "<group>";
		};
		175DFE8D2891B459006E4CB5 = {
			isa = PBXGroup;
			children = (
				175DFE982891B459006E4CB5 /* FeedApp */,
				175DFEAA2891B459006E4CB5 /* FeedAppTests */,
				177CDECF2970B2CA00D74391 /* FeedAppAPIEndToEndTests */,
				1780E71629B6AAD200861CD4 /* FeedAppCacheIntegrationTests */,
				1780E74829B8F2DF00861CD4 /* FeedAppiOS */,
				1780E75229B8F2DF00861CD4 /* FeedAppiOSTests */,
				175DFE972891B459006E4CB5 /* Products */,
				1780E76029B907FD00861CD4 /* Frameworks */,
				1780E78029B9082000861CD4 /* FeedApp copy-Info.plist */,
			);
			sourceTree = "<group>";
		};
		175DFE972891B459006E4CB5 /* Products */ = {
			isa = PBXGroup;
			children = (
				175DFE962891B459006E4CB5 /* FeedApp.app */,
				175DFEA72891B459006E4CB5 /* FeedAppTests.xctest */,
				177CDECE2970B2CA00D74391 /* FeedAppAPIEndToEndTests.xctest */,
				1780E71529B6AAD200861CD4 /* FeedAppCacheIntegrationTests.xctest */,
				1780E74729B8F2DF00861CD4 /* FeedAppiOS.framework */,
				1780E74E29B8F2DF00861CD4 /* FeedAppiOSTests.xctest */,
			);
			name = Products;
			sourceTree = "<group>";
		};
		175DFE982891B459006E4CB5 /* FeedApp */ = {
			isa = PBXGroup;
			children = (
				177CDED82971A87900D74391 /* Info.plist */,
				175DFE992891B459006E4CB5 /* AppDelegate.swift */,
				175DFE9B2891B459006E4CB5 /* ViewController.swift */,
				175DFED728995E7C006E4CB5 /* Feed Feature */,
				174D459D28997782001AAC96 /* FeedAPI */,
				17DC36392984210E007720EB /* Feed Cache */,
				175DFE9D2891B459006E4CB5 /* Assets.xcassets */,
				175DFE9F2891B459006E4CB5 /* Main.storyboard */,
				175DFEA22891B459006E4CB5 /* FeedApp.entitlements */,
			);
			path = FeedApp;
			sourceTree = "<group>";
		};
		175DFEAA2891B459006E4CB5 /* FeedAppTests */ = {
			isa = PBXGroup;
			children = (
				1755E61228A40D0800164552 /* Helpers */,
				174D45EF289D74A9001AAC96 /* Feed API */,
				17DC36022981D572007720EB /* Feed Cache */,
			);
			path = FeedAppTests;
			sourceTree = "<group>";
		};
		175DFED728995E7C006E4CB5 /* Feed Feature */ = {
			isa = PBXGroup;
			children = (
				175DFEC42891B47E006E4CB5 /* FeedImage.swift */,
				175DFEC62891B517006E4CB5 /* FeedLoader.swift */,
			);
			path = "Feed Feature";
			sourceTree = "<group>";
		};
		177CDECF2970B2CA00D74391 /* FeedAppAPIEndToEndTests */ = {
			isa = PBXGroup;
			children = (
				177CDED72971A7E100D74391 /* Info.plist */,
				177CDED02970B2CA00D74391 /* FeedAppAPIEndToEndTests.swift */,
			);
			path = FeedAppAPIEndToEndTests;
			sourceTree = "<group>";
		};
		1780E70A29B6A75D00861CD4 /* Infrastucture */ = {
			isa = PBXGroup;
			children = (
				174145A429B508B400C53533 /* CoreData */,
			);
			path = Infrastucture;
			sourceTree = "<group>";
		};
		1780E71629B6AAD200861CD4 /* FeedAppCacheIntegrationTests */ = {
			isa = PBXGroup;
			children = (
				1780E71729B6AAD200861CD4 /* FeedAppCacheIntegrationTests.swift */,
			);
			path = FeedAppCacheIntegrationTests;
			sourceTree = "<group>";
		};
		1780E74829B8F2DF00861CD4 /* FeedAppiOS */ = {
			isa = PBXGroup;
			children = (
			);
			path = FeedAppiOS;
			sourceTree = "<group>";
		};
		1780E75229B8F2DF00861CD4 /* FeedAppiOSTests */ = {
			isa = PBXGroup;
			children = (
				1780E75E29B8F4B400861CD4 /* FeedViewControllerTests.swift */,
			);
			path = FeedAppiOSTests;
			sourceTree = "<group>";
		};
		1780E76029B907FD00861CD4 /* Frameworks */ = {
			isa = PBXGroup;
			children = (
				1780E76129B907FE00861CD4 /* FeedApp.xcodeproj */,
			);
			name = Frameworks;
			sourceTree = "<group>";
		};
		1780E76229B907FE00861CD4 /* Products */ = {
			isa = PBXGroup;
			name = Products;
			sourceTree = "<group>";
		};
		17DC36022981D572007720EB /* Feed Cache */ = {
			isa = PBXGroup;
			children = (
				1741459F29B5055700C53533 /* FeedStoreSpecs */,
				1740802729880CD100495430 /* Helpers */,
				17DC36032981D5B1007720EB /* CacheFeedUseCaseTests.swift */,
				1740802529880B4300495430 /* LoadFeedFromCacheUseCaseTests.swift */,
				170A04DA299E955D00BA2BF1 /* ValidateFeedCacheUseCaseTests.swift */,
				174145A929B50CDB00C53533 /* CoreDataFeedStoreTests.swift */,
			);
			path = "Feed Cache";
			sourceTree = "<group>";
		};
		17DC36392984210E007720EB /* Feed Cache */ = {
			isa = PBXGroup;
			children = (
				17DC364029842A5B007720EB /* LocalFeedImage.swift */,
				17DC363C29842170007720EB /* LocalFeedLoader.swift */,
				170A04DC299E9A9300BA2BF1 /* FeedCachePolicy.swift */,
				17DC363A29842128007720EB /* FeedStore.swift */,
				1780E70A29B6A75D00861CD4 /* Infrastucture */,
			);
			path = "Feed Cache";
			sourceTree = "<group>";
		};
/* End PBXGroup section */

/* Begin PBXHeadersBuildPhase section */
		1780E74229B8F2DF00861CD4 /* Headers */ = {
			isa = PBXHeadersBuildPhase;
			buildActionMask = 2147483647;
			files = (
			);
			runOnlyForDeploymentPostprocessing = 0;
		};
/* End PBXHeadersBuildPhase section */

/* Begin PBXNativeTarget section */
		175DFE952891B459006E4CB5 /* FeedApp */ = {
			isa = PBXNativeTarget;
			buildConfigurationList = 175DFEBB2891B459006E4CB5 /* Build configuration list for PBXNativeTarget "FeedApp" */;
			buildPhases = (
				175DFE922891B459006E4CB5 /* Sources */,
				175DFE932891B459006E4CB5 /* Frameworks */,
				175DFE942891B459006E4CB5 /* Resources */,
			);
			buildRules = (
			);
			dependencies = (
			);
			name = FeedApp;
			productName = FeedApp;
			productReference = 175DFE962891B459006E4CB5 /* FeedApp.app */;
			productType = "com.apple.product-type.application";
		};
		175DFEA62891B459006E4CB5 /* FeedAppTests */ = {
			isa = PBXNativeTarget;
			buildConfigurationList = 175DFEBE2891B459006E4CB5 /* Build configuration list for PBXNativeTarget "FeedAppTests" */;
			buildPhases = (
				175DFEA32891B459006E4CB5 /* Sources */,
				175DFEA42891B459006E4CB5 /* Frameworks */,
				175DFEA52891B459006E4CB5 /* Resources */,
			);
			buildRules = (
			);
			dependencies = (
				175DFEA92891B459006E4CB5 /* PBXTargetDependency */,
			);
			name = FeedAppTests;
			productName = FeedAppTests;
			productReference = 175DFEA72891B459006E4CB5 /* FeedAppTests.xctest */;
			productType = "com.apple.product-type.bundle.unit-test";
		};
		177CDECD2970B2CA00D74391 /* FeedAppAPIEndToEndTests */ = {
			isa = PBXNativeTarget;
			buildConfigurationList = 177CDED42970B2CA00D74391 /* Build configuration list for PBXNativeTarget "FeedAppAPIEndToEndTests" */;
			buildPhases = (
				177CDECA2970B2CA00D74391 /* Sources */,
				177CDECB2970B2CA00D74391 /* Frameworks */,
				177CDECC2970B2CA00D74391 /* Resources */,
			);
			buildRules = (
			);
			dependencies = (
				177CDED32970B2CA00D74391 /* PBXTargetDependency */,
			);
			name = FeedAppAPIEndToEndTests;
			productName = FeedAppAPIEndToEndTests;
			productReference = 177CDECE2970B2CA00D74391 /* FeedAppAPIEndToEndTests.xctest */;
			productType = "com.apple.product-type.bundle.unit-test";
		};
		1780E71429B6AAD200861CD4 /* FeedAppCacheIntegrationTests */ = {
			isa = PBXNativeTarget;
			buildConfigurationList = 1780E71B29B6AAD200861CD4 /* Build configuration list for PBXNativeTarget "FeedAppCacheIntegrationTests" */;
			buildPhases = (
				1780E71129B6AAD200861CD4 /* Sources */,
				1780E71229B6AAD200861CD4 /* Frameworks */,
				1780E71329B6AAD200861CD4 /* Resources */,
			);
			buildRules = (
			);
			dependencies = (
				1780E71A29B6AAD200861CD4 /* PBXTargetDependency */,
			);
			name = FeedAppCacheIntegrationTests;
			productName = FeedAppCacheIntegrationTests;
			productReference = 1780E71529B6AAD200861CD4 /* FeedAppCacheIntegrationTests.xctest */;
			productType = "com.apple.product-type.bundle.unit-test";
		};
		1780E74629B8F2DF00861CD4 /* FeedAppiOS */ = {
			isa = PBXNativeTarget;
			buildConfigurationList = 1780E75629B8F2DF00861CD4 /* Build configuration list for PBXNativeTarget "FeedAppiOS" */;
			buildPhases = (
				1780E74229B8F2DF00861CD4 /* Headers */,
				1780E74329B8F2DF00861CD4 /* Sources */,
				1780E74429B8F2DF00861CD4 /* Frameworks */,
				1780E74529B8F2DF00861CD4 /* Resources */,
			);
			buildRules = (
			);
			dependencies = (
			);
			name = FeedAppiOS;
			productName = FeedAppiOS;
			productReference = 1780E74729B8F2DF00861CD4 /* FeedAppiOS.framework */;
			productType = "com.apple.product-type.framework";
		};
		1780E74D29B8F2DF00861CD4 /* FeedAppiOSTests */ = {
			isa = PBXNativeTarget;
			buildConfigurationList = 1780E75929B8F2DF00861CD4 /* Build configuration list for PBXNativeTarget "FeedAppiOSTests" */;
			buildPhases = (
				1780E74A29B8F2DF00861CD4 /* Sources */,
				1780E74B29B8F2DF00861CD4 /* Frameworks */,
				1780E74C29B8F2DF00861CD4 /* Resources */,
			);
			buildRules = (
			);
			dependencies = (
				1780E75129B8F2DF00861CD4 /* PBXTargetDependency */,
			);
			name = FeedAppiOSTests;
			productName = FeedAppiOSTests;
			productReference = 1780E74E29B8F2DF00861CD4 /* FeedAppiOSTests.xctest */;
			productType = "com.apple.product-type.bundle.unit-test";
		};
/* End PBXNativeTarget section */

/* Begin PBXProject section */
		175DFE8E2891B459006E4CB5 /* Project object */ = {
			isa = PBXProject;
			attributes = {
				BuildIndependentTargetsInParallel = 1;
				LastSwiftUpdateCheck = 1420;
				LastUpgradeCheck = 1420;
				TargetAttributes = {
					175DFE952891B459006E4CB5 = {
						CreatedOnToolsVersion = 13.4.1;
					};
					175DFEA62891B459006E4CB5 = {
						CreatedOnToolsVersion = 13.4.1;
						LastSwiftMigration = 1340;
						TestTargetID = 175DFE952891B459006E4CB5;
					};
					177CDECD2970B2CA00D74391 = {
						CreatedOnToolsVersion = 14.2;
						TestTargetID = 175DFE952891B459006E4CB5;
					};
					1780E71429B6AAD200861CD4 = {
						CreatedOnToolsVersion = 14.2;
						TestTargetID = 175DFE952891B459006E4CB5;
					};
					1780E74629B8F2DF00861CD4 = {
						CreatedOnToolsVersion = 14.2;
					};
					1780E74D29B8F2DF00861CD4 = {
						CreatedOnToolsVersion = 14.2;
						LastSwiftMigration = 1420;
					};
				};
			};
			buildConfigurationList = 175DFE912891B459006E4CB5 /* Build configuration list for PBXProject "FeedApp" */;
			compatibilityVersion = "Xcode 13.0";
			developmentRegion = en;
			hasScannedForEncodings = 0;
			knownRegions = (
				en,
				Base,
			);
			mainGroup = 175DFE8D2891B459006E4CB5;
			productRefGroup = 175DFE972891B459006E4CB5 /* Products */;
			projectDirPath = "";
			projectReferences = (
				{
					ProductGroup = 1780E76229B907FE00861CD4 /* Products */;
					ProjectRef = 1780E76129B907FE00861CD4 /* FeedApp.xcodeproj */;
				},
			);
			projectRoot = "";
			targets = (
				175DFE952891B459006E4CB5 /* FeedApp */,
				175DFEA62891B459006E4CB5 /* FeedAppTests */,
				177CDECD2970B2CA00D74391 /* FeedAppAPIEndToEndTests */,
				1780E71429B6AAD200861CD4 /* FeedAppCacheIntegrationTests */,
				1780E74629B8F2DF00861CD4 /* FeedAppiOS */,
				1780E74D29B8F2DF00861CD4 /* FeedAppiOSTests */,
			);
		};
/* End PBXProject section */

/* Begin PBXResourcesBuildPhase section */
		175DFE942891B459006E4CB5 /* Resources */ = {
			isa = PBXResourcesBuildPhase;
			buildActionMask = 2147483647;
			files = (
				175DFE9E2891B459006E4CB5 /* Assets.xcassets in Resources */,
				175DFEA12891B459006E4CB5 /* Main.storyboard in Resources */,
			);
			runOnlyForDeploymentPostprocessing = 0;
		};
		175DFEA52891B459006E4CB5 /* Resources */ = {
			isa = PBXResourcesBuildPhase;
			buildActionMask = 2147483647;
			files = (
			);
			runOnlyForDeploymentPostprocessing = 0;
		};
		177CDECC2970B2CA00D74391 /* Resources */ = {
			isa = PBXResourcesBuildPhase;
			buildActionMask = 2147483647;
			files = (
			);
			runOnlyForDeploymentPostprocessing = 0;
		};
		1780E71329B6AAD200861CD4 /* Resources */ = {
			isa = PBXResourcesBuildPhase;
			buildActionMask = 2147483647;
			files = (
			);
			runOnlyForDeploymentPostprocessing = 0;
		};
		1780E74529B8F2DF00861CD4 /* Resources */ = {
			isa = PBXResourcesBuildPhase;
			buildActionMask = 2147483647;
			files = (
			);
			runOnlyForDeploymentPostprocessing = 0;
		};
		1780E74C29B8F2DF00861CD4 /* Resources */ = {
			isa = PBXResourcesBuildPhase;
			buildActionMask = 2147483647;
			files = (
			);
			runOnlyForDeploymentPostprocessing = 0;
		};
/* End PBXResourcesBuildPhase section */

/* Begin PBXSourcesBuildPhase section */
		175DFE922891B459006E4CB5 /* Sources */ = {
			isa = PBXSourcesBuildPhase;
			buildActionMask = 2147483647;
			files = (
				174145AC29B50D2D00C53533 /* CoreDataFeedStore.swift in Sources */,
				17DC363B29842128007720EB /* FeedStore.swift in Sources */,
				170A04DD299E9A9300BA2BF1 /* FeedCachePolicy.swift in Sources */,
				175DFE9C2891B459006E4CB5 /* ViewController.swift in Sources */,
				175DFE9A2891B459006E4CB5 /* AppDelegate.swift in Sources */,
				174D45EC289D6A9C001AAC96 /* HTTPClient.swift in Sources */,
				1780E70E29B6A81700861CD4 /* ManagedCache.swift in Sources */,
				17DC364129842A5B007720EB /* LocalFeedImage.swift in Sources */,
				1780E70929B6A74700861CD4 /* CoreDataHelpers.swift in Sources */,
				17DC363D29842170007720EB /* LocalFeedLoader.swift in Sources */,
				177CDEC92970AFFA00D74391 /* URLSessionHTTPClient.swift in Sources */,
				175DFEC72891B517006E4CB5 /* FeedLoader.swift in Sources */,
				174D459F289977A3001AAC96 /* RemoteFeedLoader.swift in Sources */,
				174D45EE289D6AD7001AAC96 /* FeedItemMapper.swift in Sources */,
				17DC363F29842A1D007720EB /* RemoteFeedItem.swift in Sources */,
				175DFEC52891B47E006E4CB5 /* FeedImage.swift in Sources */,
				174145AD29B5132600C53533 /* FeedStore.xcdatamodeld in Sources */,
				1780E71029B6A84700861CD4 /* ManagedFeedImage.swift in Sources */,
			);
			runOnlyForDeploymentPostprocessing = 0;
		};
		175DFEA32891B459006E4CB5 /* Sources */ = {
			isa = PBXSourcesBuildPhase;
			buildActionMask = 2147483647;
			files = (
				175DFED928995F15006E4CB5 /* FeedAPIUseCaseTests.swift in Sources */,
				170A04DB299E955D00BA2BF1 /* ValidateFeedCacheUseCaseTests.swift in Sources */,
				1741459429A973F200C53533 /* FeedStoreSpec.swift in Sources */,
				1741459C29B5045000C53533 /* XCTestCase+FailableInsertFeedStoreSpecs.swift in Sources */,
				174D45F1289D888C001AAC96 /* URLSessionHTTPClientTests.swift in Sources */,
				170A04D7299E93AA00BA2BF1 /* FeedCacheTestHelpers.swift in Sources */,
				1740802929880CE600495430 /* FeedStoreSpy.swift in Sources */,
				170A04D9299E945700BA2BF1 /* SharedTestHelpers.swift in Sources */,
				1741459E29B504CF00C53533 /* XCTestCase+FailableDeleteFeedStoreSpecs.swift in Sources */,
				1741459829B503B700C53533 /* XCTestCase+FailableRetrieveFeedStoreSpecs.swift in Sources */,
				17DC36042981D5B1007720EB /* CacheFeedUseCaseTests.swift in Sources */,
				1740802629880B4300495430 /* LoadFeedFromCacheUseCaseTests.swift in Sources */,
				1755E61428A40D4900164552 /* XCTestCase+MemoryLeakTracking.swift in Sources */,
				174145AA29B50CDB00C53533 /* CoreDataFeedStoreTests.swift in Sources */,
				1741459629A9749800C53533 /* XCTestCase+FeedStoreSpecs.swift in Sources */,
			);
			runOnlyForDeploymentPostprocessing = 0;
		};
		177CDECA2970B2CA00D74391 /* Sources */ = {
			isa = PBXSourcesBuildPhase;
			buildActionMask = 2147483647;
			files = (
				177CDED12970B2CA00D74391 /* FeedAppAPIEndToEndTests.swift in Sources */,
				177CDEDA2971B60A00D74391 /* XCTestCase+MemoryLeakTracking.swift in Sources */,
			);
			runOnlyForDeploymentPostprocessing = 0;
		};
		1780E71129B6AAD200861CD4 /* Sources */ = {
			isa = PBXSourcesBuildPhase;
			buildActionMask = 2147483647;
			files = (
				1780E72029B6B2C600861CD4 /* FeedCacheTestHelpers.swift in Sources */,
				1780E71829B6AAD200861CD4 /* FeedAppCacheIntegrationTests.swift in Sources */,
				1780E71E29B6B19100861CD4 /* XCTestCase+MemoryLeakTracking.swift in Sources */,
				1780E71F29B6B2BC00861CD4 /* SharedTestHelpers.swift in Sources */,
			);
			runOnlyForDeploymentPostprocessing = 0;
		};
		1780E74329B8F2DF00861CD4 /* Sources */ = {
			isa = PBXSourcesBuildPhase;
			buildActionMask = 2147483647;
			files = (
			);
			runOnlyForDeploymentPostprocessing = 0;
		};
		1780E74A29B8F2DF00861CD4 /* Sources */ = {
			isa = PBXSourcesBuildPhase;
			buildActionMask = 2147483647;
			files = (
				1780E75F29B8F4B400861CD4 /* FeedViewControllerTests.swift in Sources */,
			);
			runOnlyForDeploymentPostprocessing = 0;
		};
/* End PBXSourcesBuildPhase section */

/* Begin PBXTargetDependency section */
		175DFEA92891B459006E4CB5 /* PBXTargetDependency */ = {
			isa = PBXTargetDependency;
			target = 175DFE952891B459006E4CB5 /* FeedApp */;
			targetProxy = 175DFEA82891B459006E4CB5 /* PBXContainerItemProxy */;
		};
		177CDED32970B2CA00D74391 /* PBXTargetDependency */ = {
			isa = PBXTargetDependency;
			target = 175DFE952891B459006E4CB5 /* FeedApp */;
			targetProxy = 177CDED22970B2CA00D74391 /* PBXContainerItemProxy */;
		};
		1780E71A29B6AAD200861CD4 /* PBXTargetDependency */ = {
			isa = PBXTargetDependency;
			target = 175DFE952891B459006E4CB5 /* FeedApp */;
			targetProxy = 1780E71929B6AAD200861CD4 /* PBXContainerItemProxy */;
		};
		1780E75129B8F2DF00861CD4 /* PBXTargetDependency */ = {
			isa = PBXTargetDependency;
			target = 1780E74629B8F2DF00861CD4 /* FeedAppiOS */;
			targetProxy = 1780E75029B8F2DF00861CD4 /* PBXContainerItemProxy */;
		};
/* End PBXTargetDependency section */

/* Begin PBXVariantGroup section */
		175DFE9F2891B459006E4CB5 /* Main.storyboard */ = {
			isa = PBXVariantGroup;
			children = (
				175DFEA02891B459006E4CB5 /* Base */,
			);
			name = Main.storyboard;
			sourceTree = "<group>";
		};
/* End PBXVariantGroup section */

/* Begin XCBuildConfiguration section */
		175DFEB92891B459006E4CB5 /* Debug */ = {
			isa = XCBuildConfiguration;
			buildSettings = {
				ALWAYS_SEARCH_USER_PATHS = NO;
				CLANG_ANALYZER_NONNULL = YES;
				CLANG_ANALYZER_NUMBER_OBJECT_CONVERSION = YES_AGGRESSIVE;
				CLANG_CXX_LANGUAGE_STANDARD = "gnu++17";
				CLANG_ENABLE_MODULES = YES;
				CLANG_ENABLE_OBJC_ARC = YES;
				CLANG_ENABLE_OBJC_WEAK = YES;
				CLANG_WARN_BLOCK_CAPTURE_AUTORELEASING = YES;
				CLANG_WARN_BOOL_CONVERSION = YES;
				CLANG_WARN_COMMA = YES;
				CLANG_WARN_CONSTANT_CONVERSION = YES;
				CLANG_WARN_DEPRECATED_OBJC_IMPLEMENTATIONS = YES;
				CLANG_WARN_DIRECT_OBJC_ISA_USAGE = YES_ERROR;
				CLANG_WARN_DOCUMENTATION_COMMENTS = YES;
				CLANG_WARN_EMPTY_BODY = YES;
				CLANG_WARN_ENUM_CONVERSION = YES;
				CLANG_WARN_INFINITE_RECURSION = YES;
				CLANG_WARN_INT_CONVERSION = YES;
				CLANG_WARN_NON_LITERAL_NULL_CONVERSION = YES;
				CLANG_WARN_OBJC_IMPLICIT_RETAIN_SELF = YES;
				CLANG_WARN_OBJC_LITERAL_CONVERSION = YES;
				CLANG_WARN_OBJC_ROOT_CLASS = YES_ERROR;
				CLANG_WARN_QUOTED_INCLUDE_IN_FRAMEWORK_HEADER = YES;
				CLANG_WARN_RANGE_LOOP_ANALYSIS = YES;
				CLANG_WARN_STRICT_PROTOTYPES = YES;
				CLANG_WARN_SUSPICIOUS_MOVE = YES;
				CLANG_WARN_UNGUARDED_AVAILABILITY = YES_AGGRESSIVE;
				CLANG_WARN_UNREACHABLE_CODE = YES;
				CLANG_WARN__DUPLICATE_METHOD_MATCH = YES;
				COPY_PHASE_STRIP = NO;
				DEAD_CODE_STRIPPING = YES;
				DEBUG_INFORMATION_FORMAT = dwarf;
				ENABLE_STRICT_OBJC_MSGSEND = YES;
				ENABLE_TESTABILITY = YES;
				GCC_C_LANGUAGE_STANDARD = gnu11;
				GCC_DYNAMIC_NO_PIC = NO;
				GCC_NO_COMMON_BLOCKS = YES;
				GCC_OPTIMIZATION_LEVEL = 0;
				GCC_PREPROCESSOR_DEFINITIONS = (
					"DEBUG=1",
					"$(inherited)",
				);
				GCC_WARN_64_TO_32_BIT_CONVERSION = YES;
				GCC_WARN_ABOUT_RETURN_TYPE = YES_ERROR;
				GCC_WARN_UNDECLARED_SELECTOR = YES;
				GCC_WARN_UNINITIALIZED_AUTOS = YES_AGGRESSIVE;
				GCC_WARN_UNUSED_FUNCTION = YES;
				GCC_WARN_UNUSED_VARIABLE = YES;
				MACOSX_DEPLOYMENT_TARGET = 12.3;
				MTL_ENABLE_DEBUG_INFO = INCLUDE_SOURCE;
				MTL_FAST_MATH = YES;
				ONLY_ACTIVE_ARCH = YES;
				SDKROOT = macosx;
				SWIFT_ACTIVE_COMPILATION_CONDITIONS = DEBUG;
				SWIFT_OPTIMIZATION_LEVEL = "-Onone";
			};
			name = Debug;
		};
		175DFEBA2891B459006E4CB5 /* Release */ = {
			isa = XCBuildConfiguration;
			buildSettings = {
				ALWAYS_SEARCH_USER_PATHS = NO;
				CLANG_ANALYZER_NONNULL = YES;
				CLANG_ANALYZER_NUMBER_OBJECT_CONVERSION = YES_AGGRESSIVE;
				CLANG_CXX_LANGUAGE_STANDARD = "gnu++17";
				CLANG_ENABLE_MODULES = YES;
				CLANG_ENABLE_OBJC_ARC = YES;
				CLANG_ENABLE_OBJC_WEAK = YES;
				CLANG_WARN_BLOCK_CAPTURE_AUTORELEASING = YES;
				CLANG_WARN_BOOL_CONVERSION = YES;
				CLANG_WARN_COMMA = YES;
				CLANG_WARN_CONSTANT_CONVERSION = YES;
				CLANG_WARN_DEPRECATED_OBJC_IMPLEMENTATIONS = YES;
				CLANG_WARN_DIRECT_OBJC_ISA_USAGE = YES_ERROR;
				CLANG_WARN_DOCUMENTATION_COMMENTS = YES;
				CLANG_WARN_EMPTY_BODY = YES;
				CLANG_WARN_ENUM_CONVERSION = YES;
				CLANG_WARN_INFINITE_RECURSION = YES;
				CLANG_WARN_INT_CONVERSION = YES;
				CLANG_WARN_NON_LITERAL_NULL_CONVERSION = YES;
				CLANG_WARN_OBJC_IMPLICIT_RETAIN_SELF = YES;
				CLANG_WARN_OBJC_LITERAL_CONVERSION = YES;
				CLANG_WARN_OBJC_ROOT_CLASS = YES_ERROR;
				CLANG_WARN_QUOTED_INCLUDE_IN_FRAMEWORK_HEADER = YES;
				CLANG_WARN_RANGE_LOOP_ANALYSIS = YES;
				CLANG_WARN_STRICT_PROTOTYPES = YES;
				CLANG_WARN_SUSPICIOUS_MOVE = YES;
				CLANG_WARN_UNGUARDED_AVAILABILITY = YES_AGGRESSIVE;
				CLANG_WARN_UNREACHABLE_CODE = YES;
				CLANG_WARN__DUPLICATE_METHOD_MATCH = YES;
				COPY_PHASE_STRIP = NO;
				DEAD_CODE_STRIPPING = YES;
				DEBUG_INFORMATION_FORMAT = "dwarf-with-dsym";
				ENABLE_NS_ASSERTIONS = NO;
				ENABLE_STRICT_OBJC_MSGSEND = YES;
				GCC_C_LANGUAGE_STANDARD = gnu11;
				GCC_NO_COMMON_BLOCKS = YES;
				GCC_WARN_64_TO_32_BIT_CONVERSION = YES;
				GCC_WARN_ABOUT_RETURN_TYPE = YES_ERROR;
				GCC_WARN_UNDECLARED_SELECTOR = YES;
				GCC_WARN_UNINITIALIZED_AUTOS = YES_AGGRESSIVE;
				GCC_WARN_UNUSED_FUNCTION = YES;
				GCC_WARN_UNUSED_VARIABLE = YES;
				MACOSX_DEPLOYMENT_TARGET = 12.3;
				MTL_ENABLE_DEBUG_INFO = NO;
				MTL_FAST_MATH = YES;
				SDKROOT = macosx;
				SWIFT_COMPILATION_MODE = wholemodule;
				SWIFT_OPTIMIZATION_LEVEL = "-O";
			};
			name = Release;
		};
		175DFEBC2891B459006E4CB5 /* Debug */ = {
			isa = XCBuildConfiguration;
			buildSettings = {
				ASSETCATALOG_COMPILER_APPICON_NAME = AppIcon;
				ASSETCATALOG_COMPILER_GLOBAL_ACCENT_COLOR_NAME = AccentColor;
				CODE_SIGN_ENTITLEMENTS = FeedApp/FeedApp.entitlements;
				CODE_SIGN_IDENTITY = "Apple Development";
				"CODE_SIGN_IDENTITY[sdk=macosx*]" = "Apple Development";
				CODE_SIGN_STYLE = Automatic;
				COMBINE_HIDPI_IMAGES = YES;
				CURRENT_PROJECT_VERSION = 1;
				DEAD_CODE_STRIPPING = YES;
				DEVELOPMENT_TEAM = W5SMVQ4M6D;
				ENABLE_HARDENED_RUNTIME = YES;
				GENERATE_INFOPLIST_FILE = YES;
				INFOPLIST_FILE = FeedApp/Info.plist;
				INFOPLIST_KEY_NSHumanReadableCopyright = "";
				INFOPLIST_KEY_NSMainStoryboardFile = Main;
				LD_RUNPATH_SEARCH_PATHS = (
					"$(inherited)",
					"@executable_path/../Frameworks",
				);
				MARKETING_VERSION = 1.0;
				PRODUCT_BUNDLE_IDENTIFIER = Xpressive.FeedApp;
				PRODUCT_NAME = "$(TARGET_NAME)";
				PROVISIONING_PROFILE_SPECIFIER = "";
				SUPPORTED_PLATFORMS = "macosx iphoneos iphonesimulator";
				SWIFT_EMIT_LOC_STRINGS = YES;
				SWIFT_VERSION = 5.0;
			};
			name = Debug;
		};
		175DFEBD2891B459006E4CB5 /* Release */ = {
			isa = XCBuildConfiguration;
			buildSettings = {
				ASSETCATALOG_COMPILER_APPICON_NAME = AppIcon;
				ASSETCATALOG_COMPILER_GLOBAL_ACCENT_COLOR_NAME = AccentColor;
				CODE_SIGN_ENTITLEMENTS = FeedApp/FeedApp.entitlements;
				CODE_SIGN_IDENTITY = "Apple Development";
				"CODE_SIGN_IDENTITY[sdk=macosx*]" = "Apple Development";
				CODE_SIGN_STYLE = Automatic;
				COMBINE_HIDPI_IMAGES = YES;
				CURRENT_PROJECT_VERSION = 1;
				DEAD_CODE_STRIPPING = YES;
				DEVELOPMENT_TEAM = W5SMVQ4M6D;
				ENABLE_HARDENED_RUNTIME = YES;
				GENERATE_INFOPLIST_FILE = YES;
				INFOPLIST_FILE = FeedApp/Info.plist;
				INFOPLIST_KEY_NSHumanReadableCopyright = "";
				INFOPLIST_KEY_NSMainStoryboardFile = Main;
				LD_RUNPATH_SEARCH_PATHS = (
					"$(inherited)",
					"@executable_path/../Frameworks",
				);
				MARKETING_VERSION = 1.0;
				PRODUCT_BUNDLE_IDENTIFIER = Xpressive.FeedApp;
				PRODUCT_NAME = "$(TARGET_NAME)";
				PROVISIONING_PROFILE_SPECIFIER = "";
				SUPPORTED_PLATFORMS = "macosx iphoneos iphonesimulator";
				SWIFT_EMIT_LOC_STRINGS = YES;
				SWIFT_VERSION = 5.0;
			};
			name = Release;
		};
		175DFEBF2891B459006E4CB5 /* Debug */ = {
			isa = XCBuildConfiguration;
			buildSettings = {
				ALWAYS_EMBED_SWIFT_STANDARD_LIBRARIES = YES;
				BUNDLE_LOADER = "$(TEST_HOST)";
				CLANG_ENABLE_MODULES = YES;
				"CODE_SIGN_IDENTITY[sdk=macosx*]" = "Apple Development";
				CODE_SIGN_STYLE = Automatic;
				CURRENT_PROJECT_VERSION = 1;
				DEAD_CODE_STRIPPING = YES;
				DEVELOPMENT_TEAM = W5SMVQ4M6D;
				GENERATE_INFOPLIST_FILE = YES;
				LD_RUNPATH_SEARCH_PATHS = (
					"$(inherited)",
					"@executable_path/../Frameworks",
					"@loader_path/../Frameworks",
				);
				MACOSX_DEPLOYMENT_TARGET = 12.3;
				MARKETING_VERSION = 1.0;
				PRODUCT_BUNDLE_IDENTIFIER = Xpressive.FeedAppTests;
				PRODUCT_NAME = "$(TARGET_NAME)";
				SUPPORTED_PLATFORMS = "macosx iphonesimulator iphoneos";
				SWIFT_EMIT_LOC_STRINGS = NO;
				SWIFT_OPTIMIZATION_LEVEL = "-Onone";
				SWIFT_VERSION = 5.0;
				TEST_HOST = "$(BUILT_PRODUCTS_DIR)/FeedApp.app/Contents/MacOS/FeedApp";
			};
			name = Debug;
		};
		175DFEC02891B459006E4CB5 /* Release */ = {
			isa = XCBuildConfiguration;
			buildSettings = {
				ALWAYS_EMBED_SWIFT_STANDARD_LIBRARIES = YES;
				BUNDLE_LOADER = "$(TEST_HOST)";
				CLANG_ENABLE_MODULES = YES;
				"CODE_SIGN_IDENTITY[sdk=macosx*]" = "Apple Development";
				CODE_SIGN_STYLE = Automatic;
				CURRENT_PROJECT_VERSION = 1;
				DEAD_CODE_STRIPPING = YES;
				DEVELOPMENT_TEAM = W5SMVQ4M6D;
				GENERATE_INFOPLIST_FILE = YES;
				LD_RUNPATH_SEARCH_PATHS = (
					"$(inherited)",
					"@executable_path/../Frameworks",
					"@loader_path/../Frameworks",
				);
				MACOSX_DEPLOYMENT_TARGET = 12.3;
				MARKETING_VERSION = 1.0;
				PRODUCT_BUNDLE_IDENTIFIER = Xpressive.FeedAppTests;
				PRODUCT_NAME = "$(TARGET_NAME)";
				SUPPORTED_PLATFORMS = "macosx iphonesimulator iphoneos";
				SWIFT_EMIT_LOC_STRINGS = NO;
				SWIFT_VERSION = 5.0;
				TEST_HOST = "$(BUILT_PRODUCTS_DIR)/FeedApp.app/Contents/MacOS/FeedApp";
			};
			name = Release;
		};
		177CDED52970B2CA00D74391 /* Debug */ = {
			isa = XCBuildConfiguration;
			buildSettings = {
				ALWAYS_EMBED_SWIFT_STANDARD_LIBRARIES = YES;
				BUNDLE_LOADER = "$(TEST_HOST)";
				CLANG_CXX_LANGUAGE_STANDARD = "gnu++20";
				CODE_SIGN_IDENTITY = "Apple Development";
				"CODE_SIGN_IDENTITY[sdk=macosx*]" = "Apple Development";
				CODE_SIGN_STYLE = Automatic;
				CURRENT_PROJECT_VERSION = 1;
				DEAD_CODE_STRIPPING = YES;
				DEVELOPMENT_TEAM = W5SMVQ4M6D;
				GENERATE_INFOPLIST_FILE = YES;
				INFOPLIST_FILE = FeedAppAPIEndToEndTests/Info.plist;
				INFOPLIST_KEY_LSApplicationCategoryType = "";
				MACOSX_DEPLOYMENT_TARGET = 12.3;
				MARKETING_VERSION = 1.0;
				PRODUCT_BUNDLE_IDENTIFIER = DaveedBalcher.FeedAppAPIEndToEndTests;
				PRODUCT_NAME = "$(TARGET_NAME)";
				PROVISIONING_PROFILE_SPECIFIER = "";
				SUPPORTED_PLATFORMS = "macosx iphonesimulator iphoneos";
				SWIFT_EMIT_LOC_STRINGS = NO;
				SWIFT_VERSION = 5.0;
				TEST_HOST = "$(BUILT_PRODUCTS_DIR)/FeedApp.app/$(BUNDLE_EXECUTABLE_FOLDER_PATH)/FeedApp";
			};
			name = Debug;
		};
		177CDED62970B2CA00D74391 /* Release */ = {
			isa = XCBuildConfiguration;
			buildSettings = {
				ALWAYS_EMBED_SWIFT_STANDARD_LIBRARIES = YES;
				BUNDLE_LOADER = "$(TEST_HOST)";
				CLANG_CXX_LANGUAGE_STANDARD = "gnu++20";
				CODE_SIGN_IDENTITY = "Apple Development";
				"CODE_SIGN_IDENTITY[sdk=macosx*]" = "Apple Development";
				CODE_SIGN_STYLE = Automatic;
				CURRENT_PROJECT_VERSION = 1;
				DEAD_CODE_STRIPPING = YES;
				DEVELOPMENT_TEAM = W5SMVQ4M6D;
				GENERATE_INFOPLIST_FILE = YES;
				INFOPLIST_FILE = FeedAppAPIEndToEndTests/Info.plist;
				INFOPLIST_KEY_LSApplicationCategoryType = "";
				MACOSX_DEPLOYMENT_TARGET = 12.3;
				MARKETING_VERSION = 1.0;
				PRODUCT_BUNDLE_IDENTIFIER = DaveedBalcher.FeedAppAPIEndToEndTests;
				PRODUCT_NAME = "$(TARGET_NAME)";
				PROVISIONING_PROFILE_SPECIFIER = "";
				SUPPORTED_PLATFORMS = "macosx iphonesimulator iphoneos";
				SWIFT_EMIT_LOC_STRINGS = NO;
				SWIFT_VERSION = 5.0;
				TEST_HOST = "$(BUILT_PRODUCTS_DIR)/FeedApp.app/$(BUNDLE_EXECUTABLE_FOLDER_PATH)/FeedApp";
			};
			name = Release;
		};
		1780E71C29B6AAD200861CD4 /* Debug */ = {
			isa = XCBuildConfiguration;
			buildSettings = {
				BUNDLE_LOADER = "$(TEST_HOST)";
				CLANG_CXX_LANGUAGE_STANDARD = "gnu++20";
				CODE_SIGN_STYLE = Automatic;
				CURRENT_PROJECT_VERSION = 1;
				DEVELOPMENT_TEAM = W5SMVQ4M6D;
				GENERATE_INFOPLIST_FILE = YES;
				MACOSX_DEPLOYMENT_TARGET = 12.6;
				MARKETING_VERSION = 1.0;
				PRODUCT_BUNDLE_IDENTIFIER = DaveedBalcher.FeedAppCacheIntegrationTests;
				PRODUCT_NAME = "$(TARGET_NAME)";
				SUPPORTED_PLATFORMS = "macosx iphonesimulator iphoneos";
				SWIFT_EMIT_LOC_STRINGS = NO;
				SWIFT_VERSION = 5.0;
				TEST_HOST = "$(BUILT_PRODUCTS_DIR)/FeedApp.app/$(BUNDLE_EXECUTABLE_FOLDER_PATH)/FeedApp";
			};
			name = Debug;
		};
		1780E71D29B6AAD200861CD4 /* Release */ = {
			isa = XCBuildConfiguration;
			buildSettings = {
				BUNDLE_LOADER = "$(TEST_HOST)";
				CLANG_CXX_LANGUAGE_STANDARD = "gnu++20";
				CODE_SIGN_STYLE = Automatic;
				CURRENT_PROJECT_VERSION = 1;
				DEVELOPMENT_TEAM = W5SMVQ4M6D;
				GENERATE_INFOPLIST_FILE = YES;
				MACOSX_DEPLOYMENT_TARGET = 12.6;
				MARKETING_VERSION = 1.0;
				PRODUCT_BUNDLE_IDENTIFIER = DaveedBalcher.FeedAppCacheIntegrationTests;
				PRODUCT_NAME = "$(TARGET_NAME)";
				SUPPORTED_PLATFORMS = "macosx iphonesimulator iphoneos";
				SWIFT_EMIT_LOC_STRINGS = NO;
				SWIFT_VERSION = 5.0;
				TEST_HOST = "$(BUILT_PRODUCTS_DIR)/FeedApp.app/$(BUNDLE_EXECUTABLE_FOLDER_PATH)/FeedApp";
			};
			name = Release;
		};
		1780E75729B8F2DF00861CD4 /* Debug */ = {
			isa = XCBuildConfiguration;
			buildSettings = {
				CLANG_CXX_LANGUAGE_STANDARD = "gnu++20";
				CODE_SIGN_STYLE = Automatic;
				CURRENT_PROJECT_VERSION = 1;
				DEFINES_MODULE = YES;
				DEVELOPMENT_TEAM = W5SMVQ4M6D;
				DYLIB_COMPATIBILITY_VERSION = 1;
				DYLIB_CURRENT_VERSION = 1;
				DYLIB_INSTALL_NAME_BASE = "@rpath";
				GENERATE_INFOPLIST_FILE = YES;
				INFOPLIST_KEY_NSHumanReadableCopyright = "";
				INSTALL_PATH = "$(LOCAL_LIBRARY_DIR)/Frameworks";
				IPHONEOS_DEPLOYMENT_TARGET = 16.2;
				LD_RUNPATH_SEARCH_PATHS = (
					"$(inherited)",
					"@executable_path/Frameworks",
					"@loader_path/Frameworks",
				);
				MARKETING_VERSION = 1.0;
				PRODUCT_BUNDLE_IDENTIFIER = DaveedBalcher.FeedAppiOS;
				PRODUCT_NAME = "$(TARGET_NAME:c99extidentifier)";
				SDKROOT = iphoneos;
				SKIP_INSTALL = YES;
				SWIFT_EMIT_LOC_STRINGS = YES;
				SWIFT_VERSION = 5.0;
				TARGETED_DEVICE_FAMILY = "1,2";
				VERSIONING_SYSTEM = "apple-generic";
				VERSION_INFO_PREFIX = "";
			};
			name = Debug;
		};
		1780E75829B8F2DF00861CD4 /* Release */ = {
			isa = XCBuildConfiguration;
			buildSettings = {
				CLANG_CXX_LANGUAGE_STANDARD = "gnu++20";
				CODE_SIGN_STYLE = Automatic;
				CURRENT_PROJECT_VERSION = 1;
				DEFINES_MODULE = YES;
				DEVELOPMENT_TEAM = W5SMVQ4M6D;
				DYLIB_COMPATIBILITY_VERSION = 1;
				DYLIB_CURRENT_VERSION = 1;
				DYLIB_INSTALL_NAME_BASE = "@rpath";
				GENERATE_INFOPLIST_FILE = YES;
				INFOPLIST_KEY_NSHumanReadableCopyright = "";
				INSTALL_PATH = "$(LOCAL_LIBRARY_DIR)/Frameworks";
				IPHONEOS_DEPLOYMENT_TARGET = 16.2;
				LD_RUNPATH_SEARCH_PATHS = (
					"$(inherited)",
					"@executable_path/Frameworks",
					"@loader_path/Frameworks",
				);
				MARKETING_VERSION = 1.0;
				PRODUCT_BUNDLE_IDENTIFIER = DaveedBalcher.FeedAppiOS;
				PRODUCT_NAME = "$(TARGET_NAME:c99extidentifier)";
				SDKROOT = iphoneos;
				SKIP_INSTALL = YES;
				SWIFT_EMIT_LOC_STRINGS = YES;
				SWIFT_VERSION = 5.0;
				TARGETED_DEVICE_FAMILY = "1,2";
				VALIDATE_PRODUCT = YES;
				VERSIONING_SYSTEM = "apple-generic";
				VERSION_INFO_PREFIX = "";
			};
			name = Release;
		};
		1780E75A29B8F2DF00861CD4 /* Debug */ = {
			isa = XCBuildConfiguration;
			buildSettings = {
				CLANG_CXX_LANGUAGE_STANDARD = "gnu++20";
				CLANG_ENABLE_MODULES = YES;
				CODE_SIGN_STYLE = Automatic;
				CURRENT_PROJECT_VERSION = 1;
				DEVELOPMENT_TEAM = W5SMVQ4M6D;
				GENERATE_INFOPLIST_FILE = YES;
				IPHONEOS_DEPLOYMENT_TARGET = 16.2;
				LD_RUNPATH_SEARCH_PATHS = (
					"$(inherited)",
					"@executable_path/Frameworks",
					"@loader_path/Frameworks",
				);
				MARKETING_VERSION = 1.0;
				PRODUCT_BUNDLE_IDENTIFIER = DaveedBalcher.FeedAppiOSTests;
				PRODUCT_NAME = "$(TARGET_NAME)";
				SDKROOT = iphoneos;
				SWIFT_EMIT_LOC_STRINGS = NO;
				SWIFT_OPTIMIZATION_LEVEL = "-Onone";
				SWIFT_VERSION = 5.0;
				TARGETED_DEVICE_FAMILY = "1,2";
			};
			name = Debug;
		};
		1780E75B29B8F2DF00861CD4 /* Release */ = {
			isa = XCBuildConfiguration;
			buildSettings = {
				CLANG_CXX_LANGUAGE_STANDARD = "gnu++20";
				CLANG_ENABLE_MODULES = YES;
				CODE_SIGN_STYLE = Automatic;
				CURRENT_PROJECT_VERSION = 1;
				DEVELOPMENT_TEAM = W5SMVQ4M6D;
				GENERATE_INFOPLIST_FILE = YES;
				IPHONEOS_DEPLOYMENT_TARGET = 16.2;
				LD_RUNPATH_SEARCH_PATHS = (
					"$(inherited)",
					"@executable_path/Frameworks",
					"@loader_path/Frameworks",
				);
				MARKETING_VERSION = 1.0;
				PRODUCT_BUNDLE_IDENTIFIER = DaveedBalcher.FeedAppiOSTests;
				PRODUCT_NAME = "$(TARGET_NAME)";
				SDKROOT = iphoneos;
				SWIFT_EMIT_LOC_STRINGS = NO;
				SWIFT_VERSION = 5.0;
				TARGETED_DEVICE_FAMILY = "1,2";
				VALIDATE_PRODUCT = YES;
			};
			name = Release;
		};
/* End XCBuildConfiguration section */

/* Begin XCConfigurationList section */
		175DFE912891B459006E4CB5 /* Build configuration list for PBXProject "FeedApp" */ = {
			isa = XCConfigurationList;
			buildConfigurations = (
				175DFEB92891B459006E4CB5 /* Debug */,
				175DFEBA2891B459006E4CB5 /* Release */,
			);
			defaultConfigurationIsVisible = 0;
			defaultConfigurationName = Release;
		};
		175DFEBB2891B459006E4CB5 /* Build configuration list for PBXNativeTarget "FeedApp" */ = {
			isa = XCConfigurationList;
			buildConfigurations = (
				175DFEBC2891B459006E4CB5 /* Debug */,
				175DFEBD2891B459006E4CB5 /* Release */,
			);
			defaultConfigurationIsVisible = 0;
			defaultConfigurationName = Release;
		};
		175DFEBE2891B459006E4CB5 /* Build configuration list for PBXNativeTarget "FeedAppTests" */ = {
			isa = XCConfigurationList;
			buildConfigurations = (
				175DFEBF2891B459006E4CB5 /* Debug */,
				175DFEC02891B459006E4CB5 /* Release */,
			);
			defaultConfigurationIsVisible = 0;
			defaultConfigurationName = Release;
		};
		177CDED42970B2CA00D74391 /* Build configuration list for PBXNativeTarget "FeedAppAPIEndToEndTests" */ = {
			isa = XCConfigurationList;
			buildConfigurations = (
				177CDED52970B2CA00D74391 /* Debug */,
				177CDED62970B2CA00D74391 /* Release */,
			);
			defaultConfigurationIsVisible = 0;
			defaultConfigurationName = Release;
		};
		1780E71B29B6AAD200861CD4 /* Build configuration list for PBXNativeTarget "FeedAppCacheIntegrationTests" */ = {
			isa = XCConfigurationList;
			buildConfigurations = (
				1780E71C29B6AAD200861CD4 /* Debug */,
				1780E71D29B6AAD200861CD4 /* Release */,
			);
			defaultConfigurationIsVisible = 0;
			defaultConfigurationName = Release;
		};
		1780E75629B8F2DF00861CD4 /* Build configuration list for PBXNativeTarget "FeedAppiOS" */ = {
			isa = XCConfigurationList;
			buildConfigurations = (
				1780E75729B8F2DF00861CD4 /* Debug */,
				1780E75829B8F2DF00861CD4 /* Release */,
			);
			defaultConfigurationIsVisible = 0;
			defaultConfigurationName = Release;
		};
		1780E75929B8F2DF00861CD4 /* Build configuration list for PBXNativeTarget "FeedAppiOSTests" */ = {
			isa = XCConfigurationList;
			buildConfigurations = (
				1780E75A29B8F2DF00861CD4 /* Debug */,
				1780E75B29B8F2DF00861CD4 /* Release */,
			);
			defaultConfigurationIsVisible = 0;
			defaultConfigurationName = Release;
		};
/* End XCConfigurationList section */

/* Begin XCVersionGroup section */
		174145A729B508CC00C53533 /* FeedStore.xcdatamodeld */ = {
			isa = XCVersionGroup;
			children = (
				174145A829B508CC00C53533 /* FeedStore.xcdatamodel */,
			);
			currentVersion = 174145A829B508CC00C53533 /* FeedStore.xcdatamodel */;
			path = FeedStore.xcdatamodeld;
			sourceTree = "<group>";
			versionGroupType = wrapper.xcdatamodel;
		};
/* End XCVersionGroup section */
	};
	rootObject = 175DFE8E2891B459006E4CB5 /* Project object */;
}
