// !$*UTF8*$!
{
	archiveVersion = 1;
	classes = {
	};
	objectVersion = 56;
	objects = {

/* Begin PBXBuildFile section */
		175538B92A5706070052CF1A /* AppDelegate.swift in Sources */ = {isa = PBXBuildFile; fileRef = 175538B82A5706070052CF1A /* AppDelegate.swift */; };
		175538BB2A5706070052CF1A /* SceneDelegate.swift in Sources */ = {isa = PBXBuildFile; fileRef = 175538BA2A5706070052CF1A /* SceneDelegate.swift */; };
		175538C02A5706070052CF1A /* Main.storyboard in Resources */ = {isa = PBXBuildFile; fileRef = 175538BE2A5706070052CF1A /* Main.storyboard */; };
		175538C22A5706080052CF1A /* Assets.xcassets in Resources */ = {isa = PBXBuildFile; fileRef = 175538C12A5706080052CF1A /* Assets.xcassets */; };
		175538C52A5706080052CF1A /* LaunchScreen.storyboard in Resources */ = {isa = PBXBuildFile; fileRef = 175538C32A5706080052CF1A /* LaunchScreen.storyboard */; };
		175539022A57085A0052CF1A /* FeedAppiOS.framework in Frameworks */ = {isa = PBXBuildFile; fileRef = 175539012A57085A0052CF1A /* FeedAppiOS.framework */; };
		175539032A57085A0052CF1A /* FeedAppiOS.framework in Embed Frameworks */ = {isa = PBXBuildFile; fileRef = 175539012A57085A0052CF1A /* FeedAppiOS.framework */; settings = {ATTRIBUTES = (CodeSignOnCopy, RemoveHeadersOnCopy, ); }; };
		175539062A57085F0052CF1A /* FeedComponents.framework in Frameworks */ = {isa = PBXBuildFile; fileRef = 175539052A57085F0052CF1A /* FeedComponents.framework */; };
		175539072A57085F0052CF1A /* FeedComponents.framework in Embed Frameworks */ = {isa = PBXBuildFile; fileRef = 175539052A57085F0052CF1A /* FeedComponents.framework */; settings = {ATTRIBUTES = (CodeSignOnCopy, RemoveHeadersOnCopy, ); }; };
		175539092A570DFF0052CF1A /* FeedLoaderWithFallbackCompositeTests.swift in Sources */ = {isa = PBXBuildFile; fileRef = 175539082A570DFF0052CF1A /* FeedLoaderWithFallbackCompositeTests.swift */; };
		1755390C2A575BF10052CF1A /* FeedLoaderWithFallbackComposite.swift in Sources */ = {isa = PBXBuildFile; fileRef = 1755390B2A575BF10052CF1A /* FeedLoaderWithFallbackComposite.swift */; };
		1755390E2A575C840052CF1A /* FeedImageDataLoaderWithFallbackComposite.swift in Sources */ = {isa = PBXBuildFile; fileRef = 1755390D2A575C840052CF1A /* FeedImageDataLoaderWithFallbackComposite.swift */; };
		175539102A575EEE0052CF1A /* FeedImageDataLoaderWithFallbackComposite.swift in Sources */ = {isa = PBXBuildFile; fileRef = 1755390F2A575EEE0052CF1A /* FeedImageDataLoaderWithFallbackComposite.swift */; };
		175539122A575F500052CF1A /* XCTestCase+MemoryLeakTracking.swift in Sources */ = {isa = PBXBuildFile; fileRef = 175539112A575F500052CF1A /* XCTestCase+MemoryLeakTracking.swift */; };
		175539142A575F970052CF1A /* SharedTestHelpers.swift in Sources */ = {isa = PBXBuildFile; fileRef = 175539132A575F970052CF1A /* SharedTestHelpers.swift */; };
		175539162A585BC30052CF1A /* FeedLoaderCacheDecorator.swift in Sources */ = {isa = PBXBuildFile; fileRef = 175539152A585BC30052CF1A /* FeedLoaderCacheDecorator.swift */; };
		175539192A585C3E0052CF1A /* FeedLoaderStub.swift in Sources */ = {isa = PBXBuildFile; fileRef = 175539182A585C3E0052CF1A /* FeedLoaderStub.swift */; };
		1755391B2A585D570052CF1A /* XCTestCase+FeedLoader.swift in Sources */ = {isa = PBXBuildFile; fileRef = 1755391A2A585D570052CF1A /* XCTestCase+FeedLoader.swift */; };
		1755391F2A5862470052CF1A /* FeedLoaderCacheDecorator.swift in Sources */ = {isa = PBXBuildFile; fileRef = 1755391E2A5862470052CF1A /* FeedLoaderCacheDecorator.swift */; };
		175539222A58631D0052CF1A /* FeedImageDataLoaderCacheDecoratorTests.swift in Sources */ = {isa = PBXBuildFile; fileRef = 175539202A5863090052CF1A /* FeedImageDataLoaderCacheDecoratorTests.swift */; };
		175539242A58638D0052CF1A /* FeedImageDataLoaderSpy.swift in Sources */ = {isa = PBXBuildFile; fileRef = 175539232A58638D0052CF1A /* FeedImageDataLoaderSpy.swift */; };
		175539262A5864650052CF1A /* FeedImageDataLoaderTestCase.swift in Sources */ = {isa = PBXBuildFile; fileRef = 175539252A5864650052CF1A /* FeedImageDataLoaderTestCase.swift */; };
		1755392A2A5866710052CF1A /* FeedImageDataLoaderCacheDecorator.swift in Sources */ = {isa = PBXBuildFile; fileRef = 175539292A5866710052CF1A /* FeedImageDataLoaderCacheDecorator.swift */; };
		175539322A5B42050052CF1A /* EssentialAppUIAcceptanceTests.swift in Sources */ = {isa = PBXBuildFile; fileRef = 175539312A5B42050052CF1A /* EssentialAppUIAcceptanceTests.swift */; };
		175539422A5D969F0052CF1A /* DebuggingSceneDelegate.swift in Sources */ = {isa = PBXBuildFile; fileRef = 175539412A5D969F0052CF1A /* DebuggingSceneDelegate.swift */; };
/* End PBXBuildFile section */

/* Begin PBXContainerItemProxy section */
		175538CC2A5706080052CF1A /* PBXContainerItemProxy */ = {
			isa = PBXContainerItemProxy;
			containerPortal = 175538AD2A5706070052CF1A /* Project object */;
			proxyType = 1;
			remoteGlobalIDString = 175538B42A5706070052CF1A;
			remoteInfo = EssentialApp;
		};
		175539352A5B42050052CF1A /* PBXContainerItemProxy */ = {
			isa = PBXContainerItemProxy;
			containerPortal = 175538AD2A5706070052CF1A /* Project object */;
			proxyType = 1;
			remoteGlobalIDString = 175538B42A5706070052CF1A;
			remoteInfo = EssentialApp;
		};
/* End PBXContainerItemProxy section */

/* Begin PBXCopyFilesBuildPhase section */
		175539042A57085B0052CF1A /* Embed Frameworks */ = {
			isa = PBXCopyFilesBuildPhase;
			buildActionMask = 2147483647;
			dstPath = "";
			dstSubfolderSpec = 10;
			files = (
				175539072A57085F0052CF1A /* FeedComponents.framework in Embed Frameworks */,
				175539032A57085A0052CF1A /* FeedAppiOS.framework in Embed Frameworks */,
			);
			name = "Embed Frameworks";
			runOnlyForDeploymentPostprocessing = 0;
		};
/* End PBXCopyFilesBuildPhase section */

/* Begin PBXFileReference section */
		175538B52A5706070052CF1A /* EssentialApp.app */ = {isa = PBXFileReference; explicitFileType = wrapper.application; includeInIndex = 0; path = EssentialApp.app; sourceTree = BUILT_PRODUCTS_DIR; };
		175538B82A5706070052CF1A /* AppDelegate.swift */ = {isa = PBXFileReference; lastKnownFileType = sourcecode.swift; path = AppDelegate.swift; sourceTree = "<group>"; };
		175538BA2A5706070052CF1A /* SceneDelegate.swift */ = {isa = PBXFileReference; lastKnownFileType = sourcecode.swift; path = SceneDelegate.swift; sourceTree = "<group>"; };
		175538BF2A5706070052CF1A /* Base */ = {isa = PBXFileReference; lastKnownFileType = file.storyboard; name = Base; path = Base.lproj/Main.storyboard; sourceTree = "<group>"; };
		175538C12A5706080052CF1A /* Assets.xcassets */ = {isa = PBXFileReference; lastKnownFileType = folder.assetcatalog; path = Assets.xcassets; sourceTree = "<group>"; };
		175538C42A5706080052CF1A /* Base */ = {isa = PBXFileReference; lastKnownFileType = file.storyboard; name = Base; path = Base.lproj/LaunchScreen.storyboard; sourceTree = "<group>"; };
		175538C62A5706080052CF1A /* Info.plist */ = {isa = PBXFileReference; lastKnownFileType = text.plist.xml; path = Info.plist; sourceTree = "<group>"; };
		175538CB2A5706080052CF1A /* EssentialAppTests.xctest */ = {isa = PBXFileReference; explicitFileType = wrapper.cfbundle; includeInIndex = 0; path = EssentialAppTests.xctest; sourceTree = BUILT_PRODUCTS_DIR; };
		175539012A57085A0052CF1A /* FeedAppiOS.framework */ = {isa = PBXFileReference; explicitFileType = wrapper.framework; path = FeedAppiOS.framework; sourceTree = BUILT_PRODUCTS_DIR; };
		175539052A57085F0052CF1A /* FeedComponents.framework */ = {isa = PBXFileReference; explicitFileType = wrapper.framework; path = FeedComponents.framework; sourceTree = BUILT_PRODUCTS_DIR; };
		175539082A570DFF0052CF1A /* FeedLoaderWithFallbackCompositeTests.swift */ = {isa = PBXFileReference; fileEncoding = 4; lastKnownFileType = sourcecode.swift; path = FeedLoaderWithFallbackCompositeTests.swift; sourceTree = "<group>"; };
		1755390B2A575BF10052CF1A /* FeedLoaderWithFallbackComposite.swift */ = {isa = PBXFileReference; lastKnownFileType = sourcecode.swift; path = FeedLoaderWithFallbackComposite.swift; sourceTree = "<group>"; };
		1755390D2A575C840052CF1A /* FeedImageDataLoaderWithFallbackComposite.swift */ = {isa = PBXFileReference; lastKnownFileType = sourcecode.swift; path = FeedImageDataLoaderWithFallbackComposite.swift; sourceTree = "<group>"; };
		1755390F2A575EEE0052CF1A /* FeedImageDataLoaderWithFallbackComposite.swift */ = {isa = PBXFileReference; lastKnownFileType = sourcecode.swift; path = FeedImageDataLoaderWithFallbackComposite.swift; sourceTree = "<group>"; };
		175539112A575F500052CF1A /* XCTestCase+MemoryLeakTracking.swift */ = {isa = PBXFileReference; lastKnownFileType = sourcecode.swift; path = "XCTestCase+MemoryLeakTracking.swift"; sourceTree = "<group>"; };
		175539132A575F970052CF1A /* SharedTestHelpers.swift */ = {isa = PBXFileReference; lastKnownFileType = sourcecode.swift; path = SharedTestHelpers.swift; sourceTree = "<group>"; };
		175539152A585BC30052CF1A /* FeedLoaderCacheDecorator.swift */ = {isa = PBXFileReference; lastKnownFileType = sourcecode.swift; path = FeedLoaderCacheDecorator.swift; sourceTree = "<group>"; };
		175539182A585C3E0052CF1A /* FeedLoaderStub.swift */ = {isa = PBXFileReference; lastKnownFileType = sourcecode.swift; path = FeedLoaderStub.swift; sourceTree = "<group>"; };
		1755391A2A585D570052CF1A /* XCTestCase+FeedLoader.swift */ = {isa = PBXFileReference; lastKnownFileType = sourcecode.swift; path = "XCTestCase+FeedLoader.swift"; sourceTree = "<group>"; };
		1755391E2A5862470052CF1A /* FeedLoaderCacheDecorator.swift */ = {isa = PBXFileReference; lastKnownFileType = sourcecode.swift; path = FeedLoaderCacheDecorator.swift; sourceTree = "<group>"; };
		175539202A5863090052CF1A /* FeedImageDataLoaderCacheDecoratorTests.swift */ = {isa = PBXFileReference; lastKnownFileType = sourcecode.swift; path = FeedImageDataLoaderCacheDecoratorTests.swift; sourceTree = "<group>"; };
		175539232A58638D0052CF1A /* FeedImageDataLoaderSpy.swift */ = {isa = PBXFileReference; lastKnownFileType = sourcecode.swift; path = FeedImageDataLoaderSpy.swift; sourceTree = "<group>"; };
		175539252A5864650052CF1A /* FeedImageDataLoaderTestCase.swift */ = {isa = PBXFileReference; lastKnownFileType = sourcecode.swift; path = FeedImageDataLoaderTestCase.swift; sourceTree = "<group>"; };
		175539292A5866710052CF1A /* FeedImageDataLoaderCacheDecorator.swift */ = {isa = PBXFileReference; lastKnownFileType = sourcecode.swift; path = FeedImageDataLoaderCacheDecorator.swift; sourceTree = "<group>"; };
		1755392F2A5B42050052CF1A /* EssentialAppUIAcceptanceTests.xctest */ = {isa = PBXFileReference; explicitFileType = wrapper.cfbundle; includeInIndex = 0; path = EssentialAppUIAcceptanceTests.xctest; sourceTree = BUILT_PRODUCTS_DIR; };
		175539312A5B42050052CF1A /* EssentialAppUIAcceptanceTests.swift */ = {isa = PBXFileReference; lastKnownFileType = sourcecode.swift; path = EssentialAppUIAcceptanceTests.swift; sourceTree = "<group>"; };
		175539412A5D969F0052CF1A /* DebuggingSceneDelegate.swift */ = {isa = PBXFileReference; lastKnownFileType = sourcecode.swift; path = DebuggingSceneDelegate.swift; sourceTree = "<group>"; };
/* End PBXFileReference section */

/* Begin PBXFrameworksBuildPhase section */
		175538B22A5706070052CF1A /* Frameworks */ = {
			isa = PBXFrameworksBuildPhase;
			buildActionMask = 2147483647;
			files = (
				175539062A57085F0052CF1A /* FeedComponents.framework in Frameworks */,
				175539022A57085A0052CF1A /* FeedAppiOS.framework in Frameworks */,
			);
			runOnlyForDeploymentPostprocessing = 0;
		};
		175538C82A5706080052CF1A /* Frameworks */ = {
			isa = PBXFrameworksBuildPhase;
			buildActionMask = 2147483647;
			files = (
			);
			runOnlyForDeploymentPostprocessing = 0;
		};
		1755392C2A5B42050052CF1A /* Frameworks */ = {
			isa = PBXFrameworksBuildPhase;
			buildActionMask = 2147483647;
			files = (
			);
			runOnlyForDeploymentPostprocessing = 0;
		};
/* End PBXFrameworksBuildPhase section */

/* Begin PBXGroup section */
		175538AC2A5706070052CF1A = {
			isa = PBXGroup;
			children = (
				175538B72A5706070052CF1A /* EssentialApp */,
				175538CE2A5706080052CF1A /* EssentialAppTests */,
				175539302A5B42050052CF1A /* EssentialAppUIAcceptanceTests */,
				175538B62A5706070052CF1A /* Products */,
				175539002A57085A0052CF1A /* Frameworks */,
			);
			sourceTree = "<group>";
		};
		175538B62A5706070052CF1A /* Products */ = {
			isa = PBXGroup;
			children = (
				175538B52A5706070052CF1A /* EssentialApp.app */,
				175538CB2A5706080052CF1A /* EssentialAppTests.xctest */,
				1755392F2A5B42050052CF1A /* EssentialAppUIAcceptanceTests.xctest */,
			);
			name = Products;
			sourceTree = "<group>";
		};
		175538B72A5706070052CF1A /* EssentialApp */ = {
			isa = PBXGroup;
			children = (
				175538B82A5706070052CF1A /* AppDelegate.swift */,
				175538BA2A5706070052CF1A /* SceneDelegate.swift */,
				175539412A5D969F0052CF1A /* DebuggingSceneDelegate.swift */,
				1755390B2A575BF10052CF1A /* FeedLoaderWithFallbackComposite.swift */,
				1755390F2A575EEE0052CF1A /* FeedImageDataLoaderWithFallbackComposite.swift */,
				1755391E2A5862470052CF1A /* FeedLoaderCacheDecorator.swift */,
				175539292A5866710052CF1A /* FeedImageDataLoaderCacheDecorator.swift */,
				175538BE2A5706070052CF1A /* Main.storyboard */,
				175538C12A5706080052CF1A /* Assets.xcassets */,
				175538C32A5706080052CF1A /* LaunchScreen.storyboard */,
				175538C62A5706080052CF1A /* Info.plist */,
			);
			path = EssentialApp;
			sourceTree = "<group>";
		};
		175538CE2A5706080052CF1A /* EssentialAppTests */ = {
			isa = PBXGroup;
			children = (
				175539082A570DFF0052CF1A /* FeedLoaderWithFallbackCompositeTests.swift */,
				1755390D2A575C840052CF1A /* FeedImageDataLoaderWithFallbackComposite.swift */,
				175539152A585BC30052CF1A /* FeedLoaderCacheDecorator.swift */,
				175539202A5863090052CF1A /* FeedImageDataLoaderCacheDecoratorTests.swift */,
				175539172A585C250052CF1A /* Helpers */,
			);
			path = EssentialAppTests;
			sourceTree = "<group>";
		};
		175539002A57085A0052CF1A /* Frameworks */ = {
			isa = PBXGroup;
			children = (
				175539052A57085F0052CF1A /* FeedComponents.framework */,
				175539012A57085A0052CF1A /* FeedAppiOS.framework */,
			);
			name = Frameworks;
			sourceTree = "<group>";
		};
		175539172A585C250052CF1A /* Helpers */ = {
			isa = PBXGroup;
			children = (
				175539112A575F500052CF1A /* XCTestCase+MemoryLeakTracking.swift */,
				1755391A2A585D570052CF1A /* XCTestCase+FeedLoader.swift */,
				175539132A575F970052CF1A /* SharedTestHelpers.swift */,
				175539182A585C3E0052CF1A /* FeedLoaderStub.swift */,
				175539232A58638D0052CF1A /* FeedImageDataLoaderSpy.swift */,
				175539252A5864650052CF1A /* FeedImageDataLoaderTestCase.swift */,
			);
			path = Helpers;
			sourceTree = "<group>";
		};
		175539302A5B42050052CF1A /* EssentialAppUIAcceptanceTests */ = {
			isa = PBXGroup;
			children = (
				175539312A5B42050052CF1A /* EssentialAppUIAcceptanceTests.swift */,
			);
			path = EssentialAppUIAcceptanceTests;
			sourceTree = "<group>";
		};
/* End PBXGroup section */

/* Begin PBXNativeTarget section */
		175538B42A5706070052CF1A /* EssentialApp */ = {
			isa = PBXNativeTarget;
			buildConfigurationList = 175538DF2A5706080052CF1A /* Build configuration list for PBXNativeTarget "EssentialApp" */;
			buildPhases = (
				175538B12A5706070052CF1A /* Sources */,
				175538B22A5706070052CF1A /* Frameworks */,
				175538B32A5706070052CF1A /* Resources */,
				175539042A57085B0052CF1A /* Embed Frameworks */,
			);
			buildRules = (
			);
			dependencies = (
			);
			name = EssentialApp;
			productName = EssentialApp;
			productReference = 175538B52A5706070052CF1A /* EssentialApp.app */;
			productType = "com.apple.product-type.application";
		};
		175538CA2A5706080052CF1A /* EssentialAppTests */ = {
			isa = PBXNativeTarget;
			buildConfigurationList = 175538E22A5706080052CF1A /* Build configuration list for PBXNativeTarget "EssentialAppTests" */;
			buildPhases = (
				175538C72A5706080052CF1A /* Sources */,
				175538C82A5706080052CF1A /* Frameworks */,
				175538C92A5706080052CF1A /* Resources */,
			);
			buildRules = (
			);
			dependencies = (
				175538CD2A5706080052CF1A /* PBXTargetDependency */,
			);
			name = EssentialAppTests;
			productName = EssentialAppTests;
			productReference = 175538CB2A5706080052CF1A /* EssentialAppTests.xctest */;
			productType = "com.apple.product-type.bundle.unit-test";
		};
		1755392E2A5B42050052CF1A /* EssentialAppUIAcceptanceTests */ = {
			isa = PBXNativeTarget;
			buildConfigurationList = 175539372A5B42050052CF1A /* Build configuration list for PBXNativeTarget "EssentialAppUIAcceptanceTests" */;
			buildPhases = (
				1755392B2A5B42050052CF1A /* Sources */,
				1755392C2A5B42050052CF1A /* Frameworks */,
				1755392D2A5B42050052CF1A /* Resources */,
			);
			buildRules = (
			);
			dependencies = (
				175539362A5B42050052CF1A /* PBXTargetDependency */,
			);
			name = EssentialAppUIAcceptanceTests;
			productName = EssentialAppUIAcceptanceTests;
			productReference = 1755392F2A5B42050052CF1A /* EssentialAppUIAcceptanceTests.xctest */;
			productType = "com.apple.product-type.bundle.ui-testing";
		};
/* End PBXNativeTarget section */

/* Begin PBXProject section */
		175538AD2A5706070052CF1A /* Project object */ = {
			isa = PBXProject;
			attributes = {
				BuildIndependentTargetsInParallel = 1;
				LastSwiftUpdateCheck = 1430;
				LastUpgradeCheck = 1430;
				TargetAttributes = {
					175538B42A5706070052CF1A = {
						CreatedOnToolsVersion = 14.3.1;
					};
					175538CA2A5706080052CF1A = {
						CreatedOnToolsVersion = 14.3.1;
						LastSwiftMigration = 1430;
						TestTargetID = 175538B42A5706070052CF1A;
					};
					1755392E2A5B42050052CF1A = {
						CreatedOnToolsVersion = 14.3.1;
						TestTargetID = 175538B42A5706070052CF1A;
					};
				};
			};
			buildConfigurationList = 175538B02A5706070052CF1A /* Build configuration list for PBXProject "EssentialApp" */;
			compatibilityVersion = "Xcode 14.0";
			developmentRegion = en;
			hasScannedForEncodings = 0;
			knownRegions = (
				en,
				Base,
			);
			mainGroup = 175538AC2A5706070052CF1A;
			productRefGroup = 175538B62A5706070052CF1A /* Products */;
			projectDirPath = "";
			projectRoot = "";
			targets = (
				175538B42A5706070052CF1A /* EssentialApp */,
				175538CA2A5706080052CF1A /* EssentialAppTests */,
				1755392E2A5B42050052CF1A /* EssentialAppUIAcceptanceTests */,
			);
		};
/* End PBXProject section */

/* Begin PBXResourcesBuildPhase section */
		175538B32A5706070052CF1A /* Resources */ = {
			isa = PBXResourcesBuildPhase;
			buildActionMask = 2147483647;
			files = (
				175538C52A5706080052CF1A /* LaunchScreen.storyboard in Resources */,
				175538C22A5706080052CF1A /* Assets.xcassets in Resources */,
				175538C02A5706070052CF1A /* Main.storyboard in Resources */,
			);
			runOnlyForDeploymentPostprocessing = 0;
		};
		175538C92A5706080052CF1A /* Resources */ = {
			isa = PBXResourcesBuildPhase;
			buildActionMask = 2147483647;
			files = (
			);
			runOnlyForDeploymentPostprocessing = 0;
		};
		1755392D2A5B42050052CF1A /* Resources */ = {
			isa = PBXResourcesBuildPhase;
			buildActionMask = 2147483647;
			files = (
			);
			runOnlyForDeploymentPostprocessing = 0;
		};
/* End PBXResourcesBuildPhase section */

/* Begin PBXSourcesBuildPhase section */
		175538B12A5706070052CF1A /* Sources */ = {
			isa = PBXSourcesBuildPhase;
			buildActionMask = 2147483647;
			files = (
				175539102A575EEE0052CF1A /* FeedImageDataLoaderWithFallbackComposite.swift in Sources */,
				175538B92A5706070052CF1A /* AppDelegate.swift in Sources */,
				1755390C2A575BF10052CF1A /* FeedLoaderWithFallbackComposite.swift in Sources */,
				1755392A2A5866710052CF1A /* FeedImageDataLoaderCacheDecorator.swift in Sources */,
				1755391F2A5862470052CF1A /* FeedLoaderCacheDecorator.swift in Sources */,
				175539422A5D969F0052CF1A /* DebuggingSceneDelegate.swift in Sources */,
				175538BB2A5706070052CF1A /* SceneDelegate.swift in Sources */,
			);
			runOnlyForDeploymentPostprocessing = 0;
		};
		175538C72A5706080052CF1A /* Sources */ = {
			isa = PBXSourcesBuildPhase;
			buildActionMask = 2147483647;
			files = (
				175539142A575F970052CF1A /* SharedTestHelpers.swift in Sources */,
				175539222A58631D0052CF1A /* FeedImageDataLoaderCacheDecoratorTests.swift in Sources */,
				175539262A5864650052CF1A /* FeedImageDataLoaderTestCase.swift in Sources */,
				1755391B2A585D570052CF1A /* XCTestCase+FeedLoader.swift in Sources */,
				1755390E2A575C840052CF1A /* FeedImageDataLoaderWithFallbackComposite.swift in Sources */,
				175539242A58638D0052CF1A /* FeedImageDataLoaderSpy.swift in Sources */,
				175539092A570DFF0052CF1A /* FeedLoaderWithFallbackCompositeTests.swift in Sources */,
				175539162A585BC30052CF1A /* FeedLoaderCacheDecorator.swift in Sources */,
				175539192A585C3E0052CF1A /* FeedLoaderStub.swift in Sources */,
				175539122A575F500052CF1A /* XCTestCase+MemoryLeakTracking.swift in Sources */,
			);
			runOnlyForDeploymentPostprocessing = 0;
		};
		1755392B2A5B42050052CF1A /* Sources */ = {
			isa = PBXSourcesBuildPhase;
			buildActionMask = 2147483647;
			files = (
				175539322A5B42050052CF1A /* EssentialAppUIAcceptanceTests.swift in Sources */,
			);
			runOnlyForDeploymentPostprocessing = 0;
		};
/* End PBXSourcesBuildPhase section */

/* Begin PBXTargetDependency section */
		175538CD2A5706080052CF1A /* PBXTargetDependency */ = {
			isa = PBXTargetDependency;
			target = 175538B42A5706070052CF1A /* EssentialApp */;
			targetProxy = 175538CC2A5706080052CF1A /* PBXContainerItemProxy */;
		};
		175539362A5B42050052CF1A /* PBXTargetDependency */ = {
			isa = PBXTargetDependency;
			target = 175538B42A5706070052CF1A /* EssentialApp */;
			targetProxy = 175539352A5B42050052CF1A /* PBXContainerItemProxy */;
		};
/* End PBXTargetDependency section */

/* Begin PBXVariantGroup section */
		175538BE2A5706070052CF1A /* Main.storyboard */ = {
			isa = PBXVariantGroup;
			children = (
				175538BF2A5706070052CF1A /* Base */,
			);
			name = Main.storyboard;
			sourceTree = "<group>";
		};
		175538C32A5706080052CF1A /* LaunchScreen.storyboard */ = {
			isa = PBXVariantGroup;
			children = (
				175538C42A5706080052CF1A /* Base */,
			);
			name = LaunchScreen.storyboard;
			sourceTree = "<group>";
		};
/* End PBXVariantGroup section */

/* Begin XCBuildConfiguration section */
		175538DD2A5706080052CF1A /* Debug */ = {
			isa = XCBuildConfiguration;
			buildSettings = {
				ALWAYS_SEARCH_USER_PATHS = NO;
				CLANG_ANALYZER_NONNULL = YES;
				CLANG_ANALYZER_NUMBER_OBJECT_CONVERSION = YES_AGGRESSIVE;
				CLANG_CXX_LANGUAGE_STANDARD = "gnu++20";
				CLANG_ENABLE_MODULES = YES;
				CLANG_ENABLE_OBJC_ARC = YES;
				CLANG_ENABLE_OBJC_WEAK = YES;
				CLANG_WARN_BLOCK_CAPTURE_AUTORELEASING = YES;
				CLANG_WARN_BOOL_CONVERSION = YES;
				CLANG_WARN_COMMA = YES;
				CLANG_WARN_CONSTANT_CONVERSION = YES;
				CLANG_WARN_DEPRECATED_OBJC_IMPLEMENTATIONS = YES;
				CLANG_WARN_DIRECT_OBJC_ISA_USAGE = YES_ERROR;
				CLANG_WARN_DOCUMENTATION_COMMENTS = YES;
				CLANG_WARN_EMPTY_BODY = YES;
				CLANG_WARN_ENUM_CONVERSION = YES;
				CLANG_WARN_INFINITE_RECURSION = YES;
				CLANG_WARN_INT_CONVERSION = YES;
				CLANG_WARN_NON_LITERAL_NULL_CONVERSION = YES;
				CLANG_WARN_OBJC_IMPLICIT_RETAIN_SELF = YES;
				CLANG_WARN_OBJC_LITERAL_CONVERSION = YES;
				CLANG_WARN_OBJC_ROOT_CLASS = YES_ERROR;
				CLANG_WARN_QUOTED_INCLUDE_IN_FRAMEWORK_HEADER = YES;
				CLANG_WARN_RANGE_LOOP_ANALYSIS = YES;
				CLANG_WARN_STRICT_PROTOTYPES = YES;
				CLANG_WARN_SUSPICIOUS_MOVE = YES;
				CLANG_WARN_UNGUARDED_AVAILABILITY = YES_AGGRESSIVE;
				CLANG_WARN_UNREACHABLE_CODE = YES;
				CLANG_WARN__DUPLICATE_METHOD_MATCH = YES;
				COPY_PHASE_STRIP = NO;
				DEBUG_INFORMATION_FORMAT = dwarf;
				ENABLE_STRICT_OBJC_MSGSEND = YES;
				ENABLE_TESTABILITY = YES;
				GCC_C_LANGUAGE_STANDARD = gnu11;
				GCC_DYNAMIC_NO_PIC = NO;
				GCC_NO_COMMON_BLOCKS = YES;
				GCC_OPTIMIZATION_LEVEL = 0;
				GCC_PREPROCESSOR_DEFINITIONS = (
					"DEBUG=1",
					"$(inherited)",
				);
				GCC_WARN_64_TO_32_BIT_CONVERSION = YES;
				GCC_WARN_ABOUT_RETURN_TYPE = YES_ERROR;
				GCC_WARN_UNDECLARED_SELECTOR = YES;
				GCC_WARN_UNINITIALIZED_AUTOS = YES_AGGRESSIVE;
				GCC_WARN_UNUSED_FUNCTION = YES;
				GCC_WARN_UNUSED_VARIABLE = YES;
				IPHONEOS_DEPLOYMENT_TARGET = 16.4;
				MTL_ENABLE_DEBUG_INFO = INCLUDE_SOURCE;
				MTL_FAST_MATH = YES;
				ONLY_ACTIVE_ARCH = YES;
				SDKROOT = iphoneos;
				SWIFT_ACTIVE_COMPILATION_CONDITIONS = DEBUG;
				SWIFT_OPTIMIZATION_LEVEL = "-Onone";
			};
			name = Debug;
		};
		175538DE2A5706080052CF1A /* Release */ = {
			isa = XCBuildConfiguration;
			buildSettings = {
				ALWAYS_SEARCH_USER_PATHS = NO;
				CLANG_ANALYZER_NONNULL = YES;
				CLANG_ANALYZER_NUMBER_OBJECT_CONVERSION = YES_AGGRESSIVE;
				CLANG_CXX_LANGUAGE_STANDARD = "gnu++20";
				CLANG_ENABLE_MODULES = YES;
				CLANG_ENABLE_OBJC_ARC = YES;
				CLANG_ENABLE_OBJC_WEAK = YES;
				CLANG_WARN_BLOCK_CAPTURE_AUTORELEASING = YES;
				CLANG_WARN_BOOL_CONVERSION = YES;
				CLANG_WARN_COMMA = YES;
				CLANG_WARN_CONSTANT_CONVERSION = YES;
				CLANG_WARN_DEPRECATED_OBJC_IMPLEMENTATIONS = YES;
				CLANG_WARN_DIRECT_OBJC_ISA_USAGE = YES_ERROR;
				CLANG_WARN_DOCUMENTATION_COMMENTS = YES;
				CLANG_WARN_EMPTY_BODY = YES;
				CLANG_WARN_ENUM_CONVERSION = YES;
				CLANG_WARN_INFINITE_RECURSION = YES;
				CLANG_WARN_INT_CONVERSION = YES;
				CLANG_WARN_NON_LITERAL_NULL_CONVERSION = YES;
				CLANG_WARN_OBJC_IMPLICIT_RETAIN_SELF = YES;
				CLANG_WARN_OBJC_LITERAL_CONVERSION = YES;
				CLANG_WARN_OBJC_ROOT_CLASS = YES_ERROR;
				CLANG_WARN_QUOTED_INCLUDE_IN_FRAMEWORK_HEADER = YES;
				CLANG_WARN_RANGE_LOOP_ANALYSIS = YES;
				CLANG_WARN_STRICT_PROTOTYPES = YES;
				CLANG_WARN_SUSPICIOUS_MOVE = YES;
				CLANG_WARN_UNGUARDED_AVAILABILITY = YES_AGGRESSIVE;
				CLANG_WARN_UNREACHABLE_CODE = YES;
				CLANG_WARN__DUPLICATE_METHOD_MATCH = YES;
				COPY_PHASE_STRIP = NO;
				DEBUG_INFORMATION_FORMAT = "dwarf-with-dsym";
				ENABLE_NS_ASSERTIONS = NO;
				ENABLE_STRICT_OBJC_MSGSEND = YES;
				GCC_C_LANGUAGE_STANDARD = gnu11;
				GCC_NO_COMMON_BLOCKS = YES;
				GCC_WARN_64_TO_32_BIT_CONVERSION = YES;
				GCC_WARN_ABOUT_RETURN_TYPE = YES_ERROR;
				GCC_WARN_UNDECLARED_SELECTOR = YES;
				GCC_WARN_UNINITIALIZED_AUTOS = YES_AGGRESSIVE;
				GCC_WARN_UNUSED_FUNCTION = YES;
				GCC_WARN_UNUSED_VARIABLE = YES;
				IPHONEOS_DEPLOYMENT_TARGET = 16.4;
				MTL_ENABLE_DEBUG_INFO = NO;
				MTL_FAST_MATH = YES;
				SDKROOT = iphoneos;
				SWIFT_COMPILATION_MODE = wholemodule;
				SWIFT_OPTIMIZATION_LEVEL = "-O";
				VALIDATE_PRODUCT = YES;
			};
			name = Release;
		};
		175538E02A5706080052CF1A /* Debug */ = {
			isa = XCBuildConfiguration;
			buildSettings = {
				ASSETCATALOG_COMPILER_APPICON_NAME = AppIcon;
				ASSETCATALOG_COMPILER_GLOBAL_ACCENT_COLOR_NAME = AccentColor;
				CODE_SIGN_STYLE = Automatic;
				CURRENT_PROJECT_VERSION = 1;
				DEVELOPMENT_TEAM = W5SMVQ4M6D;
				GENERATE_INFOPLIST_FILE = YES;
				INFOPLIST_FILE = EssentialApp/Info.plist;
				INFOPLIST_KEY_UIApplicationSupportsIndirectInputEvents = YES;
				INFOPLIST_KEY_UILaunchStoryboardName = LaunchScreen;
				INFOPLIST_KEY_UIMainStoryboardFile = Main;
				INFOPLIST_KEY_UISupportedInterfaceOrientations = UIInterfaceOrientationPortrait;
				LD_RUNPATH_SEARCH_PATHS = (
					"$(inherited)",
					"@executable_path/Frameworks",
				);
				MARKETING_VERSION = 1.0;
				PRODUCT_BUNDLE_IDENTIFIER = DaveedBalcher.EssentialApp;
				PRODUCT_NAME = "$(TARGET_NAME)";
				SWIFT_EMIT_LOC_STRINGS = YES;
				SWIFT_VERSION = 5.0;
				TARGETED_DEVICE_FAMILY = "1,2";
			};
			name = Debug;
		};
		175538E12A5706080052CF1A /* Release */ = {
			isa = XCBuildConfiguration;
			buildSettings = {
				ASSETCATALOG_COMPILER_APPICON_NAME = AppIcon;
				ASSETCATALOG_COMPILER_GLOBAL_ACCENT_COLOR_NAME = AccentColor;
				CODE_SIGN_STYLE = Automatic;
				CURRENT_PROJECT_VERSION = 1;
				DEVELOPMENT_TEAM = W5SMVQ4M6D;
				GENERATE_INFOPLIST_FILE = YES;
				INFOPLIST_FILE = EssentialApp/Info.plist;
				INFOPLIST_KEY_UIApplicationSupportsIndirectInputEvents = YES;
				INFOPLIST_KEY_UILaunchStoryboardName = LaunchScreen;
				INFOPLIST_KEY_UIMainStoryboardFile = Main;
				INFOPLIST_KEY_UISupportedInterfaceOrientations = UIInterfaceOrientationPortrait;
				LD_RUNPATH_SEARCH_PATHS = (
					"$(inherited)",
					"@executable_path/Frameworks",
				);
				MARKETING_VERSION = 1.0;
				PRODUCT_BUNDLE_IDENTIFIER = DaveedBalcher.EssentialApp;
				PRODUCT_NAME = "$(TARGET_NAME)";
				SWIFT_EMIT_LOC_STRINGS = YES;
				SWIFT_VERSION = 5.0;
				TARGETED_DEVICE_FAMILY = "1,2";
			};
			name = Release;
		};
		175538E32A5706080052CF1A /* Debug */ = {
			isa = XCBuildConfiguration;
			buildSettings = {
				ALWAYS_EMBED_SWIFT_STANDARD_LIBRARIES = YES;
				BUNDLE_LOADER = "$(TEST_HOST)";
				CLANG_ENABLE_MODULES = YES;
				CODE_SIGN_STYLE = Automatic;
				CURRENT_PROJECT_VERSION = 1;
				DEVELOPMENT_TEAM = W5SMVQ4M6D;
				GENERATE_INFOPLIST_FILE = YES;
				IPHONEOS_DEPLOYMENT_TARGET = 16.4;
				MARKETING_VERSION = 1.0;
				PRODUCT_BUNDLE_IDENTIFIER = DaveedBalcher.EssentialAppTests;
				PRODUCT_NAME = "$(TARGET_NAME)";
				SWIFT_EMIT_LOC_STRINGS = NO;
				SWIFT_OPTIMIZATION_LEVEL = "-Onone";
				SWIFT_VERSION = 5.0;
				TARGETED_DEVICE_FAMILY = "1,2";
				TEST_HOST = "$(BUILT_PRODUCTS_DIR)/EssentialApp.app/$(BUNDLE_EXECUTABLE_FOLDER_PATH)/EssentialApp";
			};
			name = Debug;
		};
		175538E42A5706080052CF1A /* Release */ = {
			isa = XCBuildConfiguration;
			buildSettings = {
				ALWAYS_EMBED_SWIFT_STANDARD_LIBRARIES = YES;
				BUNDLE_LOADER = "$(TEST_HOST)";
				CLANG_ENABLE_MODULES = YES;
				CODE_SIGN_STYLE = Automatic;
				CURRENT_PROJECT_VERSION = 1;
				DEVELOPMENT_TEAM = W5SMVQ4M6D;
				GENERATE_INFOPLIST_FILE = YES;
				IPHONEOS_DEPLOYMENT_TARGET = 16.4;
				MARKETING_VERSION = 1.0;
				PRODUCT_BUNDLE_IDENTIFIER = DaveedBalcher.EssentialAppTests;
				PRODUCT_NAME = "$(TARGET_NAME)";
				SWIFT_EMIT_LOC_STRINGS = NO;
				SWIFT_VERSION = 5.0;
				TARGETED_DEVICE_FAMILY = "1,2";
				TEST_HOST = "$(BUILT_PRODUCTS_DIR)/EssentialApp.app/$(BUNDLE_EXECUTABLE_FOLDER_PATH)/EssentialApp";
			};
			name = Release;
		};
		175539382A5B42050052CF1A /* Debug */ = {
			isa = XCBuildConfiguration;
			buildSettings = {
				CODE_SIGN_STYLE = Automatic;
				CURRENT_PROJECT_VERSION = 1;
				DEVELOPMENT_TEAM = W5SMVQ4M6D;
				GENERATE_INFOPLIST_FILE = YES;
				MARKETING_VERSION = 1.0;
				PRODUCT_BUNDLE_IDENTIFIER = DaveedBalcher.EssentialAppUIAcceptanceTests;
				PRODUCT_NAME = "$(TARGET_NAME)";
				SWIFT_EMIT_LOC_STRINGS = NO;
				SWIFT_VERSION = 5.0;
				TARGETED_DEVICE_FAMILY = "1,2";
				TEST_TARGET_NAME = EssentialApp;
			};
			name = Debug;
		};
		175539392A5B42050052CF1A /* Release */ = {
			isa = XCBuildConfiguration;
			buildSettings = {
				CODE_SIGN_STYLE = Automatic;
				CURRENT_PROJECT_VERSION = 1;
				DEVELOPMENT_TEAM = W5SMVQ4M6D;
				GENERATE_INFOPLIST_FILE = YES;
				MARKETING_VERSION = 1.0;
				PRODUCT_BUNDLE_IDENTIFIER = DaveedBalcher.EssentialAppUIAcceptanceTests;
				PRODUCT_NAME = "$(TARGET_NAME)";
				SWIFT_EMIT_LOC_STRINGS = NO;
				SWIFT_VERSION = 5.0;
				TARGETED_DEVICE_FAMILY = "1,2";
				TEST_TARGET_NAME = EssentialApp;
			};
			name = Release;
		};
/* End XCBuildConfiguration section */

/* Begin XCConfigurationList section */
		175538B02A5706070052CF1A /* Build configuration list for PBXProject "EssentialApp" */ = {
			isa = XCConfigurationList;
			buildConfigurations = (
				175538DD2A5706080052CF1A /* Debug */,
				175538DE2A5706080052CF1A /* Release */,
			);
			defaultConfigurationIsVisible = 0;
			defaultConfigurationName = Release;
		};
		175538DF2A5706080052CF1A /* Build configuration list for PBXNativeTarget "EssentialApp" */ = {
			isa = XCConfigurationList;
			buildConfigurations = (
				175538E02A5706080052CF1A /* Debug */,
				175538E12A5706080052CF1A /* Release */,
			);
			defaultConfigurationIsVisible = 0;
			defaultConfigurationName = Release;
		};
		175538E22A5706080052CF1A /* Build configuration list for PBXNativeTarget "EssentialAppTests" */ = {
			isa = XCConfigurationList;
			buildConfigurations = (
				175538E32A5706080052CF1A /* Debug */,
				175538E42A5706080052CF1A /* Release */,
			);
			defaultConfigurationIsVisible = 0;
			defaultConfigurationName = Release;
		};
		175539372A5B42050052CF1A /* Build configuration list for PBXNativeTarget "EssentialAppUIAcceptanceTests" */ = {
			isa = XCConfigurationList;
			buildConfigurations = (
				175539382A5B42050052CF1A /* Debug */,
				175539392A5B42050052CF1A /* Release */,
			);
			defaultConfigurationIsVisible = 0;
			defaultConfigurationName = Release;
		};
/* End XCConfigurationList section */
	};
	rootObject = 175538AD2A5706070052CF1A /* Project object */;
}
