// !$*UTF8*$!
{
	archiveVersion = 1;
	classes = {
	};
	objectVersion = 55;
	objects = {

/* Begin PBXBuildFile section */
		171704712A41FDF5005E1904 /* FeedImageDataLoader.swift in Sources */ = {isa = PBXBuildFile; fileRef = 176E03FE29FADF16002AF6CB /* FeedImageDataLoader.swift */; };
		171704732A41FE5D005E1904 /* LoadFeedImageDataFromRemoteUseCaseTests.swift in Sources */ = {isa = PBXBuildFile; fileRef = 171704722A41FE5D005E1904 /* LoadFeedImageDataFromRemoteUseCaseTests.swift */; };
		171704762A434394005E1904 /* HTTPClientSpy.swift in Sources */ = {isa = PBXBuildFile; fileRef = 171704752A434394005E1904 /* HTTPClientSpy.swift */; };
		171704782A43442D005E1904 /* RemoteFeedImageDataLoader.swift in Sources */ = {isa = PBXBuildFile; fileRef = 171704772A43442D005E1904 /* RemoteFeedImageDataLoader.swift */; };
		1717047B2A4349FD005E1904 /* HTTPURLResponse+StatusCode.swift in Sources */ = {isa = PBXBuildFile; fileRef = 1717047A2A4349FD005E1904 /* HTTPURLResponse+StatusCode.swift */; };
		1717047D2A434A83005E1904 /* URLProtocolStub.swift in Sources */ = {isa = PBXBuildFile; fileRef = 1717047C2A434A83005E1904 /* URLProtocolStub.swift */; };
		172490882A0A9A0F008CB44F /* Feed.xcassets in Resources */ = {isa = PBXBuildFile; fileRef = 172490872A0A9A0F008CB44F /* Feed.xcassets */; };
		1724908A2A0AA072008CB44F /* Feed.storyboard in Resources */ = {isa = PBXBuildFile; fileRef = 172490892A0AA072008CB44F /* Feed.storyboard */; };
		1724908C2A0AA4A3008CB44F /* UITableView+Dequeueing.swift in Sources */ = {isa = PBXBuildFile; fileRef = 1724908B2A0AA4A3008CB44F /* UITableView+Dequeueing.swift */; };
		173042842A40ADB40017DC9E /* FeedPresenterTests.swift in Sources */ = {isa = PBXBuildFile; fileRef = 173042822A40AD9E0017DC9E /* FeedPresenterTests.swift */; };
		173042852A40B2680017DC9E /* FeedCacheTestHelpers.swift in Sources */ = {isa = PBXBuildFile; fileRef = 170A04D6299E93AA00BA2BF1 /* FeedCacheTestHelpers.swift */; };
		173042862A40B27D0017DC9E /* SharedTestHelpers.swift in Sources */ = {isa = PBXBuildFile; fileRef = 170A04D8299E945700BA2BF1 /* SharedTestHelpers.swift */; };
		1730428D2A40B6190017DC9E /* Feed.strings in Resources */ = {isa = PBXBuildFile; fileRef = 173042882A40B5B70017DC9E /* Feed.strings */; };
		1730428E2A40B6190017DC9E /* Feed.strings in Resources */ = {isa = PBXBuildFile; fileRef = 173042882A40B5B70017DC9E /* Feed.strings */; };
		173042902A40B6A80017DC9E /* FeedPresenter.swift in Sources */ = {isa = PBXBuildFile; fileRef = 1730428F2A40B6A80017DC9E /* FeedPresenter.swift */; };
		173042932A40B6FA0017DC9E /* FeedViewModel.swift in Sources */ = {isa = PBXBuildFile; fileRef = 173042922A40B6FA0017DC9E /* FeedViewModel.swift */; };
		173042952A40B7510017DC9E /* FeedLoadingViewModel.swift in Sources */ = {isa = PBXBuildFile; fileRef = 173042942A40B7510017DC9E /* FeedLoadingViewModel.swift */; };
		173042972A40B7680017DC9E /* FeedErrorViewModel.swift in Sources */ = {isa = PBXBuildFile; fileRef = 173042962A40B7680017DC9E /* FeedErrorViewModel.swift */; };
		173042992A40BC610017DC9E /* FeedImagePresenterTests.swift in Sources */ = {isa = PBXBuildFile; fileRef = 173042982A40BC610017DC9E /* FeedImagePresenterTests.swift */; };
		1730429B2A40C3F30017DC9E /* FeedImagePresenter.swift in Sources */ = {isa = PBXBuildFile; fileRef = 1730429A2A40C3F30017DC9E /* FeedImagePresenter.swift */; };
		1730429D2A40C44B0017DC9E /* FeedImageViewModel.swift in Sources */ = {isa = PBXBuildFile; fileRef = 1730429C2A40C44B0017DC9E /* FeedImageViewModel.swift */; };
		174D46422A434C3400A7C0BB /* LoadFeedImageDataFromCacheUseCaseTests.swift in Sources */ = {isa = PBXBuildFile; fileRef = 174D46412A434C3400A7C0BB /* LoadFeedImageDataFromCacheUseCaseTests.swift */; };
		174D46442A43515100A7C0BB /* FeedImageDataStore.swift in Sources */ = {isa = PBXBuildFile; fileRef = 174D46432A43515100A7C0BB /* FeedImageDataStore.swift */; };
		174D46462A43516800A7C0BB /* LocalFeedImageDataLoader.swift in Sources */ = {isa = PBXBuildFile; fileRef = 174D46452A43516800A7C0BB /* LocalFeedImageDataLoader.swift */; };
		174D46482A4354D200A7C0BB /* FeedImageDataStoreSpy.swift in Sources */ = {isa = PBXBuildFile; fileRef = 174D46472A4354D200A7C0BB /* FeedImageDataStoreSpy.swift */; };
		174D468B2A4C847600A7C0BB /* CacheFeedImageDataUseCaseTests.swift in Sources */ = {isa = PBXBuildFile; fileRef = 174D468A2A4C847600A7C0BB /* CacheFeedImageDataUseCaseTests.swift */; };
		174D468E2A4C86D800A7C0BB /* CoreDataFeedImageDataStoreTests.swift in Sources */ = {isa = PBXBuildFile; fileRef = 174D468C2A4C866D00A7C0BB /* CoreDataFeedImageDataStoreTests.swift */; };
		174D46912A4C89BC00A7C0BB /* CoreDataFeedStore+FeedImageDataLoader.swift in Sources */ = {isa = PBXBuildFile; fileRef = 174D46902A4C89BC00A7C0BB /* CoreDataFeedStore+FeedImageDataLoader.swift */; };
		174D46932A4CAA0200A7C0BB /* CoreDataFeedStore+FeedStore.swift in Sources */ = {isa = PBXBuildFile; fileRef = 174D46922A4CAA0200A7C0BB /* CoreDataFeedStore+FeedStore.swift */; };
		174E69EE2A30D9FC00C9A501 /* FeedLocalizationTests.swift in Sources */ = {isa = PBXBuildFile; fileRef = 174E69ED2A30D9FC00C9A501 /* FeedLocalizationTests.swift */; };
		175109A62A69C1FD008A89B3 /* LoadImageCommentsFromRemoteUseCaseTests.swift in Sources */ = {isa = PBXBuildFile; fileRef = 175109A52A69C1FD008A89B3 /* LoadImageCommentsFromRemoteUseCaseTests.swift */; };
		175109A82A69C24F008A89B3 /* ImageCommentsMapper.swift in Sources */ = {isa = PBXBuildFile; fileRef = 175109A72A69C24F008A89B3 /* ImageCommentsMapper.swift */; };
		175109AA2A69C274008A89B3 /* RemoteImageCommentsLoader.swift in Sources */ = {isa = PBXBuildFile; fileRef = 175109A92A69C274008A89B3 /* RemoteImageCommentsLoader.swift */; };
		175109AD2A69C553008A89B3 /* ImageComment.swift in Sources */ = {isa = PBXBuildFile; fileRef = 175109AC2A69C553008A89B3 /* ImageComment.swift */; };
		1753C0882A1FF42500CC9CFB /* UIImageView+Animations.swift in Sources */ = {isa = PBXBuildFile; fileRef = 1753C0872A1FF42500CC9CFB /* UIImageView+Animations.swift */; };
		1755391D2A5861770052CF1A /* FeedCache.swift in Sources */ = {isa = PBXBuildFile; fileRef = 1755391C2A5861770052CF1A /* FeedCache.swift */; };
		175539282A58656C0052CF1A /* FeedImageDataCache.swift in Sources */ = {isa = PBXBuildFile; fileRef = 175539272A58656C0052CF1A /* FeedImageDataCache.swift */; };
		1755393A2A5B4AB30052CF1A /* FeedComponentsAPIEndToEndTests.swift in Sources */ = {isa = PBXBuildFile; fileRef = 177CDED02970B2CA00D74391 /* FeedComponentsAPIEndToEndTests.swift */; };
		1755393F2A5B59820052CF1A /* FeedComponents.framework in Frameworks */ = {isa = PBXBuildFile; fileRef = 1780E78729B90C3C00861CD4 /* FeedComponents.framework */; };
		176E03E829F99D19002AF6CB /* UIView+Shimmering.swift in Sources */ = {isa = PBXBuildFile; fileRef = 176E03E729F99D19002AF6CB /* UIView+Shimmering.swift */; };
		176E040329FAE330002AF6CB /* FeedImageCellController.swift in Sources */ = {isa = PBXBuildFile; fileRef = 176E040229FAE330002AF6CB /* FeedImageCellController.swift */; };
		177CDEDA2971B60A00D74391 /* XCTestCase+MemoryLeakTracking.swift in Sources */ = {isa = PBXBuildFile; fileRef = 1755E61328A40D4900164552 /* XCTestCase+MemoryLeakTracking.swift */; };
		1780E71829B6AAD200861CD4 /* FeedComponentsCacheIntegrationTests.swift in Sources */ = {isa = PBXBuildFile; fileRef = 1780E71729B6AAD200861CD4 /* FeedComponentsCacheIntegrationTests.swift */; };
		1780E71E29B6B19100861CD4 /* XCTestCase+MemoryLeakTracking.swift in Sources */ = {isa = PBXBuildFile; fileRef = 1755E61328A40D4900164552 /* XCTestCase+MemoryLeakTracking.swift */; };
		1780E71F29B6B2BC00861CD4 /* SharedTestHelpers.swift in Sources */ = {isa = PBXBuildFile; fileRef = 170A04D8299E945700BA2BF1 /* SharedTestHelpers.swift */; };
		1780E72029B6B2C600861CD4 /* FeedCacheTestHelpers.swift in Sources */ = {isa = PBXBuildFile; fileRef = 170A04D6299E93AA00BA2BF1 /* FeedCacheTestHelpers.swift */; };
		1780E74F29B8F2DF00861CD4 /* FeedAppiOS.framework in Frameworks */ = {isa = PBXBuildFile; fileRef = 1780E74729B8F2DF00861CD4 /* FeedAppiOS.framework */; };
		1780E78129B9098F00861CD4 /* XCTestCase+MemoryLeakTracking.swift in Sources */ = {isa = PBXBuildFile; fileRef = 1755E61328A40D4900164552 /* XCTestCase+MemoryLeakTracking.swift */; };
		1780E78F29B90C3C00861CD4 /* FeedComponents.framework in Frameworks */ = {isa = PBXBuildFile; fileRef = 1780E78729B90C3C00861CD4 /* FeedComponents.framework */; };
		1780E7A429B90D2700861CD4 /* FeedLoader.swift in Sources */ = {isa = PBXBuildFile; fileRef = 175DFEC62891B517006E4CB5 /* FeedLoader.swift */; };
		1780E7A529B90D2700861CD4 /* FeedImage.swift in Sources */ = {isa = PBXBuildFile; fileRef = 175DFEC42891B47E006E4CB5 /* FeedImage.swift */; };
		1780E7A629B90D2B00861CD4 /* RemoteFeedItem.swift in Sources */ = {isa = PBXBuildFile; fileRef = 17DC363E29842A1D007720EB /* RemoteFeedItem.swift */; };
		1780E7A729B90D2B00861CD4 /* RemoteFeedLoader.swift in Sources */ = {isa = PBXBuildFile; fileRef = 174D459E289977A3001AAC96 /* RemoteFeedLoader.swift */; };
		1780E7A829B90D2B00861CD4 /* HTTPClient.swift in Sources */ = {isa = PBXBuildFile; fileRef = 174D45EB289D6A9C001AAC96 /* HTTPClient.swift */; };
		1780E7A929B90D2B00861CD4 /* URLSessionHTTPClient.swift in Sources */ = {isa = PBXBuildFile; fileRef = 177CDEC82970AFFA00D74391 /* URLSessionHTTPClient.swift */; };
		1780E7AA29B90D2B00861CD4 /* FeedItemsMapper.swift in Sources */ = {isa = PBXBuildFile; fileRef = 174D45ED289D6AD7001AAC96 /* FeedItemsMapper.swift */; };
		1780E7AF29B90D3600861CD4 /* LocalFeedLoader.swift in Sources */ = {isa = PBXBuildFile; fileRef = 17DC363C29842170007720EB /* LocalFeedLoader.swift */; };
		1780E7B029B90D3600861CD4 /* FeedCachePolicy.swift in Sources */ = {isa = PBXBuildFile; fileRef = 170A04DC299E9A9300BA2BF1 /* FeedCachePolicy.swift */; };
		1780E7B129B90D3600861CD4 /* FeedStore.swift in Sources */ = {isa = PBXBuildFile; fileRef = 17DC363A29842128007720EB /* FeedStore.swift */; };
		1780E7B229B90D3600861CD4 /* LocalFeedImage.swift in Sources */ = {isa = PBXBuildFile; fileRef = 17DC364029842A5B007720EB /* LocalFeedImage.swift */; };
		1780E7B329B90D3F00861CD4 /* FeedStore.xcdatamodeld in Sources */ = {isa = PBXBuildFile; fileRef = 174145A729B508CC00C53533 /* FeedStore.xcdatamodeld */; };
		1780E7B429B90D4300861CD4 /* ManagedCache.swift in Sources */ = {isa = PBXBuildFile; fileRef = 1780E70D29B6A81700861CD4 /* ManagedCache.swift */; };
		1780E7B529B90D4300861CD4 /* ManagedFeedImage.swift in Sources */ = {isa = PBXBuildFile; fileRef = 1780E70F29B6A84700861CD4 /* ManagedFeedImage.swift */; };
		1780E7B629B90D4300861CD4 /* CoreDataFeedStore.swift in Sources */ = {isa = PBXBuildFile; fileRef = 174145AB29B50D2D00C53533 /* CoreDataFeedStore.swift */; };
		1780E7B729B90D4300861CD4 /* CoreDataHelpers.swift in Sources */ = {isa = PBXBuildFile; fileRef = 1780E70829B6A74700861CD4 /* CoreDataHelpers.swift */; };
		1780E7B829B90D5300861CD4 /* XCTestCase+FeedStoreSpecs.swift in Sources */ = {isa = PBXBuildFile; fileRef = 1741459529A9749800C53533 /* XCTestCase+FeedStoreSpecs.swift */; };
		1780E7B929B90D5300861CD4 /* FeedStoreSpec.swift in Sources */ = {isa = PBXBuildFile; fileRef = 1741459329A973F200C53533 /* FeedStoreSpec.swift */; };
		1780E7BA29B90D5300861CD4 /* XCTestCase+FailableDeleteFeedStoreSpecs.swift in Sources */ = {isa = PBXBuildFile; fileRef = 1741459D29B504CF00C53533 /* XCTestCase+FailableDeleteFeedStoreSpecs.swift */; };
		1780E7BB29B90D5300861CD4 /* XCTestCase+FailableInsertFeedStoreSpecs.swift in Sources */ = {isa = PBXBuildFile; fileRef = 1741459B29B5045000C53533 /* XCTestCase+FailableInsertFeedStoreSpecs.swift */; };
		1780E7BC29B90D5300861CD4 /* XCTestCase+FailableRetrieveFeedStoreSpecs.swift in Sources */ = {isa = PBXBuildFile; fileRef = 1741459729B503B700C53533 /* XCTestCase+FailableRetrieveFeedStoreSpecs.swift */; };
		1780E7BD29B90D5E00861CD4 /* FeedStoreSpy.swift in Sources */ = {isa = PBXBuildFile; fileRef = 1740802829880CE600495430 /* FeedStoreSpy.swift */; };
		1780E7BE29B90D5F00861CD4 /* FeedCacheTestHelpers.swift in Sources */ = {isa = PBXBuildFile; fileRef = 170A04D6299E93AA00BA2BF1 /* FeedCacheTestHelpers.swift */; };
		1780E7BF29B90D5F00861CD4 /* FeedStoreSpy.swift in Sources */ = {isa = PBXBuildFile; fileRef = 1740802829880CE600495430 /* FeedStoreSpy.swift */; };
		1780E7C029B90D6500861CD4 /* ValidateFeedCacheUseCaseTests.swift in Sources */ = {isa = PBXBuildFile; fileRef = 170A04DA299E955D00BA2BF1 /* ValidateFeedCacheUseCaseTests.swift */; };
		1780E7C129B90D6500861CD4 /* LoadFeedFromCacheUseCaseTests.swift in Sources */ = {isa = PBXBuildFile; fileRef = 1740802529880B4300495430 /* LoadFeedFromCacheUseCaseTests.swift */; };
		1780E7C229B90D6500861CD4 /* CacheFeedUseCaseTests.swift in Sources */ = {isa = PBXBuildFile; fileRef = 17DC36032981D5B1007720EB /* CacheFeedUseCaseTests.swift */; };
		1780E7C329B90D6500861CD4 /* CoreDataFeedStoreTests.swift in Sources */ = {isa = PBXBuildFile; fileRef = 174145A929B50CDB00C53533 /* CoreDataFeedStoreTests.swift */; };
		1780E7C429B90D7400861CD4 /* XCTestCase+MemoryLeakTracking.swift in Sources */ = {isa = PBXBuildFile; fileRef = 1755E61328A40D4900164552 /* XCTestCase+MemoryLeakTracking.swift */; };
		1780E7C529B90D7E00861CD4 /* SharedTestHelpers.swift in Sources */ = {isa = PBXBuildFile; fileRef = 170A04D8299E945700BA2BF1 /* SharedTestHelpers.swift */; };
		1780E7C629B90D8800861CD4 /* URLSessionHTTPClientTests.swift in Sources */ = {isa = PBXBuildFile; fileRef = 174D45F0289D888C001AAC96 /* URLSessionHTTPClientTests.swift */; };
		1780E7C729B90D8800861CD4 /* LoadFeedFromRemoteUseCaseTests.swift in Sources */ = {isa = PBXBuildFile; fileRef = 175DFED828995F15006E4CB5 /* LoadFeedFromRemoteUseCaseTests.swift */; };
		1780E7C829B90E1D00861CD4 /* FeedComponents.framework in Frameworks */ = {isa = PBXBuildFile; fileRef = 1780E78729B90C3C00861CD4 /* FeedComponents.framework */; };
		1780E7DB29BA391F00861CD4 /* FeedViewController.swift in Sources */ = {isa = PBXBuildFile; fileRef = 1780E7DA29BA391F00861CD4 /* FeedViewController.swift */; };
		1780E7DD29BA3CF300861CD4 /* FeedImageCell.swift in Sources */ = {isa = PBXBuildFile; fileRef = 1780E7DC29BA3CF300861CD4 /* FeedImageCell.swift */; };
		178A02A62A5EE630000497B9 /* UIImage+TestHelpers.swift in Sources */ = {isa = PBXBuildFile; fileRef = 178A02A52A5EE630000497B9 /* UIImage+TestHelpers.swift */; };
		178A02AA2A5EE7E4000497B9 /* UITableView+HeaderSizing.swift in Sources */ = {isa = PBXBuildFile; fileRef = 178A02A92A5EE7E4000497B9 /* UITableView+HeaderSizing.swift */; };
		17A73E742A5EE93300B6EEB7 /* FeedSnapshotTests.swift in Sources */ = {isa = PBXBuildFile; fileRef = 17A73E732A5EE93300B6EEB7 /* FeedSnapshotTests.swift */; };
		17B038402A374CE800D2E326 /* ErrorView.swift in Sources */ = {isa = PBXBuildFile; fileRef = 17B0383F2A374CE800D2E326 /* ErrorView.swift */; };
		17B038452A37514B00D2E326 /* UIRefreshControl+Helpers.swift in Sources */ = {isa = PBXBuildFile; fileRef = 17B038442A37514B00D2E326 /* UIRefreshControl+Helpers.swift */; };
		17B0DF0D2A5EF17500BBF9E6 /* UIViewController+Snapshot.swift in Sources */ = {isa = PBXBuildFile; fileRef = 17B0DF0C2A5EF17500BBF9E6 /* UIViewController+Snapshot.swift */; };
		17B0DF0F2A5EF1DF00BBF9E6 /* XCTestCase+Snapshot.swift in Sources */ = {isa = PBXBuildFile; fileRef = 17B0DF0E2A5EF1DF00BBF9E6 /* XCTestCase+Snapshot.swift */; };
		17B5B01B2A7007D3000E4DDA /* RemoteLoaderTests.swift in Sources */ = {isa = PBXBuildFile; fileRef = 17B5B01A2A7007D3000E4DDA /* RemoteLoaderTests.swift */; };
		17B5B01D2A70088D000E4DDA /* RemoteLoader.swift in Sources */ = {isa = PBXBuildFile; fileRef = 17B5B01C2A70088D000E4DDA /* RemoteLoader.swift */; };
/* End PBXBuildFile section */

/* Begin PBXContainerItemProxy section */
		1755393B2A5B59520052CF1A /* PBXContainerItemProxy */ = {
			isa = PBXContainerItemProxy;
			containerPortal = 175DFE8E2891B459006E4CB5 /* Project object */;
			proxyType = 1;
			remoteGlobalIDString = 1780E78629B90C3C00861CD4;
			remoteInfo = FeedComponents;
		};
		1755393D2A5B59580052CF1A /* PBXContainerItemProxy */ = {
			isa = PBXContainerItemProxy;
			containerPortal = 175DFE8E2891B459006E4CB5 /* Project object */;
			proxyType = 1;
			remoteGlobalIDString = 1780E78629B90C3C00861CD4;
			remoteInfo = FeedComponents;
		};
		1780E75029B8F2DF00861CD4 /* PBXContainerItemProxy */ = {
			isa = PBXContainerItemProxy;
			containerPortal = 175DFE8E2891B459006E4CB5 /* Project object */;
			proxyType = 1;
			remoteGlobalIDString = 1780E74629B8F2DF00861CD4;
			remoteInfo = FeedAppiOS;
		};
		1780E79029B90C3C00861CD4 /* PBXContainerItemProxy */ = {
			isa = PBXContainerItemProxy;
			containerPortal = 175DFE8E2891B459006E4CB5 /* Project object */;
			proxyType = 1;
			remoteGlobalIDString = 1780E78629B90C3C00861CD4;
			remoteInfo = FeedComponents;
		};
/* End PBXContainerItemProxy section */

/* Begin PBXFileReference section */
		170A04D6299E93AA00BA2BF1 /* FeedCacheTestHelpers.swift */ = {isa = PBXFileReference; lastKnownFileType = sourcecode.swift; path = FeedCacheTestHelpers.swift; sourceTree = "<group>"; };
		170A04D8299E945700BA2BF1 /* SharedTestHelpers.swift */ = {isa = PBXFileReference; lastKnownFileType = sourcecode.swift; path = SharedTestHelpers.swift; sourceTree = "<group>"; };
		170A04DA299E955D00BA2BF1 /* ValidateFeedCacheUseCaseTests.swift */ = {isa = PBXFileReference; lastKnownFileType = sourcecode.swift; path = ValidateFeedCacheUseCaseTests.swift; sourceTree = "<group>"; };
		170A04DC299E9A9300BA2BF1 /* FeedCachePolicy.swift */ = {isa = PBXFileReference; lastKnownFileType = sourcecode.swift; path = FeedCachePolicy.swift; sourceTree = "<group>"; };
		171704722A41FE5D005E1904 /* LoadFeedImageDataFromRemoteUseCaseTests.swift */ = {isa = PBXFileReference; lastKnownFileType = sourcecode.swift; path = LoadFeedImageDataFromRemoteUseCaseTests.swift; sourceTree = "<group>"; };
		171704752A434394005E1904 /* HTTPClientSpy.swift */ = {isa = PBXFileReference; lastKnownFileType = sourcecode.swift; path = HTTPClientSpy.swift; sourceTree = "<group>"; };
		171704772A43442D005E1904 /* RemoteFeedImageDataLoader.swift */ = {isa = PBXFileReference; lastKnownFileType = sourcecode.swift; path = RemoteFeedImageDataLoader.swift; sourceTree = "<group>"; };
		1717047A2A4349FD005E1904 /* HTTPURLResponse+StatusCode.swift */ = {isa = PBXFileReference; lastKnownFileType = sourcecode.swift; path = "HTTPURLResponse+StatusCode.swift"; sourceTree = "<group>"; };
		1717047C2A434A83005E1904 /* URLProtocolStub.swift */ = {isa = PBXFileReference; lastKnownFileType = sourcecode.swift; path = URLProtocolStub.swift; sourceTree = "<group>"; };
		172490872A0A9A0F008CB44F /* Feed.xcassets */ = {isa = PBXFileReference; lastKnownFileType = folder.assetcatalog; path = Feed.xcassets; sourceTree = "<group>"; };
		172490892A0AA072008CB44F /* Feed.storyboard */ = {isa = PBXFileReference; fileEncoding = 4; lastKnownFileType = file.storyboard; path = Feed.storyboard; sourceTree = "<group>"; };
		1724908B2A0AA4A3008CB44F /* UITableView+Dequeueing.swift */ = {isa = PBXFileReference; lastKnownFileType = sourcecode.swift; path = "UITableView+Dequeueing.swift"; sourceTree = "<group>"; };
		173042822A40AD9E0017DC9E /* FeedPresenterTests.swift */ = {isa = PBXFileReference; lastKnownFileType = sourcecode.swift; path = FeedPresenterTests.swift; sourceTree = "<group>"; };
		173042892A40B5B70017DC9E /* en */ = {isa = PBXFileReference; lastKnownFileType = text.plist.strings; name = en; path = en.lproj/Feed.strings; sourceTree = "<group>"; };
		1730428A2A40B5B70017DC9E /* pt-BR */ = {isa = PBXFileReference; lastKnownFileType = text.plist.strings; name = "pt-BR"; path = "pt-BR.lproj/Feed.strings"; sourceTree = "<group>"; };
		1730428B2A40B5B70017DC9E /* el */ = {isa = PBXFileReference; lastKnownFileType = text.plist.strings; name = el; path = el.lproj/Feed.strings; sourceTree = "<group>"; };
		1730428F2A40B6A80017DC9E /* FeedPresenter.swift */ = {isa = PBXFileReference; lastKnownFileType = sourcecode.swift; path = FeedPresenter.swift; sourceTree = "<group>"; };
		173042922A40B6FA0017DC9E /* FeedViewModel.swift */ = {isa = PBXFileReference; lastKnownFileType = sourcecode.swift; path = FeedViewModel.swift; sourceTree = "<group>"; };
		173042942A40B7510017DC9E /* FeedLoadingViewModel.swift */ = {isa = PBXFileReference; lastKnownFileType = sourcecode.swift; path = FeedLoadingViewModel.swift; sourceTree = "<group>"; };
		173042962A40B7680017DC9E /* FeedErrorViewModel.swift */ = {isa = PBXFileReference; lastKnownFileType = sourcecode.swift; path = FeedErrorViewModel.swift; sourceTree = "<group>"; };
		173042982A40BC610017DC9E /* FeedImagePresenterTests.swift */ = {isa = PBXFileReference; lastKnownFileType = sourcecode.swift; path = FeedImagePresenterTests.swift; sourceTree = "<group>"; };
		1730429A2A40C3F30017DC9E /* FeedImagePresenter.swift */ = {isa = PBXFileReference; lastKnownFileType = sourcecode.swift; path = FeedImagePresenter.swift; sourceTree = "<group>"; };
		1730429C2A40C44B0017DC9E /* FeedImageViewModel.swift */ = {isa = PBXFileReference; lastKnownFileType = sourcecode.swift; path = FeedImageViewModel.swift; sourceTree = "<group>"; };
		1740802529880B4300495430 /* LoadFeedFromCacheUseCaseTests.swift */ = {isa = PBXFileReference; lastKnownFileType = sourcecode.swift; path = LoadFeedFromCacheUseCaseTests.swift; sourceTree = "<group>"; };
		1740802829880CE600495430 /* FeedStoreSpy.swift */ = {isa = PBXFileReference; lastKnownFileType = sourcecode.swift; path = FeedStoreSpy.swift; sourceTree = "<group>"; };
		1741459329A973F200C53533 /* FeedStoreSpec.swift */ = {isa = PBXFileReference; lastKnownFileType = sourcecode.swift; path = FeedStoreSpec.swift; sourceTree = "<group>"; };
		1741459529A9749800C53533 /* XCTestCase+FeedStoreSpecs.swift */ = {isa = PBXFileReference; lastKnownFileType = sourcecode.swift; path = "XCTestCase+FeedStoreSpecs.swift"; sourceTree = "<group>"; };
		1741459729B503B700C53533 /* XCTestCase+FailableRetrieveFeedStoreSpecs.swift */ = {isa = PBXFileReference; lastKnownFileType = sourcecode.swift; path = "XCTestCase+FailableRetrieveFeedStoreSpecs.swift"; sourceTree = "<group>"; };
		1741459B29B5045000C53533 /* XCTestCase+FailableInsertFeedStoreSpecs.swift */ = {isa = PBXFileReference; lastKnownFileType = sourcecode.swift; path = "XCTestCase+FailableInsertFeedStoreSpecs.swift"; sourceTree = "<group>"; };
		1741459D29B504CF00C53533 /* XCTestCase+FailableDeleteFeedStoreSpecs.swift */ = {isa = PBXFileReference; lastKnownFileType = sourcecode.swift; path = "XCTestCase+FailableDeleteFeedStoreSpecs.swift"; sourceTree = "<group>"; };
		174145A829B508CC00C53533 /* FeedStore.xcdatamodel */ = {isa = PBXFileReference; lastKnownFileType = wrapper.xcdatamodel; path = FeedStore.xcdatamodel; sourceTree = "<group>"; };
		174145A929B50CDB00C53533 /* CoreDataFeedStoreTests.swift */ = {isa = PBXFileReference; lastKnownFileType = sourcecode.swift; path = CoreDataFeedStoreTests.swift; sourceTree = "<group>"; };
		174145AB29B50D2D00C53533 /* CoreDataFeedStore.swift */ = {isa = PBXFileReference; lastKnownFileType = sourcecode.swift; path = CoreDataFeedStore.swift; sourceTree = "<group>"; };
		174D459E289977A3001AAC96 /* RemoteFeedLoader.swift */ = {isa = PBXFileReference; lastKnownFileType = sourcecode.swift; path = RemoteFeedLoader.swift; sourceTree = "<group>"; };
		174D45EB289D6A9C001AAC96 /* HTTPClient.swift */ = {isa = PBXFileReference; lastKnownFileType = sourcecode.swift; path = HTTPClient.swift; sourceTree = "<group>"; };
		174D45ED289D6AD7001AAC96 /* FeedItemsMapper.swift */ = {isa = PBXFileReference; lastKnownFileType = sourcecode.swift; path = FeedItemsMapper.swift; sourceTree = "<group>"; };
		174D45F0289D888C001AAC96 /* URLSessionHTTPClientTests.swift */ = {isa = PBXFileReference; lastKnownFileType = sourcecode.swift; path = URLSessionHTTPClientTests.swift; sourceTree = "<group>"; };
		174D46412A434C3400A7C0BB /* LoadFeedImageDataFromCacheUseCaseTests.swift */ = {isa = PBXFileReference; lastKnownFileType = sourcecode.swift; path = LoadFeedImageDataFromCacheUseCaseTests.swift; sourceTree = "<group>"; };
		174D46432A43515100A7C0BB /* FeedImageDataStore.swift */ = {isa = PBXFileReference; lastKnownFileType = sourcecode.swift; path = FeedImageDataStore.swift; sourceTree = "<group>"; };
		174D46452A43516800A7C0BB /* LocalFeedImageDataLoader.swift */ = {isa = PBXFileReference; lastKnownFileType = sourcecode.swift; path = LocalFeedImageDataLoader.swift; sourceTree = "<group>"; };
		174D46472A4354D200A7C0BB /* FeedImageDataStoreSpy.swift */ = {isa = PBXFileReference; lastKnownFileType = sourcecode.swift; path = FeedImageDataStoreSpy.swift; sourceTree = "<group>"; };
		174D468A2A4C847600A7C0BB /* CacheFeedImageDataUseCaseTests.swift */ = {isa = PBXFileReference; lastKnownFileType = sourcecode.swift; path = CacheFeedImageDataUseCaseTests.swift; sourceTree = "<group>"; };
		174D468C2A4C866D00A7C0BB /* CoreDataFeedImageDataStoreTests.swift */ = {isa = PBXFileReference; lastKnownFileType = sourcecode.swift; path = CoreDataFeedImageDataStoreTests.swift; sourceTree = "<group>"; };
		174D468F2A4C896300A7C0BB /* FeedStore 2.xcdatamodel */ = {isa = PBXFileReference; lastKnownFileType = wrapper.xcdatamodel; path = "FeedStore 2.xcdatamodel"; sourceTree = "<group>"; };
		174D46902A4C89BC00A7C0BB /* CoreDataFeedStore+FeedImageDataLoader.swift */ = {isa = PBXFileReference; lastKnownFileType = sourcecode.swift; path = "CoreDataFeedStore+FeedImageDataLoader.swift"; sourceTree = "<group>"; };
		174D46922A4CAA0200A7C0BB /* CoreDataFeedStore+FeedStore.swift */ = {isa = PBXFileReference; lastKnownFileType = sourcecode.swift; path = "CoreDataFeedStore+FeedStore.swift"; sourceTree = "<group>"; };
		174E69ED2A30D9FC00C9A501 /* FeedLocalizationTests.swift */ = {isa = PBXFileReference; lastKnownFileType = sourcecode.swift; path = FeedLocalizationTests.swift; sourceTree = "<group>"; };
		175109A52A69C1FD008A89B3 /* LoadImageCommentsFromRemoteUseCaseTests.swift */ = {isa = PBXFileReference; lastKnownFileType = sourcecode.swift; path = LoadImageCommentsFromRemoteUseCaseTests.swift; sourceTree = "<group>"; };
		175109A72A69C24F008A89B3 /* ImageCommentsMapper.swift */ = {isa = PBXFileReference; lastKnownFileType = sourcecode.swift; path = ImageCommentsMapper.swift; sourceTree = "<group>"; };
		175109A92A69C274008A89B3 /* RemoteImageCommentsLoader.swift */ = {isa = PBXFileReference; lastKnownFileType = sourcecode.swift; path = RemoteImageCommentsLoader.swift; sourceTree = "<group>"; };
		175109AC2A69C553008A89B3 /* ImageComment.swift */ = {isa = PBXFileReference; lastKnownFileType = sourcecode.swift; path = ImageComment.swift; sourceTree = "<group>"; };
		1753C0872A1FF42500CC9CFB /* UIImageView+Animations.swift */ = {isa = PBXFileReference; lastKnownFileType = sourcecode.swift; path = "UIImageView+Animations.swift"; sourceTree = "<group>"; };
		1755391C2A5861770052CF1A /* FeedCache.swift */ = {isa = PBXFileReference; lastKnownFileType = sourcecode.swift; path = FeedCache.swift; sourceTree = "<group>"; };
		175539272A58656C0052CF1A /* FeedImageDataCache.swift */ = {isa = PBXFileReference; lastKnownFileType = sourcecode.swift; path = FeedImageDataCache.swift; sourceTree = "<group>"; };
		175539742A5EE4E70052CF1A /* Snapshots */ = {isa = PBXFileReference; lastKnownFileType = folder; path = Snapshots; sourceTree = "<group>"; };
		1755E61328A40D4900164552 /* XCTestCase+MemoryLeakTracking.swift */ = {isa = PBXFileReference; lastKnownFileType = sourcecode.swift; path = "XCTestCase+MemoryLeakTracking.swift"; sourceTree = "<group>"; };
		175DFE992891B459006E4CB5 /* AppDelegate.swift */ = {isa = PBXFileReference; lastKnownFileType = sourcecode.swift; path = AppDelegate.swift; sourceTree = "<group>"; };
		175DFEA22891B459006E4CB5 /* FeedApp.entitlements */ = {isa = PBXFileReference; lastKnownFileType = text.plist.entitlements; path = FeedApp.entitlements; sourceTree = "<group>"; };
		175DFEC42891B47E006E4CB5 /* FeedImage.swift */ = {isa = PBXFileReference; lastKnownFileType = sourcecode.swift; path = FeedImage.swift; sourceTree = "<group>"; };
		175DFEC62891B517006E4CB5 /* FeedLoader.swift */ = {isa = PBXFileReference; lastKnownFileType = sourcecode.swift; path = FeedLoader.swift; sourceTree = "<group>"; };
		175DFED828995F15006E4CB5 /* LoadFeedFromRemoteUseCaseTests.swift */ = {isa = PBXFileReference; lastKnownFileType = sourcecode.swift; path = LoadFeedFromRemoteUseCaseTests.swift; sourceTree = "<group>"; };
		176E03E729F99D19002AF6CB /* UIView+Shimmering.swift */ = {isa = PBXFileReference; lastKnownFileType = sourcecode.swift; path = "UIView+Shimmering.swift"; sourceTree = "<group>"; };
		176E03FE29FADF16002AF6CB /* FeedImageDataLoader.swift */ = {isa = PBXFileReference; lastKnownFileType = sourcecode.swift; path = FeedImageDataLoader.swift; sourceTree = "<group>"; };
		176E040229FAE330002AF6CB /* FeedImageCellController.swift */ = {isa = PBXFileReference; lastKnownFileType = sourcecode.swift; path = FeedImageCellController.swift; sourceTree = "<group>"; };
		177CDEC82970AFFA00D74391 /* URLSessionHTTPClient.swift */ = {isa = PBXFileReference; lastKnownFileType = sourcecode.swift; path = URLSessionHTTPClient.swift; sourceTree = "<group>"; };
		177CDECE2970B2CA00D74391 /* FeedComponentsAPIEndToEndTests.xctest */ = {isa = PBXFileReference; explicitFileType = wrapper.cfbundle; includeInIndex = 0; path = FeedComponentsAPIEndToEndTests.xctest; sourceTree = BUILT_PRODUCTS_DIR; };
		177CDED02970B2CA00D74391 /* FeedComponentsAPIEndToEndTests.swift */ = {isa = PBXFileReference; lastKnownFileType = sourcecode.swift; path = FeedComponentsAPIEndToEndTests.swift; sourceTree = "<group>"; };
		177CDED72971A7E100D74391 /* Info.plist */ = {isa = PBXFileReference; lastKnownFileType = text.plist; path = Info.plist; sourceTree = "<group>"; };
		1780E70829B6A74700861CD4 /* CoreDataHelpers.swift */ = {isa = PBXFileReference; lastKnownFileType = sourcecode.swift; path = CoreDataHelpers.swift; sourceTree = "<group>"; };
		1780E70D29B6A81700861CD4 /* ManagedCache.swift */ = {isa = PBXFileReference; lastKnownFileType = sourcecode.swift; path = ManagedCache.swift; sourceTree = "<group>"; };
		1780E70F29B6A84700861CD4 /* ManagedFeedImage.swift */ = {isa = PBXFileReference; lastKnownFileType = sourcecode.swift; path = ManagedFeedImage.swift; sourceTree = "<group>"; };
		1780E71529B6AAD200861CD4 /* FeedComponentsCacheIntegrationTests.xctest */ = {isa = PBXFileReference; explicitFileType = wrapper.cfbundle; includeInIndex = 0; path = FeedComponentsCacheIntegrationTests.xctest; sourceTree = BUILT_PRODUCTS_DIR; };
		1780E71729B6AAD200861CD4 /* FeedComponentsCacheIntegrationTests.swift */ = {isa = PBXFileReference; lastKnownFileType = sourcecode.swift; path = FeedComponentsCacheIntegrationTests.swift; sourceTree = "<group>"; };
		1780E74729B8F2DF00861CD4 /* FeedAppiOS.framework */ = {isa = PBXFileReference; explicitFileType = wrapper.framework; includeInIndex = 0; path = FeedAppiOS.framework; sourceTree = BUILT_PRODUCTS_DIR; };
		1780E74E29B8F2DF00861CD4 /* FeedAppiOSTests.xctest */ = {isa = PBXFileReference; explicitFileType = wrapper.cfbundle; includeInIndex = 0; path = FeedAppiOSTests.xctest; sourceTree = BUILT_PRODUCTS_DIR; };
		1780E76129B907FE00861CD4 /* FeedApp.xcodeproj */ = {isa = PBXFileReference; lastKnownFileType = "wrapper.pb-project"; path = FeedApp.xcodeproj; sourceTree = "<group>"; };
		1780E78729B90C3C00861CD4 /* FeedComponents.framework */ = {isa = PBXFileReference; explicitFileType = wrapper.framework; includeInIndex = 0; path = FeedComponents.framework; sourceTree = BUILT_PRODUCTS_DIR; };
		1780E78E29B90C3C00861CD4 /* FeedComponentsTests.xctest */ = {isa = PBXFileReference; explicitFileType = wrapper.cfbundle; includeInIndex = 0; path = FeedComponentsTests.xctest; sourceTree = BUILT_PRODUCTS_DIR; };
		1780E7DA29BA391F00861CD4 /* FeedViewController.swift */ = {isa = PBXFileReference; lastKnownFileType = sourcecode.swift; path = FeedViewController.swift; sourceTree = "<group>"; };
		1780E7DC29BA3CF300861CD4 /* FeedImageCell.swift */ = {isa = PBXFileReference; lastKnownFileType = sourcecode.swift; path = FeedImageCell.swift; sourceTree = "<group>"; };
		178A02A52A5EE630000497B9 /* UIImage+TestHelpers.swift */ = {isa = PBXFileReference; lastKnownFileType = sourcecode.swift; path = "UIImage+TestHelpers.swift"; sourceTree = "<group>"; };
		178A02A92A5EE7E4000497B9 /* UITableView+HeaderSizing.swift */ = {isa = PBXFileReference; lastKnownFileType = sourcecode.swift; path = "UITableView+HeaderSizing.swift"; sourceTree = "<group>"; };
		17A73E732A5EE93300B6EEB7 /* FeedSnapshotTests.swift */ = {isa = PBXFileReference; fileEncoding = 4; lastKnownFileType = sourcecode.swift; path = FeedSnapshotTests.swift; sourceTree = "<group>"; };
		17B0383F2A374CE800D2E326 /* ErrorView.swift */ = {isa = PBXFileReference; lastKnownFileType = sourcecode.swift; path = ErrorView.swift; sourceTree = "<group>"; };
		17B038442A37514B00D2E326 /* UIRefreshControl+Helpers.swift */ = {isa = PBXFileReference; lastKnownFileType = sourcecode.swift; path = "UIRefreshControl+Helpers.swift"; sourceTree = "<group>"; };
		17B0DF0C2A5EF17500BBF9E6 /* UIViewController+Snapshot.swift */ = {isa = PBXFileReference; lastKnownFileType = sourcecode.swift; path = "UIViewController+Snapshot.swift"; sourceTree = "<group>"; };
		17B0DF0E2A5EF1DF00BBF9E6 /* XCTestCase+Snapshot.swift */ = {isa = PBXFileReference; lastKnownFileType = sourcecode.swift; path = "XCTestCase+Snapshot.swift"; sourceTree = "<group>"; };
		17B5B01A2A7007D3000E4DDA /* RemoteLoaderTests.swift */ = {isa = PBXFileReference; lastKnownFileType = sourcecode.swift; path = RemoteLoaderTests.swift; sourceTree = "<group>"; };
		17B5B01C2A70088D000E4DDA /* RemoteLoader.swift */ = {isa = PBXFileReference; lastKnownFileType = sourcecode.swift; path = RemoteLoader.swift; sourceTree = "<group>"; };
		17DC36032981D5B1007720EB /* CacheFeedUseCaseTests.swift */ = {isa = PBXFileReference; lastKnownFileType = sourcecode.swift; path = CacheFeedUseCaseTests.swift; sourceTree = "<group>"; };
		17DC363A29842128007720EB /* FeedStore.swift */ = {isa = PBXFileReference; lastKnownFileType = sourcecode.swift; path = FeedStore.swift; sourceTree = "<group>"; };
		17DC363C29842170007720EB /* LocalFeedLoader.swift */ = {isa = PBXFileReference; lastKnownFileType = sourcecode.swift; path = LocalFeedLoader.swift; sourceTree = "<group>"; };
		17DC363E29842A1D007720EB /* RemoteFeedItem.swift */ = {isa = PBXFileReference; lastKnownFileType = sourcecode.swift; path = RemoteFeedItem.swift; sourceTree = "<group>"; };
		17DC364029842A5B007720EB /* LocalFeedImage.swift */ = {isa = PBXFileReference; lastKnownFileType = sourcecode.swift; path = LocalFeedImage.swift; sourceTree = "<group>"; };
/* End PBXFileReference section */

/* Begin PBXFrameworksBuildPhase section */
		177CDECB2970B2CA00D74391 /* Frameworks */ = {
			isa = PBXFrameworksBuildPhase;
			buildActionMask = 2147483647;
			files = (
				1755393F2A5B59820052CF1A /* FeedComponents.framework in Frameworks */,
			);
			runOnlyForDeploymentPostprocessing = 0;
		};
		1780E71229B6AAD200861CD4 /* Frameworks */ = {
			isa = PBXFrameworksBuildPhase;
			buildActionMask = 2147483647;
			files = (
			);
			runOnlyForDeploymentPostprocessing = 0;
		};
		1780E74429B8F2DF00861CD4 /* Frameworks */ = {
			isa = PBXFrameworksBuildPhase;
			buildActionMask = 2147483647;
			files = (
				1780E7C829B90E1D00861CD4 /* FeedComponents.framework in Frameworks */,
			);
			runOnlyForDeploymentPostprocessing = 0;
		};
		1780E74B29B8F2DF00861CD4 /* Frameworks */ = {
			isa = PBXFrameworksBuildPhase;
			buildActionMask = 2147483647;
			files = (
				1780E74F29B8F2DF00861CD4 /* FeedAppiOS.framework in Frameworks */,
			);
			runOnlyForDeploymentPostprocessing = 0;
		};
		1780E78429B90C3C00861CD4 /* Frameworks */ = {
			isa = PBXFrameworksBuildPhase;
			buildActionMask = 2147483647;
			files = (
			);
			runOnlyForDeploymentPostprocessing = 0;
		};
		1780E78B29B90C3C00861CD4 /* Frameworks */ = {
			isa = PBXFrameworksBuildPhase;
			buildActionMask = 2147483647;
			files = (
				1780E78F29B90C3C00861CD4 /* FeedComponents.framework in Frameworks */,
			);
			runOnlyForDeploymentPostprocessing = 0;
		};
/* End PBXFrameworksBuildPhase section */

/* Begin PBXGroup section */
		171704792A4349E3005E1904 /* Helpers */ = {
			isa = PBXGroup;
			children = (
				1717047A2A4349FD005E1904 /* HTTPURLResponse+StatusCode.swift */,
			);
			path = Helpers;
			sourceTree = "<group>";
		};
		173042872A40B59F0017DC9E /* Feed Presentation */ = {
			isa = PBXGroup;
			children = (
				1730428F2A40B6A80017DC9E /* FeedPresenter.swift */,
				173042922A40B6FA0017DC9E /* FeedViewModel.swift */,
				173042942A40B7510017DC9E /* FeedLoadingViewModel.swift */,
				173042962A40B7680017DC9E /* FeedErrorViewModel.swift */,
				1730429A2A40C3F30017DC9E /* FeedImagePresenter.swift */,
				1730429C2A40C44B0017DC9E /* FeedImageViewModel.swift */,
				173042882A40B5B70017DC9E /* Feed.strings */,
			);
			path = "Feed Presentation";
			sourceTree = "<group>";
		};
		1740802729880CD100495430 /* Helpers */ = {
			isa = PBXGroup;
			children = (
				1740802829880CE600495430 /* FeedStoreSpy.swift */,
				170A04D6299E93AA00BA2BF1 /* FeedCacheTestHelpers.swift */,
			);
			path = Helpers;
			sourceTree = "<group>";
		};
		1741459F29B5055700C53533 /* FeedStoreSpecs */ = {
			isa = PBXGroup;
			children = (
				1741459329A973F200C53533 /* FeedStoreSpec.swift */,
				1741459529A9749800C53533 /* XCTestCase+FeedStoreSpecs.swift */,
				1741459729B503B700C53533 /* XCTestCase+FailableRetrieveFeedStoreSpecs.swift */,
				1741459B29B5045000C53533 /* XCTestCase+FailableInsertFeedStoreSpecs.swift */,
				1741459D29B504CF00C53533 /* XCTestCase+FailableDeleteFeedStoreSpecs.swift */,
			);
			path = FeedStoreSpecs;
			sourceTree = "<group>";
		};
		174145A429B508B400C53533 /* CoreData */ = {
			isa = PBXGroup;
			children = (
				174145AB29B50D2D00C53533 /* CoreDataFeedStore.swift */,
				1780E70829B6A74700861CD4 /* CoreDataHelpers.swift */,
				1780E70D29B6A81700861CD4 /* ManagedCache.swift */,
				1780E70F29B6A84700861CD4 /* ManagedFeedImage.swift */,
				174D46902A4C89BC00A7C0BB /* CoreDataFeedStore+FeedImageDataLoader.swift */,
				174D46922A4CAA0200A7C0BB /* CoreDataFeedStore+FeedStore.swift */,
				174145A729B508CC00C53533 /* FeedStore.xcdatamodeld */,
			);
			path = CoreData;
			sourceTree = "<group>";
		};
		174D459D28997782001AAC96 /* Feed API */ = {
			isa = PBXGroup;
			children = (
				17DC363E29842A1D007720EB /* RemoteFeedItem.swift */,
				174D459E289977A3001AAC96 /* RemoteFeedLoader.swift */,
				174D45ED289D6AD7001AAC96 /* FeedItemsMapper.swift */,
				171704772A43442D005E1904 /* RemoteFeedImageDataLoader.swift */,
				171704792A4349E3005E1904 /* Helpers */,
			);
			path = "Feed API";
			sourceTree = "<group>";
		};
		174D45EF289D74A9001AAC96 /* Feed API */ = {
			isa = PBXGroup;
			children = (
				175DFED828995F15006E4CB5 /* LoadFeedFromRemoteUseCaseTests.swift */,
				171704722A41FE5D005E1904 /* LoadFeedImageDataFromRemoteUseCaseTests.swift */,
			);
			path = "Feed API";
			sourceTree = "<group>";
		};
		174E69EC2A30D9B000C9A501 /* Feed Presentation */ = {
			isa = PBXGroup;
			children = (
				174E69ED2A30D9FC00C9A501 /* FeedLocalizationTests.swift */,
				173042822A40AD9E0017DC9E /* FeedPresenterTests.swift */,
				173042982A40BC610017DC9E /* FeedImagePresenterTests.swift */,
			);
			path = "Feed Presentation";
			sourceTree = "<group>";
		};
		175109AB2A69C53B008A89B3 /* Image Comments Feature */ = {
			isa = PBXGroup;
			children = (
				175109AC2A69C553008A89B3 /* ImageComment.swift */,
			);
			path = "Image Comments Feature";
			sourceTree = "<group>";
		};
		175109AE2A69C7F3008A89B3 /* Shared API */ = {
			isa = PBXGroup;
			children = (
				174D45EB289D6A9C001AAC96 /* HTTPClient.swift */,
				17B5B01C2A70088D000E4DDA /* RemoteLoader.swift */,
			);
			path = "Shared API";
			sourceTree = "<group>";
		};
		175109AF2A69C800008A89B3 /* Shared API Infra */ = {
			isa = PBXGroup;
			children = (
				177CDEC82970AFFA00D74391 /* URLSessionHTTPClient.swift */,
			);
			path = "Shared API Infra";
			sourceTree = "<group>";
		};
		175109B02A69C814008A89B3 /* Shared API Infra */ = {
			isa = PBXGroup;
			children = (
				175109B32A69C8C6008A89B3 /* Helpers */,
				174D45F0289D888C001AAC96 /* URLSessionHTTPClientTests.swift */,
			);
			path = "Shared API Infra";
			sourceTree = "<group>";
		};
		175109B12A69C814008A89B3 /* Shared API */ = {
			isa = PBXGroup;
			children = (
				175109B22A69C856008A89B3 /* Helpers */,
				17B5B01A2A7007D3000E4DDA /* RemoteLoaderTests.swift */,
			);
			path = "Shared API";
			sourceTree = "<group>";
		};
		175109B22A69C856008A89B3 /* Helpers */ = {
			isa = PBXGroup;
			children = (
				171704752A434394005E1904 /* HTTPClientSpy.swift */,
			);
			path = Helpers;
			sourceTree = "<group>";
		};
		175109B32A69C8C6008A89B3 /* Helpers */ = {
			isa = PBXGroup;
			children = (
				1717047C2A434A83005E1904 /* URLProtocolStub.swift */,
			);
			path = Helpers;
			sourceTree = "<group>";
		};
		175109B42A69C912008A89B3 /* Image Comments API */ = {
			isa = PBXGroup;
			children = (
				175109A92A69C274008A89B3 /* RemoteImageCommentsLoader.swift */,
				175109A72A69C24F008A89B3 /* ImageCommentsMapper.swift */,
			);
			path = "Image Comments API";
			sourceTree = "<group>";
		};
		175109B52A69C945008A89B3 /* Image Comments API */ = {
			isa = PBXGroup;
			children = (
				175109A52A69C1FD008A89B3 /* LoadImageCommentsFromRemoteUseCaseTests.swift */,
			);
			path = "Image Comments API";
			sourceTree = "<group>";
		};
		1755E61228A40D0800164552 /* Helpers */ = {
			isa = PBXGroup;
			children = (
				1755E61328A40D4900164552 /* XCTestCase+MemoryLeakTracking.swift */,
				170A04D8299E945700BA2BF1 /* SharedTestHelpers.swift */,
				174D46472A4354D200A7C0BB /* FeedImageDataStoreSpy.swift */,
			);
			path = Helpers;
			sourceTree = "<group>";
		};
		175DFE8D2891B459006E4CB5 = {
			isa = PBXGroup;
			children = (
				1780E78829B90C3C00861CD4 /* FeedComponents */,
				1780E79429B90C3C00861CD4 /* FeedComponentsTests */,
				177CDECF2970B2CA00D74391 /* FeedComponentsAPIEndToEndTests */,
				1780E71629B6AAD200861CD4 /* FeedComponentsCacheIntegrationTests */,
				1780E74829B8F2DF00861CD4 /* FeedAppiOS */,
				1780E75229B8F2DF00861CD4 /* FeedAppiOSTests */,
				175DFE982891B459006E4CB5 /* Resources */,
				175DFE972891B459006E4CB5 /* Products */,
				1780E76029B907FD00861CD4 /* Frameworks */,
			);
			sourceTree = "<group>";
		};
		175DFE972891B459006E4CB5 /* Products */ = {
			isa = PBXGroup;
			children = (
				177CDECE2970B2CA00D74391 /* FeedComponentsAPIEndToEndTests.xctest */,
				1780E71529B6AAD200861CD4 /* FeedComponentsCacheIntegrationTests.xctest */,
				1780E74729B8F2DF00861CD4 /* FeedAppiOS.framework */,
				1780E74E29B8F2DF00861CD4 /* FeedAppiOSTests.xctest */,
				1780E78729B90C3C00861CD4 /* FeedComponents.framework */,
				1780E78E29B90C3C00861CD4 /* FeedComponentsTests.xctest */,
			);
			name = Products;
			sourceTree = "<group>";
		};
		175DFE982891B459006E4CB5 /* Resources */ = {
			isa = PBXGroup;
			children = (
				175DFE992891B459006E4CB5 /* AppDelegate.swift */,
				175DFEA22891B459006E4CB5 /* FeedApp.entitlements */,
			);
			path = Resources;
			sourceTree = "<group>";
		};
		175DFED728995E7C006E4CB5 /* Feed Feature */ = {
			isa = PBXGroup;
			children = (
				175DFEC42891B47E006E4CB5 /* FeedImage.swift */,
				175DFEC62891B517006E4CB5 /* FeedLoader.swift */,
				1755391C2A5861770052CF1A /* FeedCache.swift */,
				175539272A58656C0052CF1A /* FeedImageDataCache.swift */,
				176E03FE29FADF16002AF6CB /* FeedImageDataLoader.swift */,
			);
			path = "Feed Feature";
			sourceTree = "<group>";
		};
		176E03EA29FAD1B4002AF6CB /* Controllers */ = {
			isa = PBXGroup;
			children = (
				1780E7DA29BA391F00861CD4 /* FeedViewController.swift */,
				176E040229FAE330002AF6CB /* FeedImageCellController.swift */,
				17B0383F2A374CE800D2E326 /* ErrorView.swift */,
				17B038412A37507700D2E326 /* Helpers */,
			);
			path = Controllers;
			sourceTree = "<group>";
		};
		176E03EB29FAD1E4002AF6CB /* Views */ = {
			isa = PBXGroup;
			children = (
				1780E7DC29BA3CF300861CD4 /* FeedImageCell.swift */,
				172490892A0AA072008CB44F /* Feed.storyboard */,
				172490872A0A9A0F008CB44F /* Feed.xcassets */,
				178A02A82A5EE7DB000497B9 /* Helpers */,
			);
			path = Views;
			sourceTree = "<group>";
		};
		176E03FB29FADEE5002AF6CB /* FeedUI */ = {
			isa = PBXGroup;
			children = (
				176E03EA29FAD1B4002AF6CB /* Controllers */,
				176E03EB29FAD1E4002AF6CB /* Views */,
			);
			path = FeedUI;
			sourceTree = "<group>";
		};
		177CDECF2970B2CA00D74391 /* FeedComponentsAPIEndToEndTests */ = {
			isa = PBXGroup;
			children = (
				177CDED72971A7E100D74391 /* Info.plist */,
				177CDED02970B2CA00D74391 /* FeedComponentsAPIEndToEndTests.swift */,
			);
			path = FeedComponentsAPIEndToEndTests;
			sourceTree = "<group>";
		};
		1780E70A29B6A75D00861CD4 /* Infrastucture */ = {
			isa = PBXGroup;
			children = (
				174145A429B508B400C53533 /* CoreData */,
			);
			path = Infrastucture;
			sourceTree = "<group>";
		};
		1780E71629B6AAD200861CD4 /* FeedComponentsCacheIntegrationTests */ = {
			isa = PBXGroup;
			children = (
				1780E71729B6AAD200861CD4 /* FeedComponentsCacheIntegrationTests.swift */,
			);
			path = FeedComponentsCacheIntegrationTests;
			sourceTree = "<group>";
		};
		1780E74829B8F2DF00861CD4 /* FeedAppiOS */ = {
			isa = PBXGroup;
			children = (
				176E03FB29FADEE5002AF6CB /* FeedUI */,
			);
			path = FeedAppiOS;
			sourceTree = "<group>";
		};
		1780E75229B8F2DF00861CD4 /* FeedAppiOSTests */ = {
			isa = PBXGroup;
			children = (
				17A73E732A5EE93300B6EEB7 /* FeedSnapshotTests.swift */,
				178A02A42A5EE627000497B9 /* Helpers */,
				175539742A5EE4E70052CF1A /* Snapshots */,
			);
			path = FeedAppiOSTests;
			sourceTree = "<group>";
		};
		1780E76029B907FD00861CD4 /* Frameworks */ = {
			isa = PBXGroup;
			children = (
				1780E76129B907FE00861CD4 /* FeedApp.xcodeproj */,
			);
			name = Frameworks;
			sourceTree = "<group>";
		};
		1780E76229B907FE00861CD4 /* Products */ = {
			isa = PBXGroup;
			name = Products;
			sourceTree = "<group>";
		};
		1780E78829B90C3C00861CD4 /* FeedComponents */ = {
			isa = PBXGroup;
			children = (
				175109AE2A69C7F3008A89B3 /* Shared API */,
				175109AF2A69C800008A89B3 /* Shared API Infra */,
				175109AB2A69C53B008A89B3 /* Image Comments Feature */,
				175109B42A69C912008A89B3 /* Image Comments API */,
				175DFED728995E7C006E4CB5 /* Feed Feature */,
				174D459D28997782001AAC96 /* Feed API */,
				17DC36392984210E007720EB /* Feed Cache */,
				173042872A40B59F0017DC9E /* Feed Presentation */,
			);
			path = FeedComponents;
			sourceTree = "<group>";
		};
		1780E79429B90C3C00861CD4 /* FeedComponentsTests */ = {
			isa = PBXGroup;
			children = (
				1755E61228A40D0800164552 /* Helpers */,
				175109B12A69C814008A89B3 /* Shared API */,
				175109B02A69C814008A89B3 /* Shared API Infra */,
				175109B52A69C945008A89B3 /* Image Comments API */,
				174D45EF289D74A9001AAC96 /* Feed API */,
				17DC36022981D572007720EB /* Feed Cache */,
				174E69EC2A30D9B000C9A501 /* Feed Presentation */,
			);
			path = FeedComponentsTests;
			sourceTree = "<group>";
		};
		178A02A42A5EE627000497B9 /* Helpers */ = {
			isa = PBXGroup;
			children = (
				178A02A52A5EE630000497B9 /* UIImage+TestHelpers.swift */,
				17B0DF0C2A5EF17500BBF9E6 /* UIViewController+Snapshot.swift */,
				17B0DF0E2A5EF1DF00BBF9E6 /* XCTestCase+Snapshot.swift */,
			);
			path = Helpers;
			sourceTree = "<group>";
		};
		178A02A82A5EE7DB000497B9 /* Helpers */ = {
			isa = PBXGroup;
			children = (
				178A02A92A5EE7E4000497B9 /* UITableView+HeaderSizing.swift */,
			);
			path = Helpers;
			sourceTree = "<group>";
		};
		17B038412A37507700D2E326 /* Helpers */ = {
			isa = PBXGroup;
			children = (
				1724908B2A0AA4A3008CB44F /* UITableView+Dequeueing.swift */,
				1753C0872A1FF42500CC9CFB /* UIImageView+Animations.swift */,
				176E03E729F99D19002AF6CB /* UIView+Shimmering.swift */,
				17B038442A37514B00D2E326 /* UIRefreshControl+Helpers.swift */,
			);
			path = Helpers;
			sourceTree = "<group>";
		};
		17DC36022981D572007720EB /* Feed Cache */ = {
			isa = PBXGroup;
			children = (
				1741459F29B5055700C53533 /* FeedStoreSpecs */,
				1740802729880CD100495430 /* Helpers */,
				17DC36032981D5B1007720EB /* CacheFeedUseCaseTests.swift */,
				1740802529880B4300495430 /* LoadFeedFromCacheUseCaseTests.swift */,
				170A04DA299E955D00BA2BF1 /* ValidateFeedCacheUseCaseTests.swift */,
				174145A929B50CDB00C53533 /* CoreDataFeedStoreTests.swift */,
				174D46412A434C3400A7C0BB /* LoadFeedImageDataFromCacheUseCaseTests.swift */,
				174D468A2A4C847600A7C0BB /* CacheFeedImageDataUseCaseTests.swift */,
				174D468C2A4C866D00A7C0BB /* CoreDataFeedImageDataStoreTests.swift */,
			);
			path = "Feed Cache";
			sourceTree = "<group>";
		};
		17DC36392984210E007720EB /* Feed Cache */ = {
			isa = PBXGroup;
			children = (
				17DC364029842A5B007720EB /* LocalFeedImage.swift */,
				17DC363C29842170007720EB /* LocalFeedLoader.swift */,
				170A04DC299E9A9300BA2BF1 /* FeedCachePolicy.swift */,
				17DC363A29842128007720EB /* FeedStore.swift */,
				174D46432A43515100A7C0BB /* FeedImageDataStore.swift */,
				174D46452A43516800A7C0BB /* LocalFeedImageDataLoader.swift */,
				1780E70A29B6A75D00861CD4 /* Infrastucture */,
			);
			path = "Feed Cache";
			sourceTree = "<group>";
		};
/* End PBXGroup section */

/* Begin PBXHeadersBuildPhase section */
		1780E74229B8F2DF00861CD4 /* Headers */ = {
			isa = PBXHeadersBuildPhase;
			buildActionMask = 2147483647;
			files = (
			);
			runOnlyForDeploymentPostprocessing = 0;
		};
		1780E78229B90C3C00861CD4 /* Headers */ = {
			isa = PBXHeadersBuildPhase;
			buildActionMask = 2147483647;
			files = (
			);
			runOnlyForDeploymentPostprocessing = 0;
		};
/* End PBXHeadersBuildPhase section */

/* Begin PBXNativeTarget section */
		177CDECD2970B2CA00D74391 /* FeedComponentsAPIEndToEndTests */ = {
			isa = PBXNativeTarget;
			buildConfigurationList = 177CDED42970B2CA00D74391 /* Build configuration list for PBXNativeTarget "FeedComponentsAPIEndToEndTests" */;
			buildPhases = (
				177CDECA2970B2CA00D74391 /* Sources */,
				177CDECB2970B2CA00D74391 /* Frameworks */,
				177CDECC2970B2CA00D74391 /* Resources */,
			);
			buildRules = (
			);
			dependencies = (
				1755393C2A5B59520052CF1A /* PBXTargetDependency */,
			);
			name = FeedComponentsAPIEndToEndTests;
			productName = FeedAppAPIEndToEndTests;
			productReference = 177CDECE2970B2CA00D74391 /* FeedComponentsAPIEndToEndTests.xctest */;
			productType = "com.apple.product-type.bundle.unit-test";
		};
		1780E71429B6AAD200861CD4 /* FeedComponentsCacheIntegrationTests */ = {
			isa = PBXNativeTarget;
			buildConfigurationList = 1780E71B29B6AAD200861CD4 /* Build configuration list for PBXNativeTarget "FeedComponentsCacheIntegrationTests" */;
			buildPhases = (
				1780E71129B6AAD200861CD4 /* Sources */,
				1780E71229B6AAD200861CD4 /* Frameworks */,
				1780E71329B6AAD200861CD4 /* Resources */,
			);
			buildRules = (
			);
			dependencies = (
				1755393E2A5B59580052CF1A /* PBXTargetDependency */,
			);
			name = FeedComponentsCacheIntegrationTests;
			productName = FeedAppCacheIntegrationTests;
			productReference = 1780E71529B6AAD200861CD4 /* FeedComponentsCacheIntegrationTests.xctest */;
			productType = "com.apple.product-type.bundle.unit-test";
		};
		1780E74629B8F2DF00861CD4 /* FeedAppiOS */ = {
			isa = PBXNativeTarget;
			buildConfigurationList = 1780E75629B8F2DF00861CD4 /* Build configuration list for PBXNativeTarget "FeedAppiOS" */;
			buildPhases = (
				1780E74229B8F2DF00861CD4 /* Headers */,
				1780E74329B8F2DF00861CD4 /* Sources */,
				1780E74429B8F2DF00861CD4 /* Frameworks */,
				1780E74529B8F2DF00861CD4 /* Resources */,
			);
			buildRules = (
			);
			dependencies = (
			);
			name = FeedAppiOS;
			productName = FeedAppiOS;
			productReference = 1780E74729B8F2DF00861CD4 /* FeedAppiOS.framework */;
			productType = "com.apple.product-type.framework";
		};
		1780E74D29B8F2DF00861CD4 /* FeedAppiOSTests */ = {
			isa = PBXNativeTarget;
			buildConfigurationList = 1780E75929B8F2DF00861CD4 /* Build configuration list for PBXNativeTarget "FeedAppiOSTests" */;
			buildPhases = (
				1780E74A29B8F2DF00861CD4 /* Sources */,
				1780E74B29B8F2DF00861CD4 /* Frameworks */,
				1780E74C29B8F2DF00861CD4 /* Resources */,
			);
			buildRules = (
			);
			dependencies = (
				1780E75129B8F2DF00861CD4 /* PBXTargetDependency */,
			);
			name = FeedAppiOSTests;
			productName = FeedAppiOSTests;
			productReference = 1780E74E29B8F2DF00861CD4 /* FeedAppiOSTests.xctest */;
			productType = "com.apple.product-type.bundle.unit-test";
		};
		1780E78629B90C3C00861CD4 /* FeedComponents */ = {
			isa = PBXNativeTarget;
			buildConfigurationList = 1780E79C29B90C3C00861CD4 /* Build configuration list for PBXNativeTarget "FeedComponents" */;
			buildPhases = (
				1780E78229B90C3C00861CD4 /* Headers */,
				1780E78329B90C3C00861CD4 /* Sources */,
				1780E78429B90C3C00861CD4 /* Frameworks */,
				1780E78529B90C3C00861CD4 /* Resources */,
			);
			buildRules = (
			);
			dependencies = (
			);
			name = FeedComponents;
			productName = FeedComponents;
			productReference = 1780E78729B90C3C00861CD4 /* FeedComponents.framework */;
			productType = "com.apple.product-type.framework";
		};
		1780E78D29B90C3C00861CD4 /* FeedComponentsTests */ = {
			isa = PBXNativeTarget;
			buildConfigurationList = 1780E7A029B90C3C00861CD4 /* Build configuration list for PBXNativeTarget "FeedComponentsTests" */;
			buildPhases = (
				1780E78A29B90C3C00861CD4 /* Sources */,
				1780E78B29B90C3C00861CD4 /* Frameworks */,
				1780E78C29B90C3C00861CD4 /* Resources */,
			);
			buildRules = (
			);
			dependencies = (
				1780E79129B90C3C00861CD4 /* PBXTargetDependency */,
			);
			name = FeedComponentsTests;
			productName = FeedComponentsTests;
			productReference = 1780E78E29B90C3C00861CD4 /* FeedComponentsTests.xctest */;
			productType = "com.apple.product-type.bundle.unit-test";
		};
/* End PBXNativeTarget section */

/* Begin PBXProject section */
		175DFE8E2891B459006E4CB5 /* Project object */ = {
			isa = PBXProject;
			attributes = {
				BuildIndependentTargetsInParallel = 1;
				LastSwiftUpdateCheck = 1420;
				LastUpgradeCheck = 1420;
				TargetAttributes = {
					177CDECD2970B2CA00D74391 = {
						CreatedOnToolsVersion = 14.2;
					};
					1780E71429B6AAD200861CD4 = {
						CreatedOnToolsVersion = 14.2;
					};
					1780E74629B8F2DF00861CD4 = {
						CreatedOnToolsVersion = 14.2;
						LastSwiftMigration = 1420;
					};
					1780E74D29B8F2DF00861CD4 = {
						CreatedOnToolsVersion = 14.2;
						LastSwiftMigration = 1420;
					};
					1780E78629B90C3C00861CD4 = {
						CreatedOnToolsVersion = 14.2;
					};
					1780E78D29B90C3C00861CD4 = {
						CreatedOnToolsVersion = 14.2;
					};
				};
			};
			buildConfigurationList = 175DFE912891B459006E4CB5 /* Build configuration list for PBXProject "FeedApp" */;
			compatibilityVersion = "Xcode 13.0";
			developmentRegion = en;
			hasScannedForEncodings = 0;
			knownRegions = (
				en,
				"pt-BR",
				el,
			);
			mainGroup = 175DFE8D2891B459006E4CB5;
			productRefGroup = 175DFE972891B459006E4CB5 /* Products */;
			projectDirPath = "";
			projectReferences = (
				{
					ProductGroup = 1780E76229B907FE00861CD4 /* Products */;
					ProjectRef = 1780E76129B907FE00861CD4 /* FeedApp.xcodeproj */;
				},
			);
			projectRoot = "";
			targets = (
				1780E78629B90C3C00861CD4 /* FeedComponents */,
				1780E78D29B90C3C00861CD4 /* FeedComponentsTests */,
				177CDECD2970B2CA00D74391 /* FeedComponentsAPIEndToEndTests */,
				1780E71429B6AAD200861CD4 /* FeedComponentsCacheIntegrationTests */,
				1780E74629B8F2DF00861CD4 /* FeedAppiOS */,
				1780E74D29B8F2DF00861CD4 /* FeedAppiOSTests */,
			);
		};
/* End PBXProject section */

/* Begin PBXResourcesBuildPhase section */
		177CDECC2970B2CA00D74391 /* Resources */ = {
			isa = PBXResourcesBuildPhase;
			buildActionMask = 2147483647;
			files = (
			);
			runOnlyForDeploymentPostprocessing = 0;
		};
		1780E71329B6AAD200861CD4 /* Resources */ = {
			isa = PBXResourcesBuildPhase;
			buildActionMask = 2147483647;
			files = (
			);
			runOnlyForDeploymentPostprocessing = 0;
		};
		1780E74529B8F2DF00861CD4 /* Resources */ = {
			isa = PBXResourcesBuildPhase;
			buildActionMask = 2147483647;
			files = (
				1724908A2A0AA072008CB44F /* Feed.storyboard in Resources */,
				172490882A0A9A0F008CB44F /* Feed.xcassets in Resources */,
			);
			runOnlyForDeploymentPostprocessing = 0;
		};
		1780E74C29B8F2DF00861CD4 /* Resources */ = {
			isa = PBXResourcesBuildPhase;
			buildActionMask = 2147483647;
			files = (
			);
			runOnlyForDeploymentPostprocessing = 0;
		};
		1780E78529B90C3C00861CD4 /* Resources */ = {
			isa = PBXResourcesBuildPhase;
			buildActionMask = 2147483647;
			files = (
				1730428D2A40B6190017DC9E /* Feed.strings in Resources */,
			);
			runOnlyForDeploymentPostprocessing = 0;
		};
		1780E78C29B90C3C00861CD4 /* Resources */ = {
			isa = PBXResourcesBuildPhase;
			buildActionMask = 2147483647;
			files = (
				1730428E2A40B6190017DC9E /* Feed.strings in Resources */,
			);
			runOnlyForDeploymentPostprocessing = 0;
		};
/* End PBXResourcesBuildPhase section */

/* Begin PBXSourcesBuildPhase section */
		177CDECA2970B2CA00D74391 /* Sources */ = {
			isa = PBXSourcesBuildPhase;
			buildActionMask = 2147483647;
			files = (
				177CDEDA2971B60A00D74391 /* XCTestCase+MemoryLeakTracking.swift in Sources */,
				1755393A2A5B4AB30052CF1A /* FeedComponentsAPIEndToEndTests.swift in Sources */,
			);
			runOnlyForDeploymentPostprocessing = 0;
		};
		1780E71129B6AAD200861CD4 /* Sources */ = {
			isa = PBXSourcesBuildPhase;
			buildActionMask = 2147483647;
			files = (
				1780E72029B6B2C600861CD4 /* FeedCacheTestHelpers.swift in Sources */,
				1780E71829B6AAD200861CD4 /* FeedComponentsCacheIntegrationTests.swift in Sources */,
				1780E7BD29B90D5E00861CD4 /* FeedStoreSpy.swift in Sources */,
				1780E71E29B6B19100861CD4 /* XCTestCase+MemoryLeakTracking.swift in Sources */,
				1780E71F29B6B2BC00861CD4 /* SharedTestHelpers.swift in Sources */,
			);
			runOnlyForDeploymentPostprocessing = 0;
		};
		1780E74329B8F2DF00861CD4 /* Sources */ = {
			isa = PBXSourcesBuildPhase;
			buildActionMask = 2147483647;
			files = (
				178A02AA2A5EE7E4000497B9 /* UITableView+HeaderSizing.swift in Sources */,
				17B038402A374CE800D2E326 /* ErrorView.swift in Sources */,
				17B038452A37514B00D2E326 /* UIRefreshControl+Helpers.swift in Sources */,
				1724908C2A0AA4A3008CB44F /* UITableView+Dequeueing.swift in Sources */,
				176E03E829F99D19002AF6CB /* UIView+Shimmering.swift in Sources */,
				1753C0882A1FF42500CC9CFB /* UIImageView+Animations.swift in Sources */,
				1780E7DB29BA391F00861CD4 /* FeedViewController.swift in Sources */,
				1780E7DD29BA3CF300861CD4 /* FeedImageCell.swift in Sources */,
				176E040329FAE330002AF6CB /* FeedImageCellController.swift in Sources */,
			);
			runOnlyForDeploymentPostprocessing = 0;
		};
		1780E74A29B8F2DF00861CD4 /* Sources */ = {
			isa = PBXSourcesBuildPhase;
			buildActionMask = 2147483647;
			files = (
				17B0DF0F2A5EF1DF00BBF9E6 /* XCTestCase+Snapshot.swift in Sources */,
				1780E78129B9098F00861CD4 /* XCTestCase+MemoryLeakTracking.swift in Sources */,
				173042862A40B27D0017DC9E /* SharedTestHelpers.swift in Sources */,
				17B0DF0D2A5EF17500BBF9E6 /* UIViewController+Snapshot.swift in Sources */,
				17A73E742A5EE93300B6EEB7 /* FeedSnapshotTests.swift in Sources */,
				173042852A40B2680017DC9E /* FeedCacheTestHelpers.swift in Sources */,
				173042842A40ADB40017DC9E /* FeedPresenterTests.swift in Sources */,
				174E69EE2A30D9FC00C9A501 /* FeedLocalizationTests.swift in Sources */,
				178A02A62A5EE630000497B9 /* UIImage+TestHelpers.swift in Sources */,
			);
			runOnlyForDeploymentPostprocessing = 0;
		};
		1780E78329B90C3C00861CD4 /* Sources */ = {
			isa = PBXSourcesBuildPhase;
			buildActionMask = 2147483647;
			files = (
				1780E7B629B90D4300861CD4 /* CoreDataFeedStore.swift in Sources */,
				1780E7A729B90D2B00861CD4 /* RemoteFeedLoader.swift in Sources */,
				175109A82A69C24F008A89B3 /* ImageCommentsMapper.swift in Sources */,
				1780E7A829B90D2B00861CD4 /* HTTPClient.swift in Sources */,
				17B5B01D2A70088D000E4DDA /* RemoteLoader.swift in Sources */,
				1780E7A429B90D2700861CD4 /* FeedLoader.swift in Sources */,
				1730429D2A40C44B0017DC9E /* FeedImageViewModel.swift in Sources */,
				1780E7B429B90D4300861CD4 /* ManagedCache.swift in Sources */,
				171704782A43442D005E1904 /* RemoteFeedImageDataLoader.swift in Sources */,
				1780E7A529B90D2700861CD4 /* FeedImage.swift in Sources */,
				175109AD2A69C553008A89B3 /* ImageComment.swift in Sources */,
				1780E7B729B90D4300861CD4 /* CoreDataHelpers.swift in Sources */,
				1780E7A629B90D2B00861CD4 /* RemoteFeedItem.swift in Sources */,
				174D46932A4CAA0200A7C0BB /* CoreDataFeedStore+FeedStore.swift in Sources */,
				173042932A40B6FA0017DC9E /* FeedViewModel.swift in Sources */,
				1780E7B129B90D3600861CD4 /* FeedStore.swift in Sources */,
				1780E7AA29B90D2B00861CD4 /* FeedItemsMapper.swift in Sources */,
				1780E7B329B90D3F00861CD4 /* FeedStore.xcdatamodeld in Sources */,
				1780E7B229B90D3600861CD4 /* LocalFeedImage.swift in Sources */,
				174D46442A43515100A7C0BB /* FeedImageDataStore.swift in Sources */,
				175539282A58656C0052CF1A /* FeedImageDataCache.swift in Sources */,
				173042902A40B6A80017DC9E /* FeedPresenter.swift in Sources */,
				1780E7AF29B90D3600861CD4 /* LocalFeedLoader.swift in Sources */,
				1717047B2A4349FD005E1904 /* HTTPURLResponse+StatusCode.swift in Sources */,
				1780E7B529B90D4300861CD4 /* ManagedFeedImage.swift in Sources */,
				1780E7A929B90D2B00861CD4 /* URLSessionHTTPClient.swift in Sources */,
				173042972A40B7680017DC9E /* FeedErrorViewModel.swift in Sources */,
				175109AA2A69C274008A89B3 /* RemoteImageCommentsLoader.swift in Sources */,
				171704712A41FDF5005E1904 /* FeedImageDataLoader.swift in Sources */,
				173042952A40B7510017DC9E /* FeedLoadingViewModel.swift in Sources */,
				174D46462A43516800A7C0BB /* LocalFeedImageDataLoader.swift in Sources */,
				174D46912A4C89BC00A7C0BB /* CoreDataFeedStore+FeedImageDataLoader.swift in Sources */,
				1730429B2A40C3F30017DC9E /* FeedImagePresenter.swift in Sources */,
				1755391D2A5861770052CF1A /* FeedCache.swift in Sources */,
				1780E7B029B90D3600861CD4 /* FeedCachePolicy.swift in Sources */,
			);
			runOnlyForDeploymentPostprocessing = 0;
		};
		1780E78A29B90C3C00861CD4 /* Sources */ = {
			isa = PBXSourcesBuildPhase;
			buildActionMask = 2147483647;
			files = (
				1780E7BA29B90D5300861CD4 /* XCTestCase+FailableDeleteFeedStoreSpecs.swift in Sources */,
				1780E7C329B90D6500861CD4 /* CoreDataFeedStoreTests.swift in Sources */,
				1780E7C129B90D6500861CD4 /* LoadFeedFromCacheUseCaseTests.swift in Sources */,
				1780E7B929B90D5300861CD4 /* FeedStoreSpec.swift in Sources */,
				1780E7C529B90D7E00861CD4 /* SharedTestHelpers.swift in Sources */,
				1780E7BC29B90D5300861CD4 /* XCTestCase+FailableRetrieveFeedStoreSpecs.swift in Sources */,
				174D468B2A4C847600A7C0BB /* CacheFeedImageDataUseCaseTests.swift in Sources */,
				1780E7C429B90D7400861CD4 /* XCTestCase+MemoryLeakTracking.swift in Sources */,
				171704762A434394005E1904 /* HTTPClientSpy.swift in Sources */,
				171704732A41FE5D005E1904 /* LoadFeedImageDataFromRemoteUseCaseTests.swift in Sources */,
				1780E7C629B90D8800861CD4 /* URLSessionHTTPClientTests.swift in Sources */,
				1780E7BB29B90D5300861CD4 /* XCTestCase+FailableInsertFeedStoreSpecs.swift in Sources */,
				1780E7C729B90D8800861CD4 /* LoadFeedFromRemoteUseCaseTests.swift in Sources */,
				173042992A40BC610017DC9E /* FeedImagePresenterTests.swift in Sources */,
				1780E7C029B90D6500861CD4 /* ValidateFeedCacheUseCaseTests.swift in Sources */,
				1780E7BF29B90D5F00861CD4 /* FeedStoreSpy.swift in Sources */,
				1717047D2A434A83005E1904 /* URLProtocolStub.swift in Sources */,
				174D46422A434C3400A7C0BB /* LoadFeedImageDataFromCacheUseCaseTests.swift in Sources */,
				1780E7BE29B90D5F00861CD4 /* FeedCacheTestHelpers.swift in Sources */,
				1780E7C229B90D6500861CD4 /* CacheFeedUseCaseTests.swift in Sources */,
				174D46482A4354D200A7C0BB /* FeedImageDataStoreSpy.swift in Sources */,
				17B5B01B2A7007D3000E4DDA /* RemoteLoaderTests.swift in Sources */,
				175109A62A69C1FD008A89B3 /* LoadImageCommentsFromRemoteUseCaseTests.swift in Sources */,
				174D468E2A4C86D800A7C0BB /* CoreDataFeedImageDataStoreTests.swift in Sources */,
				1780E7B829B90D5300861CD4 /* XCTestCase+FeedStoreSpecs.swift in Sources */,
			);
			runOnlyForDeploymentPostprocessing = 0;
		};
/* End PBXSourcesBuildPhase section */

/* Begin PBXTargetDependency section */
		1755393C2A5B59520052CF1A /* PBXTargetDependency */ = {
			isa = PBXTargetDependency;
			target = 1780E78629B90C3C00861CD4 /* FeedComponents */;
			targetProxy = 1755393B2A5B59520052CF1A /* PBXContainerItemProxy */;
		};
		1755393E2A5B59580052CF1A /* PBXTargetDependency */ = {
			isa = PBXTargetDependency;
			target = 1780E78629B90C3C00861CD4 /* FeedComponents */;
			targetProxy = 1755393D2A5B59580052CF1A /* PBXContainerItemProxy */;
		};
		1780E75129B8F2DF00861CD4 /* PBXTargetDependency */ = {
			isa = PBXTargetDependency;
			target = 1780E74629B8F2DF00861CD4 /* FeedAppiOS */;
			targetProxy = 1780E75029B8F2DF00861CD4 /* PBXContainerItemProxy */;
		};
		1780E79129B90C3C00861CD4 /* PBXTargetDependency */ = {
			isa = PBXTargetDependency;
			target = 1780E78629B90C3C00861CD4 /* FeedComponents */;
			targetProxy = 1780E79029B90C3C00861CD4 /* PBXContainerItemProxy */;
		};
/* End PBXTargetDependency section */

/* Begin PBXVariantGroup section */
		173042882A40B5B70017DC9E /* Feed.strings */ = {
			isa = PBXVariantGroup;
			children = (
				173042892A40B5B70017DC9E /* en */,
				1730428A2A40B5B70017DC9E /* pt-BR */,
				1730428B2A40B5B70017DC9E /* el */,
			);
			name = Feed.strings;
			sourceTree = "<group>";
		};
/* End PBXVariantGroup section */

/* Begin XCBuildConfiguration section */
		175DFEB92891B459006E4CB5 /* Debug */ = {
			isa = XCBuildConfiguration;
			buildSettings = {
				ALWAYS_SEARCH_USER_PATHS = NO;
				CLANG_ANALYZER_LOCALIZABILITY_NONLOCALIZED = YES;
				CLANG_ANALYZER_NONNULL = YES;
				CLANG_ANALYZER_NUMBER_OBJECT_CONVERSION = YES_AGGRESSIVE;
				CLANG_CXX_LANGUAGE_STANDARD = "gnu++17";
				CLANG_ENABLE_MODULES = YES;
				CLANG_ENABLE_OBJC_ARC = YES;
				CLANG_ENABLE_OBJC_WEAK = YES;
				CLANG_WARN_BLOCK_CAPTURE_AUTORELEASING = YES;
				CLANG_WARN_BOOL_CONVERSION = YES;
				CLANG_WARN_COMMA = YES;
				CLANG_WARN_CONSTANT_CONVERSION = YES;
				CLANG_WARN_DEPRECATED_OBJC_IMPLEMENTATIONS = YES;
				CLANG_WARN_DIRECT_OBJC_ISA_USAGE = YES_ERROR;
				CLANG_WARN_DOCUMENTATION_COMMENTS = YES;
				CLANG_WARN_EMPTY_BODY = YES;
				CLANG_WARN_ENUM_CONVERSION = YES;
				CLANG_WARN_INFINITE_RECURSION = YES;
				CLANG_WARN_INT_CONVERSION = YES;
				CLANG_WARN_NON_LITERAL_NULL_CONVERSION = YES;
				CLANG_WARN_OBJC_IMPLICIT_RETAIN_SELF = YES;
				CLANG_WARN_OBJC_LITERAL_CONVERSION = YES;
				CLANG_WARN_OBJC_ROOT_CLASS = YES_ERROR;
				CLANG_WARN_QUOTED_INCLUDE_IN_FRAMEWORK_HEADER = YES;
				CLANG_WARN_RANGE_LOOP_ANALYSIS = YES;
				CLANG_WARN_STRICT_PROTOTYPES = YES;
				CLANG_WARN_SUSPICIOUS_MOVE = YES;
				CLANG_WARN_UNGUARDED_AVAILABILITY = YES_AGGRESSIVE;
				CLANG_WARN_UNREACHABLE_CODE = YES;
				CLANG_WARN__DUPLICATE_METHOD_MATCH = YES;
				COPY_PHASE_STRIP = NO;
				DEAD_CODE_STRIPPING = YES;
				DEBUG_INFORMATION_FORMAT = dwarf;
				ENABLE_STRICT_OBJC_MSGSEND = YES;
				ENABLE_TESTABILITY = YES;
				GCC_C_LANGUAGE_STANDARD = gnu11;
				GCC_DYNAMIC_NO_PIC = NO;
				GCC_NO_COMMON_BLOCKS = YES;
				GCC_OPTIMIZATION_LEVEL = 0;
				GCC_PREPROCESSOR_DEFINITIONS = (
					"DEBUG=1",
					"$(inherited)",
				);
				GCC_WARN_64_TO_32_BIT_CONVERSION = YES;
				GCC_WARN_ABOUT_RETURN_TYPE = YES_ERROR;
				GCC_WARN_UNDECLARED_SELECTOR = YES;
				GCC_WARN_UNINITIALIZED_AUTOS = YES_AGGRESSIVE;
				GCC_WARN_UNUSED_FUNCTION = YES;
				GCC_WARN_UNUSED_VARIABLE = YES;
				MACOSX_DEPLOYMENT_TARGET = 12.3;
				MTL_ENABLE_DEBUG_INFO = INCLUDE_SOURCE;
				MTL_FAST_MATH = YES;
				ONLY_ACTIVE_ARCH = YES;
				SDKROOT = macosx;
				SWIFT_ACTIVE_COMPILATION_CONDITIONS = DEBUG;
				SWIFT_OPTIMIZATION_LEVEL = "-Onone";
			};
			name = Debug;
		};
		175DFEBA2891B459006E4CB5 /* Release */ = {
			isa = XCBuildConfiguration;
			buildSettings = {
				ALWAYS_SEARCH_USER_PATHS = NO;
				CLANG_ANALYZER_LOCALIZABILITY_NONLOCALIZED = YES;
				CLANG_ANALYZER_NONNULL = YES;
				CLANG_ANALYZER_NUMBER_OBJECT_CONVERSION = YES_AGGRESSIVE;
				CLANG_CXX_LANGUAGE_STANDARD = "gnu++17";
				CLANG_ENABLE_MODULES = YES;
				CLANG_ENABLE_OBJC_ARC = YES;
				CLANG_ENABLE_OBJC_WEAK = YES;
				CLANG_WARN_BLOCK_CAPTURE_AUTORELEASING = YES;
				CLANG_WARN_BOOL_CONVERSION = YES;
				CLANG_WARN_COMMA = YES;
				CLANG_WARN_CONSTANT_CONVERSION = YES;
				CLANG_WARN_DEPRECATED_OBJC_IMPLEMENTATIONS = YES;
				CLANG_WARN_DIRECT_OBJC_ISA_USAGE = YES_ERROR;
				CLANG_WARN_DOCUMENTATION_COMMENTS = YES;
				CLANG_WARN_EMPTY_BODY = YES;
				CLANG_WARN_ENUM_CONVERSION = YES;
				CLANG_WARN_INFINITE_RECURSION = YES;
				CLANG_WARN_INT_CONVERSION = YES;
				CLANG_WARN_NON_LITERAL_NULL_CONVERSION = YES;
				CLANG_WARN_OBJC_IMPLICIT_RETAIN_SELF = YES;
				CLANG_WARN_OBJC_LITERAL_CONVERSION = YES;
				CLANG_WARN_OBJC_ROOT_CLASS = YES_ERROR;
				CLANG_WARN_QUOTED_INCLUDE_IN_FRAMEWORK_HEADER = YES;
				CLANG_WARN_RANGE_LOOP_ANALYSIS = YES;
				CLANG_WARN_STRICT_PROTOTYPES = YES;
				CLANG_WARN_SUSPICIOUS_MOVE = YES;
				CLANG_WARN_UNGUARDED_AVAILABILITY = YES_AGGRESSIVE;
				CLANG_WARN_UNREACHABLE_CODE = YES;
				CLANG_WARN__DUPLICATE_METHOD_MATCH = YES;
				COPY_PHASE_STRIP = NO;
				DEAD_CODE_STRIPPING = YES;
				DEBUG_INFORMATION_FORMAT = "dwarf-with-dsym";
				ENABLE_NS_ASSERTIONS = NO;
				ENABLE_STRICT_OBJC_MSGSEND = YES;
				GCC_C_LANGUAGE_STANDARD = gnu11;
				GCC_NO_COMMON_BLOCKS = YES;
				GCC_WARN_64_TO_32_BIT_CONVERSION = YES;
				GCC_WARN_ABOUT_RETURN_TYPE = YES_ERROR;
				GCC_WARN_UNDECLARED_SELECTOR = YES;
				GCC_WARN_UNINITIALIZED_AUTOS = YES_AGGRESSIVE;
				GCC_WARN_UNUSED_FUNCTION = YES;
				GCC_WARN_UNUSED_VARIABLE = YES;
				MACOSX_DEPLOYMENT_TARGET = 12.3;
				MTL_ENABLE_DEBUG_INFO = NO;
				MTL_FAST_MATH = YES;
				SDKROOT = macosx;
				SWIFT_COMPILATION_MODE = wholemodule;
				SWIFT_OPTIMIZATION_LEVEL = "-O";
			};
			name = Release;
		};
		177CDED52970B2CA00D74391 /* Debug */ = {
			isa = XCBuildConfiguration;
			buildSettings = {
				CLANG_CXX_LANGUAGE_STANDARD = "gnu++20";
				CODE_SIGN_IDENTITY = "Apple Development";
				"CODE_SIGN_IDENTITY[sdk=macosx*]" = "Apple Development";
				CODE_SIGN_STYLE = Automatic;
				CURRENT_PROJECT_VERSION = 1;
				DEAD_CODE_STRIPPING = YES;
				DEVELOPMENT_TEAM = W5SMVQ4M6D;
				GENERATE_INFOPLIST_FILE = YES;
				INFOPLIST_FILE = FeedComponentsAPIEndToEndTests/Info.plist;
				INFOPLIST_KEY_LSApplicationCategoryType = "";
				MACOSX_DEPLOYMENT_TARGET = 13.0;
				MARKETING_VERSION = 1.0;
				PRODUCT_BUNDLE_IDENTIFIER = DaveedBalcher.FeedComponentsAPIEndToEndTests;
				PRODUCT_NAME = "$(TARGET_NAME)";
				PROVISIONING_PROFILE_SPECIFIER = "";
				SUPPORTED_PLATFORMS = "macosx iphonesimulator iphoneos";
				SWIFT_EMIT_LOC_STRINGS = NO;
				SWIFT_VERSION = 5.0;
			};
			name = Debug;
		};
		177CDED62970B2CA00D74391 /* Release */ = {
			isa = XCBuildConfiguration;
			buildSettings = {
				CLANG_CXX_LANGUAGE_STANDARD = "gnu++20";
				CODE_SIGN_IDENTITY = "Apple Development";
				"CODE_SIGN_IDENTITY[sdk=macosx*]" = "Apple Development";
				CODE_SIGN_STYLE = Automatic;
				CURRENT_PROJECT_VERSION = 1;
				DEAD_CODE_STRIPPING = YES;
				DEVELOPMENT_TEAM = W5SMVQ4M6D;
				GENERATE_INFOPLIST_FILE = YES;
				INFOPLIST_FILE = FeedComponentsAPIEndToEndTests/Info.plist;
				INFOPLIST_KEY_LSApplicationCategoryType = "";
				MACOSX_DEPLOYMENT_TARGET = 13.0;
				MARKETING_VERSION = 1.0;
				PRODUCT_BUNDLE_IDENTIFIER = DaveedBalcher.FeedComponentsAPIEndToEndTests;
				PRODUCT_NAME = "$(TARGET_NAME)";
				PROVISIONING_PROFILE_SPECIFIER = "";
				SUPPORTED_PLATFORMS = "macosx iphonesimulator iphoneos";
				SWIFT_EMIT_LOC_STRINGS = NO;
				SWIFT_VERSION = 5.0;
			};
			name = Release;
		};
		1780E71C29B6AAD200861CD4 /* Debug */ = {
			isa = XCBuildConfiguration;
			buildSettings = {
				CLANG_CXX_LANGUAGE_STANDARD = "gnu++20";
				CODE_SIGN_STYLE = Automatic;
				CURRENT_PROJECT_VERSION = 1;
				DEVELOPMENT_TEAM = W5SMVQ4M6D;
				GENERATE_INFOPLIST_FILE = YES;
				MACOSX_DEPLOYMENT_TARGET = 13.0;
				MARKETING_VERSION = 1.0;
				PRODUCT_BUNDLE_IDENTIFIER = DaveedBalcher.FeedComponentsCacheIntegrationTests;
				PRODUCT_NAME = "$(TARGET_NAME)";
				SUPPORTED_PLATFORMS = "macosx iphonesimulator iphoneos";
				SWIFT_EMIT_LOC_STRINGS = NO;
				SWIFT_VERSION = 5.0;
			};
			name = Debug;
		};
		1780E71D29B6AAD200861CD4 /* Release */ = {
			isa = XCBuildConfiguration;
			buildSettings = {
				CLANG_CXX_LANGUAGE_STANDARD = "gnu++20";
				CODE_SIGN_STYLE = Automatic;
				CURRENT_PROJECT_VERSION = 1;
				DEVELOPMENT_TEAM = W5SMVQ4M6D;
				GENERATE_INFOPLIST_FILE = YES;
				MACOSX_DEPLOYMENT_TARGET = 13.0;
				MARKETING_VERSION = 1.0;
				PRODUCT_BUNDLE_IDENTIFIER = DaveedBalcher.FeedComponentsCacheIntegrationTests;
				PRODUCT_NAME = "$(TARGET_NAME)";
				SUPPORTED_PLATFORMS = "macosx iphonesimulator iphoneos";
				SWIFT_EMIT_LOC_STRINGS = NO;
				SWIFT_VERSION = 5.0;
			};
			name = Release;
		};
		1780E75729B8F2DF00861CD4 /* Debug */ = {
			isa = XCBuildConfiguration;
			buildSettings = {
				CLANG_CXX_LANGUAGE_STANDARD = "gnu++20";
				CLANG_ENABLE_MODULES = YES;
				CODE_SIGN_STYLE = Automatic;
				CURRENT_PROJECT_VERSION = 1;
				DEFINES_MODULE = YES;
				DEVELOPMENT_TEAM = W5SMVQ4M6D;
				DYLIB_COMPATIBILITY_VERSION = 1;
				DYLIB_CURRENT_VERSION = 1;
				DYLIB_INSTALL_NAME_BASE = "@rpath";
				GENERATE_INFOPLIST_FILE = YES;
				INFOPLIST_KEY_NSHumanReadableCopyright = "";
				INSTALL_PATH = "$(LOCAL_LIBRARY_DIR)/Frameworks";
				IPHONEOS_DEPLOYMENT_TARGET = 16.2;
				LD_RUNPATH_SEARCH_PATHS = (
					"$(inherited)",
					"@executable_path/Frameworks",
				);
				MARKETING_VERSION = 1.0;
				PRODUCT_BUNDLE_IDENTIFIER = DaveedBalcher.FeedAppiOS;
				PRODUCT_NAME = "$(TARGET_NAME:c99extidentifier)";
				SDKROOT = iphoneos;
				SKIP_INSTALL = YES;
				SWIFT_EMIT_LOC_STRINGS = YES;
				SWIFT_OPTIMIZATION_LEVEL = "-Onone";
				SWIFT_VERSION = 5.0;
				TARGETED_DEVICE_FAMILY = "1,2";
				TEST_HOST = "$(BUILT_PRODUCTS_DIR)/FeedApp.app/FeedApp";
				VERSIONING_SYSTEM = "apple-generic";
				VERSION_INFO_PREFIX = "";
			};
			name = Debug;
		};
		1780E75829B8F2DF00861CD4 /* Release */ = {
			isa = XCBuildConfiguration;
			buildSettings = {
				CLANG_CXX_LANGUAGE_STANDARD = "gnu++20";
				CLANG_ENABLE_MODULES = YES;
				CODE_SIGN_STYLE = Automatic;
				CURRENT_PROJECT_VERSION = 1;
				DEFINES_MODULE = YES;
				DEVELOPMENT_TEAM = W5SMVQ4M6D;
				DYLIB_COMPATIBILITY_VERSION = 1;
				DYLIB_CURRENT_VERSION = 1;
				DYLIB_INSTALL_NAME_BASE = "@rpath";
				GENERATE_INFOPLIST_FILE = YES;
				INFOPLIST_KEY_NSHumanReadableCopyright = "";
				INSTALL_PATH = "$(LOCAL_LIBRARY_DIR)/Frameworks";
				IPHONEOS_DEPLOYMENT_TARGET = 16.2;
				LD_RUNPATH_SEARCH_PATHS = (
					"$(inherited)",
					"@executable_path/Frameworks",
				);
				MARKETING_VERSION = 1.0;
				PRODUCT_BUNDLE_IDENTIFIER = DaveedBalcher.FeedAppiOS;
				PRODUCT_NAME = "$(TARGET_NAME:c99extidentifier)";
				SDKROOT = iphoneos;
				SKIP_INSTALL = YES;
				SWIFT_EMIT_LOC_STRINGS = YES;
				SWIFT_VERSION = 5.0;
				TARGETED_DEVICE_FAMILY = "1,2";
				TEST_HOST = "$(BUILT_PRODUCTS_DIR)/FeedApp.app/FeedApp";
				VALIDATE_PRODUCT = YES;
				VERSIONING_SYSTEM = "apple-generic";
				VERSION_INFO_PREFIX = "";
			};
			name = Release;
		};
		1780E75A29B8F2DF00861CD4 /* Debug */ = {
			isa = XCBuildConfiguration;
			buildSettings = {
				ALWAYS_EMBED_SWIFT_STANDARD_LIBRARIES = YES;
				CLANG_CXX_LANGUAGE_STANDARD = "gnu++20";
				CLANG_ENABLE_MODULES = YES;
				CODE_SIGN_STYLE = Automatic;
				CURRENT_PROJECT_VERSION = 1;
				DEVELOPMENT_TEAM = W5SMVQ4M6D;
				GENERATE_INFOPLIST_FILE = YES;
				IPHONEOS_DEPLOYMENT_TARGET = 16.2;
				LD_RUNPATH_SEARCH_PATHS = (
					"$(inherited)",
					"@executable_path/Frameworks",
					"@loader_path/Frameworks",
				);
				MARKETING_VERSION = 1.0;
				PRODUCT_BUNDLE_IDENTIFIER = DaveedBalcher.FeedAppiOSTests;
				PRODUCT_NAME = "$(TARGET_NAME)";
				SDKROOT = iphoneos;
				SWIFT_EMIT_LOC_STRINGS = NO;
				SWIFT_OPTIMIZATION_LEVEL = "-Onone";
				SWIFT_VERSION = 5.0;
				TARGETED_DEVICE_FAMILY = "1,2";
				TEST_HOST = "";
			};
			name = Debug;
		};
		1780E75B29B8F2DF00861CD4 /* Release */ = {
			isa = XCBuildConfiguration;
			buildSettings = {
				ALWAYS_EMBED_SWIFT_STANDARD_LIBRARIES = YES;
				CLANG_CXX_LANGUAGE_STANDARD = "gnu++20";
				CLANG_ENABLE_MODULES = YES;
				CODE_SIGN_STYLE = Automatic;
				CURRENT_PROJECT_VERSION = 1;
				DEVELOPMENT_TEAM = W5SMVQ4M6D;
				GENERATE_INFOPLIST_FILE = YES;
				IPHONEOS_DEPLOYMENT_TARGET = 16.2;
				LD_RUNPATH_SEARCH_PATHS = (
					"$(inherited)",
					"@executable_path/Frameworks",
					"@loader_path/Frameworks",
				);
				MARKETING_VERSION = 1.0;
				PRODUCT_BUNDLE_IDENTIFIER = DaveedBalcher.FeedAppiOSTests;
				PRODUCT_NAME = "$(TARGET_NAME)";
				SDKROOT = iphoneos;
				SWIFT_EMIT_LOC_STRINGS = NO;
				SWIFT_VERSION = 5.0;
				TARGETED_DEVICE_FAMILY = "1,2";
				TEST_HOST = "";
				VALIDATE_PRODUCT = YES;
			};
			name = Release;
		};
		1780E79D29B90C3C00861CD4 /* Debug */ = {
			isa = XCBuildConfiguration;
			buildSettings = {
				CLANG_CXX_LANGUAGE_STANDARD = "gnu++20";
				CODE_SIGN_IDENTITY = "Apple Development";
				"CODE_SIGN_IDENTITY[sdk=macosx*]" = "Apple Development";
				CODE_SIGN_STYLE = Automatic;
				CURRENT_PROJECT_VERSION = 1;
				DEFINES_MODULE = YES;
				DEVELOPMENT_TEAM = W5SMVQ4M6D;
				DYLIB_COMPATIBILITY_VERSION = 1;
				DYLIB_CURRENT_VERSION = 1;
				DYLIB_INSTALL_NAME_BASE = "@rpath";
				GENERATE_INFOPLIST_FILE = YES;
				INFOPLIST_KEY_NSHumanReadableCopyright = "";
				INSTALL_PATH = "$(LOCAL_LIBRARY_DIR)/Frameworks";
				IPHONEOS_DEPLOYMENT_TARGET = 16.2;
				LD_RUNPATH_SEARCH_PATHS = (
					"$(inherited)",
					"@executable_path/Frameworks",
				);
				MARKETING_VERSION = 1.0;
				PRODUCT_BUNDLE_IDENTIFIER = DaveedBalcher.FeedComponents;
				PRODUCT_NAME = "$(TARGET_NAME:c99extidentifier)";
				SDKROOT = iphoneos;
				SKIP_INSTALL = YES;
				SUPPORTED_PLATFORMS = "macosx iphoneos iphonesimulator";
				SUPPORTS_MACCATALYST = NO;
				SUPPORTS_MAC_DESIGNED_FOR_IPHONE_IPAD = NO;
				SWIFT_EMIT_LOC_STRINGS = YES;
				SWIFT_VERSION = 5.0;
				TEST_HOST = "$(BUILT_PRODUCTS_DIR)/FeedApp.app/FeedApp";
				VERSIONING_SYSTEM = "apple-generic";
				VERSION_INFO_PREFIX = "";
			};
			name = Debug;
		};
		1780E79E29B90C3C00861CD4 /* Release */ = {
			isa = XCBuildConfiguration;
			buildSettings = {
				CLANG_CXX_LANGUAGE_STANDARD = "gnu++20";
				CODE_SIGN_IDENTITY = "Apple Development";
				"CODE_SIGN_IDENTITY[sdk=macosx*]" = "Apple Development";
				CODE_SIGN_STYLE = Automatic;
				CURRENT_PROJECT_VERSION = 1;
				DEFINES_MODULE = YES;
				DEVELOPMENT_TEAM = W5SMVQ4M6D;
				DYLIB_COMPATIBILITY_VERSION = 1;
				DYLIB_CURRENT_VERSION = 1;
				DYLIB_INSTALL_NAME_BASE = "@rpath";
				GENERATE_INFOPLIST_FILE = YES;
				INFOPLIST_KEY_NSHumanReadableCopyright = "";
				INSTALL_PATH = "$(LOCAL_LIBRARY_DIR)/Frameworks";
				IPHONEOS_DEPLOYMENT_TARGET = 16.2;
				LD_RUNPATH_SEARCH_PATHS = (
					"$(inherited)",
					"@executable_path/Frameworks",
				);
				MARKETING_VERSION = 1.0;
				PRODUCT_BUNDLE_IDENTIFIER = DaveedBalcher.FeedComponents;
				PRODUCT_NAME = "$(TARGET_NAME:c99extidentifier)";
				SDKROOT = iphoneos;
				SKIP_INSTALL = YES;
				SUPPORTED_PLATFORMS = "macosx iphoneos iphonesimulator";
				SUPPORTS_MACCATALYST = NO;
				SUPPORTS_MAC_DESIGNED_FOR_IPHONE_IPAD = NO;
				SWIFT_EMIT_LOC_STRINGS = YES;
				SWIFT_VERSION = 5.0;
				TEST_HOST = "$(BUILT_PRODUCTS_DIR)/FeedApp.app/FeedApp";
				VALIDATE_PRODUCT = YES;
				VERSIONING_SYSTEM = "apple-generic";
				VERSION_INFO_PREFIX = "";
			};
			name = Release;
		};
		1780E7A129B90C3C00861CD4 /* Debug */ = {
			isa = XCBuildConfiguration;
			buildSettings = {
				BUNDLE_LOADER = "";
				CLANG_CXX_LANGUAGE_STANDARD = "gnu++20";
				CODE_SIGN_STYLE = Automatic;
				CURRENT_PROJECT_VERSION = 1;
				DEVELOPMENT_TEAM = W5SMVQ4M6D;
				GENERATE_INFOPLIST_FILE = YES;
				IPHONEOS_DEPLOYMENT_TARGET = 16.2;
				MACOSX_DEPLOYMENT_TARGET = 13.0;
				MARKETING_VERSION = 1.0;
				PRODUCT_BUNDLE_IDENTIFIER = DaveedBalcher.FeedComponentsTests;
				PRODUCT_NAME = "$(TARGET_NAME)";
				SDKROOT = iphoneos;
				SUPPORTED_PLATFORMS = "macosx iphoneos iphonesimulator";
				SUPPORTS_MACCATALYST = NO;
				SUPPORTS_MAC_DESIGNED_FOR_IPHONE_IPAD = NO;
				SWIFT_EMIT_LOC_STRINGS = NO;
				SWIFT_VERSION = 5.0;
				TEST_HOST = "";
			};
			name = Debug;
		};
		1780E7A229B90C3C00861CD4 /* Release */ = {
			isa = XCBuildConfiguration;
			buildSettings = {
				BUNDLE_LOADER = "";
				CLANG_CXX_LANGUAGE_STANDARD = "gnu++20";
				CODE_SIGN_STYLE = Automatic;
				CURRENT_PROJECT_VERSION = 1;
				DEVELOPMENT_TEAM = W5SMVQ4M6D;
				GENERATE_INFOPLIST_FILE = YES;
				IPHONEOS_DEPLOYMENT_TARGET = 16.2;
				MACOSX_DEPLOYMENT_TARGET = 13.0;
				MARKETING_VERSION = 1.0;
				PRODUCT_BUNDLE_IDENTIFIER = DaveedBalcher.FeedComponentsTests;
				PRODUCT_NAME = "$(TARGET_NAME)";
				SDKROOT = iphoneos;
				SUPPORTED_PLATFORMS = "macosx iphoneos iphonesimulator";
				SUPPORTS_MACCATALYST = NO;
				SUPPORTS_MAC_DESIGNED_FOR_IPHONE_IPAD = NO;
				SWIFT_EMIT_LOC_STRINGS = NO;
				SWIFT_VERSION = 5.0;
				TEST_HOST = "";
				VALIDATE_PRODUCT = YES;
			};
			name = Release;
		};
/* End XCBuildConfiguration section */

/* Begin XCConfigurationList section */
		175DFE912891B459006E4CB5 /* Build configuration list for PBXProject "FeedApp" */ = {
			isa = XCConfigurationList;
			buildConfigurations = (
				175DFEB92891B459006E4CB5 /* Debug */,
				175DFEBA2891B459006E4CB5 /* Release */,
			);
			defaultConfigurationIsVisible = 0;
			defaultConfigurationName = Release;
		};
		177CDED42970B2CA00D74391 /* Build configuration list for PBXNativeTarget "FeedComponentsAPIEndToEndTests" */ = {
			isa = XCConfigurationList;
			buildConfigurations = (
				177CDED52970B2CA00D74391 /* Debug */,
				177CDED62970B2CA00D74391 /* Release */,
			);
			defaultConfigurationIsVisible = 0;
			defaultConfigurationName = Release;
		};
		1780E71B29B6AAD200861CD4 /* Build configuration list for PBXNativeTarget "FeedComponentsCacheIntegrationTests" */ = {
			isa = XCConfigurationList;
			buildConfigurations = (
				1780E71C29B6AAD200861CD4 /* Debug */,
				1780E71D29B6AAD200861CD4 /* Release */,
			);
			defaultConfigurationIsVisible = 0;
			defaultConfigurationName = Release;
		};
		1780E75629B8F2DF00861CD4 /* Build configuration list for PBXNativeTarget "FeedAppiOS" */ = {
			isa = XCConfigurationList;
			buildConfigurations = (
				1780E75729B8F2DF00861CD4 /* Debug */,
				1780E75829B8F2DF00861CD4 /* Release */,
			);
			defaultConfigurationIsVisible = 0;
			defaultConfigurationName = Release;
		};
		1780E75929B8F2DF00861CD4 /* Build configuration list for PBXNativeTarget "FeedAppiOSTests" */ = {
			isa = XCConfigurationList;
			buildConfigurations = (
				1780E75A29B8F2DF00861CD4 /* Debug */,
				1780E75B29B8F2DF00861CD4 /* Release */,
			);
			defaultConfigurationIsVisible = 0;
			defaultConfigurationName = Release;
		};
		1780E79C29B90C3C00861CD4 /* Build configuration list for PBXNativeTarget "FeedComponents" */ = {
			isa = XCConfigurationList;
			buildConfigurations = (
				1780E79D29B90C3C00861CD4 /* Debug */,
				1780E79E29B90C3C00861CD4 /* Release */,
			);
			defaultConfigurationIsVisible = 0;
			defaultConfigurationName = Release;
		};
		1780E7A029B90C3C00861CD4 /* Build configuration list for PBXNativeTarget "FeedComponentsTests" */ = {
			isa = XCConfigurationList;
			buildConfigurations = (
				1780E7A129B90C3C00861CD4 /* Debug */,
				1780E7A229B90C3C00861CD4 /* Release */,
			);
			defaultConfigurationIsVisible = 0;
			defaultConfigurationName = Release;
		};
/* End XCConfigurationList section */

/* Begin XCVersionGroup section */
		174145A729B508CC00C53533 /* FeedStore.xcdatamodeld */ = {
			isa = XCVersionGroup;
			children = (
				174D468F2A4C896300A7C0BB /* FeedStore 2.xcdatamodel */,
				174145A829B508CC00C53533 /* FeedStore.xcdatamodel */,
			);
			currentVersion = 174D468F2A4C896300A7C0BB /* FeedStore 2.xcdatamodel */;
			path = FeedStore.xcdatamodeld;
			sourceTree = "<group>";
			versionGroupType = wrapper.xcdatamodel;
		};
/* End XCVersionGroup section */
	};
	rootObject = 175DFE8E2891B459006E4CB5 /* Project object */;
}
